// !$*UTF8*$!
{
	archiveVersion = 1;
	classes = {
	};
	objectVersion = 60;
	objects = {

/* Begin PBXBuildFile section */
		1B158DD82BDF38A1005AC00E /* StarView.swift in Sources */ = {isa = PBXBuildFile; fileRef = 1B158DD72BDF38A1005AC00E /* StarView.swift */; };
		1B158DDA2BDF38B7005AC00E /* ArticleLikeView.swift in Sources */ = {isa = PBXBuildFile; fileRef = 1B158DD92BDF38B7005AC00E /* ArticleLikeView.swift */; };
		1B158DFC2BDF38CB005AC00E /* LayerEditView.swift in Sources */ = {isa = PBXBuildFile; fileRef = 1B158DDB2BDF38CA005AC00E /* LayerEditView.swift */; };
		1B158DFD2BDF38CB005AC00E /* TimeLineReplyView.swift in Sources */ = {isa = PBXBuildFile; fileRef = 1B158DDC2BDF38CA005AC00E /* TimeLineReplyView.swift */; };
		1B158DFE2BDF38CB005AC00E /* SigninView.swift in Sources */ = {isa = PBXBuildFile; fileRef = 1B158DDD2BDF38CA005AC00E /* SigninView.swift */; };
		1B158DFF2BDF38CB005AC00E /* LikeArtListView.swift in Sources */ = {isa = PBXBuildFile; fileRef = 1B158DDE2BDF38CA005AC00E /* LikeArtListView.swift */; };
		1B158E002BDF38CB005AC00E /* TimeLineTabView.swift in Sources */ = {isa = PBXBuildFile; fileRef = 1B158DDF2BDF38CA005AC00E /* TimeLineTabView.swift */; };
		1B158E012BDF38CB005AC00E /* InAppPurchesView.swift in Sources */ = {isa = PBXBuildFile; fileRef = 1B158DE02BDF38CA005AC00E /* InAppPurchesView.swift */; };
		1B158E022BDF38CB005AC00E /* SidebarMenuView.swift in Sources */ = {isa = PBXBuildFile; fileRef = 1B158DE12BDF38CA005AC00E /* SidebarMenuView.swift */; };
		1B158E032BDF38CB005AC00E /* TimeLineView.swift in Sources */ = {isa = PBXBuildFile; fileRef = 1B158DE22BDF38CA005AC00E /* TimeLineView.swift */; };
		1B158E042BDF38CB005AC00E /* LikePeopleListView.swift in Sources */ = {isa = PBXBuildFile; fileRef = 1B158DE32BDF38CA005AC00E /* LikePeopleListView.swift */; };
		1B158E052BDF38CB005AC00E /* LoadView.swift in Sources */ = {isa = PBXBuildFile; fileRef = 1B158DE42BDF38CA005AC00E /* LoadView.swift */; };
		1B158E062BDF38CB005AC00E /* PaletteView.swift in Sources */ = {isa = PBXBuildFile; fileRef = 1B158DE52BDF38CA005AC00E /* PaletteView.swift */; };
		1B158E072BDF38CB005AC00E /* ReplyListView.swift in Sources */ = {isa = PBXBuildFile; fileRef = 1B158DE62BDF38CA005AC00E /* ReplyListView.swift */; };
		1B158E082BDF38CB005AC00E /* ArrowToolView.swift in Sources */ = {isa = PBXBuildFile; fileRef = 1B158DE72BDF38CA005AC00E /* ArrowToolView.swift */; };
		1B158E092BDF38CB005AC00E /* PhotoPicker.swift in Sources */ = {isa = PBXBuildFile; fileRef = 1B158DE82BDF38CA005AC00E /* PhotoPicker.swift */; };
		1B158E0A2BDF38CB005AC00E /* ProfileView.swift in Sources */ = {isa = PBXBuildFile; fileRef = 1B158DE92BDF38CA005AC00E /* ProfileView.swift */; };
		1B158E0B2BDF38CB005AC00E /* CanvasView.swift in Sources */ = {isa = PBXBuildFile; fileRef = 1B158DEA2BDF38CA005AC00E /* CanvasView.swift */; };
		1B158E0C2BDF38CB005AC00E /* ArtListView.swift in Sources */ = {isa = PBXBuildFile; fileRef = 1B158DEB2BDF38CA005AC00E /* ArtListView.swift */; };
		1B158E0D2BDF38CB005AC00E /* ColorPresetView.swift in Sources */ = {isa = PBXBuildFile; fileRef = 1B158DEC2BDF38CA005AC00E /* ColorPresetView.swift */; };
		1B158E0E2BDF38CB005AC00E /* PixelDrawView.swift in Sources */ = {isa = PBXBuildFile; fileRef = 1B158DED2BDF38CA005AC00E /* PixelDrawView.swift */; };
		1B158E0F2BDF38CB005AC00E /* ReplyView.swift in Sources */ = {isa = PBXBuildFile; fileRef = 1B158DEE2BDF38CA005AC00E /* ReplyView.swift */; };
		1B158E102BDF38CB005AC00E /* DrawingToolView.swift in Sources */ = {isa = PBXBuildFile; fileRef = 1B158DEF2BDF38CA005AC00E /* DrawingToolView.swift */; };
		1B158E112BDF38CB005AC00E /* OrangeTextView.swift in Sources */ = {isa = PBXBuildFile; fileRef = 1B158DF02BDF38CA005AC00E /* OrangeTextView.swift */; };
		1B158E122BDF38CB005AC00E /* ProgressView.swift in Sources */ = {isa = PBXBuildFile; fileRef = 1B158DF12BDF38CB005AC00E /* ProgressView.swift */; };
		1B158E132BDF38CB005AC00E /* ActivityIndicator.swift in Sources */ = {isa = PBXBuildFile; fileRef = 1B158DF22BDF38CB005AC00E /* ActivityIndicator.swift */; };
		1B158E142BDF38CB005AC00E /* PublicShareListView.swift in Sources */ = {isa = PBXBuildFile; fileRef = 1B158DF32BDF38CB005AC00E /* PublicShareListView.swift */; };
		1B158E152BDF38CB005AC00E /* SaveView.swift in Sources */ = {isa = PBXBuildFile; fileRef = 1B158DF42BDF38CB005AC00E /* SaveView.swift */; };
		1B158E162BDF38CB005AC00E /* LayerToolView.swift in Sources */ = {isa = PBXBuildFile; fileRef = 1B158DF52BDF38CB005AC00E /* LayerToolView.swift */; };
		1B158E172BDF38CB005AC00E /* TagView.swift in Sources */ = {isa = PBXBuildFile; fileRef = 1B158DF62BDF38CB005AC00E /* TagView.swift */; };
		1B158E182BDF38CB005AC00E /* SideMenuView.swift in Sources */ = {isa = PBXBuildFile; fileRef = 1B158DF72BDF38CB005AC00E /* SideMenuView.swift */; };
		1B158E192BDF38CB005AC00E /* NewCanvasView.swift in Sources */ = {isa = PBXBuildFile; fileRef = 1B158DF82BDF38CB005AC00E /* NewCanvasView.swift */; };
		1B158E1A2BDF38CB005AC00E /* FSImageView.swift in Sources */ = {isa = PBXBuildFile; fileRef = 1B158DF92BDF38CB005AC00E /* FSImageView.swift */; };
		1B158E1B2BDF38CB005AC00E /* LabelTextView.swift in Sources */ = {isa = PBXBuildFile; fileRef = 1B158DFA2BDF38CB005AC00E /* LabelTextView.swift */; };
		1B158E1C2BDF38CB005AC00E /* PixelArtDetailView.swift in Sources */ = {isa = PBXBuildFile; fileRef = 1B158DFB2BDF38CB005AC00E /* PixelArtDetailView.swift */; };
		1B158E1F2BDF3B9B005AC00E /* SDWebImageSwiftUI in Frameworks */ = {isa = PBXBuildFile; productRef = 1B158E1E2BDF3B9B005AC00E /* SDWebImageSwiftUI */; };
		1B158E212BDF3BB4005AC00E /* SDWebImageSwiftUI in Frameworks */ = {isa = PBXBuildFile; productRef = 1B158E202BDF3BB4005AC00E /* SDWebImageSwiftUI */; };
		1B158E232BDF3C04005AC00E /* Utill.swift in Sources */ = {isa = PBXBuildFile; fileRef = 1B158E222BDF3C04005AC00E /* Utill.swift */; };
		1B158E252BDF3C51005AC00E /* DimLoadingViewController.swift in Sources */ = {isa = PBXBuildFile; fileRef = 1B158E242BDF3C51005AC00E /* DimLoadingViewController.swift */; };
		1B158E272BDF5966005AC00E /* InternetConnectionStateView.swift in Sources */ = {isa = PBXBuildFile; fileRef = 1B158E262BDF5966005AC00E /* InternetConnectionStateView.swift */; };
		1B368E022BD79C1500E10464 /* AppGroup.swift in Sources */ = {isa = PBXBuildFile; fileRef = 1B368E002BD79C1500E10464 /* AppGroup.swift */; };
		1B368E032BD79C1500E10464 /* AppGroup.swift in Sources */ = {isa = PBXBuildFile; fileRef = 1B368E002BD79C1500E10464 /* AppGroup.swift */; };
		1B368E042BD79C1500E10464 /* CommonConsts.swift in Sources */ = {isa = PBXBuildFile; fileRef = 1B368E012BD79C1500E10464 /* CommonConsts.swift */; };
		1B368E052BD79C1500E10464 /* CommonConsts.swift in Sources */ = {isa = PBXBuildFile; fileRef = 1B368E012BD79C1500E10464 /* CommonConsts.swift */; };
		1B368E072BD79CAB00E10464 /* HTML in Resources */ = {isa = PBXBuildFile; fileRef = 1B368E062BD79CAB00E10464 /* HTML */; };
		1B368E082BD79CAB00E10464 /* HTML in Resources */ = {isa = PBXBuildFile; fileRef = 1B368E062BD79CAB00E10464 /* HTML */; };
		1B368E0E2BD79EBE00E10464 /* Localizable.xcstrings in Resources */ = {isa = PBXBuildFile; fileRef = 1B368E0D2BD79EBE00E10464 /* Localizable.xcstrings */; };
		1B368E0F2BD79EBE00E10464 /* Localizable.xcstrings in Resources */ = {isa = PBXBuildFile; fileRef = 1B368E0D2BD79EBE00E10464 /* Localizable.xcstrings */; };
		1B368E112BD7A1D000E10464 /* WebView.swift in Sources */ = {isa = PBXBuildFile; fileRef = 1B368E102BD7A1D000E10464 /* WebView.swift */; };
		1B368E132BD7A22D00E10464 /* SettingView.swift in Sources */ = {isa = PBXBuildFile; fileRef = 1B368E122BD7A22D00E10464 /* SettingView.swift */; };
		1B368E152BD7A25000E10464 /* AppInfomationView.swift in Sources */ = {isa = PBXBuildFile; fileRef = 1B368E142BD7A25000E10464 /* AppInfomationView.swift */; };
		1B368E272BD7A4B900E10464 /* Binding+Extensions.swift in Sources */ = {isa = PBXBuildFile; fileRef = 1B368E1A2BD7A4B900E10464 /* Binding+Extensions.swift */; };
		1B368E282BD7A4B900E10464 /* CGSize+Extensions.swift in Sources */ = {isa = PBXBuildFile; fileRef = 1B368E1B2BD7A4B900E10464 /* CGSize+Extensions.swift */; };
		1B368E292BD7A4B900E10464 /* Character+Extensions.swift in Sources */ = {isa = PBXBuildFile; fileRef = 1B368E1C2BD7A4B900E10464 /* Character+Extensions.swift */; };
		1B368E2A2BD7A4B900E10464 /* Color+Extensions.swift in Sources */ = {isa = PBXBuildFile; fileRef = 1B368E1D2BD7A4B900E10464 /* Color+Extensions.swift */; };
		1B368E2B2BD7A4B900E10464 /* Float+Extensions.swift in Sources */ = {isa = PBXBuildFile; fileRef = 1B368E1E2BD7A4B900E10464 /* Float+Extensions.swift */; };
		1B368E2C2BD7A4B900E10464 /* Image+Extensions.swift in Sources */ = {isa = PBXBuildFile; fileRef = 1B368E1F2BD7A4B900E10464 /* Image+Extensions.swift */; };
		1B368E2D2BD7A4B900E10464 /* Text+Extensions.swift in Sources */ = {isa = PBXBuildFile; fileRef = 1B368E202BD7A4B900E10464 /* Text+Extensions.swift */; };
		1B368E2E2BD7A4B900E10464 /* UIApplication+Extensions.swift in Sources */ = {isa = PBXBuildFile; fileRef = 1B368E212BD7A4B900E10464 /* UIApplication+Extensions.swift */; };
		1B368E2F2BD7A4B900E10464 /* UIImage+Extensions.swift in Sources */ = {isa = PBXBuildFile; fileRef = 1B368E222BD7A4B900E10464 /* UIImage+Extensions.swift */; };
		1B368E302BD7A4B900E10464 /* UIScreen+Extensions.swift in Sources */ = {isa = PBXBuildFile; fileRef = 1B368E232BD7A4B900E10464 /* UIScreen+Extensions.swift */; };
		1B368E392BD7A5E000E10464 /* UserDefault+Extensions.swift in Sources */ = {isa = PBXBuildFile; fileRef = 1B368E382BD7A5E000E10464 /* UserDefault+Extensions.swift */; };
		1B368E3C2BD7A68E00E10464 /* ListType.swift in Sources */ = {isa = PBXBuildFile; fileRef = 1B368E3B2BD7A68E00E10464 /* ListType.swift */; };
		1B368E402BD7ACCA00E10464 /* ImageLabel.swift in Sources */ = {isa = PBXBuildFile; fileRef = 1B368E3F2BD7ACCA00E10464 /* ImageLabel.swift */; };
		1B459DAD2BE4A2B0008E7A3A /* UnifiedNativeAdView.xib in Resources */ = {isa = PBXBuildFile; fileRef = 1B459DAC2BE4A2B0008E7A3A /* UnifiedNativeAdView.xib */; };
		1B5AB6512BD9F65900786342 /* Alamofire in Frameworks */ = {isa = PBXBuildFile; productRef = 1B5AB6502BD9F65900786342 /* Alamofire */; };
		1B5AB6542BDA128D00786342 /* SwiftyJSON in Frameworks */ = {isa = PBXBuildFile; productRef = 1B5AB6532BDA128D00786342 /* SwiftyJSON */; };
		1B741B9B2E38965C00ABD57E /* RealmSwift in Frameworks */ = {isa = PBXBuildFile; productRef = 1B741B9A2E38965C00ABD57E /* RealmSwift */; };
		1B741BD22E389BB800ABD57E /* RealmSwift in Embed Frameworks */ = {isa = PBXBuildFile; productRef = 1B741B9A2E38965C00ABD57E /* RealmSwift */; settings = {ATTRIBUTES = (CodeSignOnCopy, ); }; };
		1B8B5D702BDA3CE900F536A4 /* SwiftyStoreKit in Frameworks */ = {isa = PBXBuildFile; productRef = 1B8B5D6F2BDA3CE900F536A4 /* SwiftyStoreKit */; };
		1B8B5D732BDA3D1300F536A4 /* GoogleSignIn in Frameworks */ = {isa = PBXBuildFile; productRef = 1B8B5D722BDA3D1300F536A4 /* GoogleSignIn */; };
		1B8B5D752BDA3D1300F536A4 /* GoogleSignInSwift in Frameworks */ = {isa = PBXBuildFile; productRef = 1B8B5D742BDA3D1300F536A4 /* GoogleSignInSwift */; };
		1B8B5D7B2BDA3DC600F536A4 /* ActivityView in Frameworks */ = {isa = PBXBuildFile; productRef = 1B8B5D7A2BDA3DC600F536A4 /* ActivityView */; };
		1B8B5D7E2BDA3E2800F536A4 /* FirebaseAnalytics in Frameworks */ = {isa = PBXBuildFile; productRef = 1B8B5D7D2BDA3E2800F536A4 /* FirebaseAnalytics */; };
		1B8B5D802BDA3E2800F536A4 /* FirebaseAnalyticsSwift in Frameworks */ = {isa = PBXBuildFile; productRef = 1B8B5D7F2BDA3E2800F536A4 /* FirebaseAnalyticsSwift */; };
		1B8B5D822BDA3E2800F536A4 /* FirebaseAppCheck in Frameworks */ = {isa = PBXBuildFile; productRef = 1B8B5D812BDA3E2800F536A4 /* FirebaseAppCheck */; };
		1B8B5D842BDA3E2800F536A4 /* FirebaseAuth in Frameworks */ = {isa = PBXBuildFile; productRef = 1B8B5D832BDA3E2800F536A4 /* FirebaseAuth */; };
		1B8B5D862BDA3E2800F536A4 /* FirebaseCrashlytics in Frameworks */ = {isa = PBXBuildFile; productRef = 1B8B5D852BDA3E2800F536A4 /* FirebaseCrashlytics */; };
		1B8B5D882BDA3E2800F536A4 /* FirebaseFirestore in Frameworks */ = {isa = PBXBuildFile; productRef = 1B8B5D872BDA3E2800F536A4 /* FirebaseFirestore */; };
		1B8B5D8A2BDA3E2800F536A4 /* FirebaseFirestoreSwift in Frameworks */ = {isa = PBXBuildFile; productRef = 1B8B5D892BDA3E2800F536A4 /* FirebaseFirestoreSwift */; };
		1B8B5D8C2BDA3E2800F536A4 /* FirebasePerformance in Frameworks */ = {isa = PBXBuildFile; productRef = 1B8B5D8B2BDA3E2800F536A4 /* FirebasePerformance */; };
		1B8B5D8E2BDA3E2800F536A4 /* FirebaseStorage in Frameworks */ = {isa = PBXBuildFile; productRef = 1B8B5D8D2BDA3E2800F536A4 /* FirebaseStorage */; };
		1B8B5D912BDA3EB600F536A4 /* Realm+Extensions.swift in Sources */ = {isa = PBXBuildFile; fileRef = 1B8B5D8F2BDA3EB600F536A4 /* Realm+Extensions.swift */; };
		1B8B5D922BDA3EB600F536A4 /* Realm.Object+Extensions.swift in Sources */ = {isa = PBXBuildFile; fileRef = 1B8B5D902BDA3EB600F536A4 /* Realm.Object+Extensions.swift */; };
		1BA83C8D2BE0AFC60021A12B /* Assets.xcassets in Resources */ = {isa = PBXBuildFile; fileRef = 1BF9FE132BD789D000135E83 /* Assets.xcassets */; };
		1BA83C902BE0E99E0021A12B /* Launch Screen.storyboard in Resources */ = {isa = PBXBuildFile; fileRef = 1BA83C8F2BE0E99E0021A12B /* Launch Screen.storyboard */; };
		1BAA23792E3318F3008B0D71 /* GoogleMobileAds in Frameworks */ = {isa = PBXBuildFile; productRef = 1BAA23782E3318F3008B0D71 /* GoogleMobileAds */; };
		1BAA237C2E331915008B0D71 /* GoogleUserMessagingPlatform in Frameworks */ = {isa = PBXBuildFile; productRef = 1BAA237B2E331915008B0D71 /* GoogleUserMessagingPlatform */; };
		1BB298542BDA39900072C1F8 /* GoogleService-Info.plist in Resources */ = {isa = PBXBuildFile; fileRef = 1BB298532BDA39900072C1F8 /* GoogleService-Info.plist */; };
		1BB298572BDA39CF0072C1F8 /* ActivityIndicatorView in Frameworks */ = {isa = PBXBuildFile; productRef = 1BB298562BDA39CF0072C1F8 /* ActivityIndicatorView */; };
		1BB2985A2BDA39F40072C1F8 /* CachedAsyncImage in Frameworks */ = {isa = PBXBuildFile; productRef = 1BB298592BDA39F40072C1F8 /* CachedAsyncImage */; };
		1BB2985D2BDA3A630072C1F8 /* Marquee in Frameworks */ = {isa = PBXBuildFile; productRef = 1BB2985C2BDA3A630072C1F8 /* Marquee */; };
		1BC7494D2BE0868000CCF194 /* AppCheck.swift in Sources */ = {isa = PBXBuildFile; fileRef = 1BC7494C2BE0868000CCF194 /* AppCheck.swift */; };
		1BF720F72BDA40C000F685A0 /* AppDelegate.swift in Sources */ = {isa = PBXBuildFile; fileRef = 1BF720F62BDA40C000F685A0 /* AppDelegate.swift */; };
		1BF721022BDA412B00F685A0 /* AdLoader.swift in Sources */ = {isa = PBXBuildFile; fileRef = 1BF720F82BDA412B00F685A0 /* AdLoader.swift */; };
		1BF721032BDA412B00F685A0 /* GADNativeAd+Extensions.swift in Sources */ = {isa = PBXBuildFile; fileRef = 1BF720F92BDA412B00F685A0 /* GADNativeAd+Extensions.swift */; };
		1BF721042BDA412B00F685A0 /* NativeAdView.swift in Sources */ = {isa = PBXBuildFile; fileRef = 1BF720FA2BDA412B00F685A0 /* NativeAdView.swift */; };
		1BF721052BDA412B00F685A0 /* UnifiedNativeAdView.swift in Sources */ = {isa = PBXBuildFile; fileRef = 1BF720FB2BDA412B00F685A0 /* UnifiedNativeAdView.swift */; };
		1BF721072BDA412B00F685A0 /* BannerAdView.swift in Sources */ = {isa = PBXBuildFile; fileRef = 1BF720FE2BDA412B00F685A0 /* BannerAdView.swift */; };
		1BF721082BDA412B00F685A0 /* GoogleAd.swift in Sources */ = {isa = PBXBuildFile; fileRef = 1BF720FF2BDA412B00F685A0 /* GoogleAd.swift */; };
		1BF721092BDA412B00F685A0 /* GoogleAdPrompt.swift in Sources */ = {isa = PBXBuildFile; fileRef = 1BF721002BDA412B00F685A0 /* GoogleAdPrompt.swift */; };
		1BF721172BDA44FE00F685A0 /* FirebaseStorageImageUrlCashModel.swift in Sources */ = {isa = PBXBuildFile; fileRef = 1BF7210A2BDA44FE00F685A0 /* FirebaseStorageImageUrlCashModel.swift */; };
		1BF721182BDA44FE00F685A0 /* HistoryModel.swift in Sources */ = {isa = PBXBuildFile; fileRef = 1BF7210B2BDA44FE00F685A0 /* HistoryModel.swift */; };
		1BF721192BDA44FE00F685A0 /* InAppPurchaseModel.swift in Sources */ = {isa = PBXBuildFile; fileRef = 1BF7210C2BDA44FE00F685A0 /* InAppPurchaseModel.swift */; };
		1BF7211A2BDA44FE00F685A0 /* LayerModel.swift in Sources */ = {isa = PBXBuildFile; fileRef = 1BF7210D2BDA44FE00F685A0 /* LayerModel.swift */; };
		1BF7211B2BDA44FE00F685A0 /* LikeModel.swift in Sources */ = {isa = PBXBuildFile; fileRef = 1BF7210E2BDA44FE00F685A0 /* LikeModel.swift */; };
		1BF7211C2BDA44FE00F685A0 /* MyStageModel.swift in Sources */ = {isa = PBXBuildFile; fileRef = 1BF7210F2BDA44FE00F685A0 /* MyStageModel.swift */; };
		1BF7211D2BDA44FE00F685A0 /* ProfileModel.swift in Sources */ = {isa = PBXBuildFile; fileRef = 1BF721102BDA44FE00F685A0 /* ProfileModel.swift */; };
		1BF7211E2BDA44FE00F685A0 /* ReplyModel.swift in Sources */ = {isa = PBXBuildFile; fileRef = 1BF721112BDA44FE00F685A0 /* ReplyModel.swift */; };
		1BF7211F2BDA44FE00F685A0 /* SharedStageModel.swift in Sources */ = {isa = PBXBuildFile; fileRef = 1BF721122BDA44FE00F685A0 /* SharedStageModel.swift */; };
		1BF721202BDA44FE00F685A0 /* StageModel.swift in Sources */ = {isa = PBXBuildFile; fileRef = 1BF721132BDA44FE00F685A0 /* StageModel.swift */; };
		1BF721212BDA44FE00F685A0 /* TempModel.swift in Sources */ = {isa = PBXBuildFile; fileRef = 1BF721142BDA44FE00F685A0 /* TempModel.swift */; };
		1BF721222BDA44FE00F685A0 /* TracingImageModel.swift in Sources */ = {isa = PBXBuildFile; fileRef = 1BF721152BDA44FE00F685A0 /* TracingImageModel.swift */; };
		1BF7212D2BDA452F00F685A0 /* ReplyManager.swift in Sources */ = {isa = PBXBuildFile; fileRef = 1BF721242BDA452E00F685A0 /* ReplyManager.swift */; };
		1BF7212E2BDA452F00F685A0 /* SortType.swift in Sources */ = {isa = PBXBuildFile; fileRef = 1BF721252BDA452E00F685A0 /* SortType.swift */; };
		1BF7212F2BDA452F00F685A0 /* AuthManager.swift in Sources */ = {isa = PBXBuildFile; fileRef = 1BF721262BDA452E00F685A0 /* AuthManager.swift */; };
		1BF721302BDA452F00F685A0 /* Toast.swift in Sources */ = {isa = PBXBuildFile; fileRef = 1BF721272BDA452F00F685A0 /* Toast.swift */; };
		1BF721312BDA452F00F685A0 /* AuthorizationButton.swift in Sources */ = {isa = PBXBuildFile; fileRef = 1BF721282BDA452F00F685A0 /* AuthorizationButton.swift */; };
		1BF721322BDA452F00F685A0 /* HIstoryManager.swift in Sources */ = {isa = PBXBuildFile; fileRef = 1BF721292BDA452F00F685A0 /* HIstoryManager.swift */; };
		1BF721332BDA452F00F685A0 /* StageManager.swift in Sources */ = {isa = PBXBuildFile; fileRef = 1BF7212A2BDA452F00F685A0 /* StageManager.swift */; };
		1BF721342BDA452F00F685A0 /* LikeManager.swift in Sources */ = {isa = PBXBuildFile; fileRef = 1BF7212B2BDA452F00F685A0 /* LikeManager.swift */; };
		1BF721362BDA45CC00F685A0 /* Stack.swift in Sources */ = {isa = PBXBuildFile; fileRef = 1BF721352BDA45CC00F685A0 /* Stack.swift */; };
		1BF721382BDA474000F685A0 /* InAppPurchaseManager.swift in Sources */ = {isa = PBXBuildFile; fileRef = 1BF721372BDA474000F685A0 /* InAppPurchaseManager.swift */; };
		1BF7213B2BDA478A00F685A0 /* FirebaseStorageHelper.swift in Sources */ = {isa = PBXBuildFile; fileRef = 1BF7213A2BDA478A00F685A0 /* FirebaseStorageHelper.swift */; };
		1BF7213D2BDA47A100F685A0 /* FirestoreHelper.swift in Sources */ = {isa = PBXBuildFile; fileRef = 1BF7213C2BDA47A100F685A0 /* FirestoreHelper.swift */; };
		1BF7213F2BDA47C700F685A0 /* Consts.swift in Sources */ = {isa = PBXBuildFile; fileRef = 1BF7213E2BDA47C700F685A0 /* Consts.swift */; };
		1BF721412BDA47F600F685A0 /* PathFinder.swift in Sources */ = {isa = PBXBuildFile; fileRef = 1BF721402BDA47F600F685A0 /* PathFinder.swift */; };
		1BF721432BDA481900F685A0 /* MultiColorAnimeTextView.swift in Sources */ = {isa = PBXBuildFile; fileRef = 1BF721422BDA481900F685A0 /* MultiColorAnimeTextView.swift */; };
		1BF721452BDA4DA300F685A0 /* InfoPlist.xcstrings in Resources */ = {isa = PBXBuildFile; fileRef = 1BF721442BDA4DA300F685A0 /* InfoPlist.xcstrings */; };
		1BF9FE102BD789CF00135E83 /* PixelArtMaker2App.swift in Sources */ = {isa = PBXBuildFile; fileRef = 1BF9FE0F2BD789CF00135E83 /* PixelArtMaker2App.swift */; };
		1BF9FE122BD789CF00135E83 /* ContentView.swift in Sources */ = {isa = PBXBuildFile; fileRef = 1BF9FE112BD789CF00135E83 /* ContentView.swift */; };
		1BF9FE142BD789D000135E83 /* Assets.xcassets in Resources */ = {isa = PBXBuildFile; fileRef = 1BF9FE132BD789D000135E83 /* Assets.xcassets */; };
		1BF9FE172BD789D000135E83 /* Preview Assets.xcassets in Resources */ = {isa = PBXBuildFile; fileRef = 1BF9FE162BD789D000135E83 /* Preview Assets.xcassets */; };
		1BF9FE592BD7936700135E83 /* WidgetKit.framework in Frameworks */ = {isa = PBXBuildFile; fileRef = 1BF9FE582BD7936700135E83 /* WidgetKit.framework */; };
		1BF9FE5B2BD7936700135E83 /* SwiftUI.framework in Frameworks */ = {isa = PBXBuildFile; fileRef = 1BF9FE5A2BD7936700135E83 /* SwiftUI.framework */; };
		1BF9FE5E2BD7936700135E83 /* widgetBundle.swift in Sources */ = {isa = PBXBuildFile; fileRef = 1BF9FE5D2BD7936700135E83 /* widgetBundle.swift */; };
		1BF9FE602BD7936700135E83 /* widget.swift in Sources */ = {isa = PBXBuildFile; fileRef = 1BF9FE5F2BD7936700135E83 /* widget.swift */; };
		1BF9FE662BD7936900135E83 /* widgetExtension.appex in Embed Foundation Extensions */ = {isa = PBXBuildFile; fileRef = 1BF9FE562BD7936700135E83 /* widgetExtension.appex */; settings = {ATTRIBUTES = (RemoveHeadersOnCopy, ); }; };
/* End PBXBuildFile section */

/* Begin PBXContainerItemProxy section */
		1BF9FE642BD7936900135E83 /* PBXContainerItemProxy */ = {
			isa = PBXContainerItemProxy;
			containerPortal = 1BF9FE042BD789CF00135E83 /* Project object */;
			proxyType = 1;
			remoteGlobalIDString = 1BF9FE552BD7936700135E83;
			remoteInfo = widgetExtension;
		};
/* End PBXContainerItemProxy section */

/* Begin PBXCopyFilesBuildPhase section */
		1B5BF7362E388EFD00DBD90C /* Embed Frameworks */ = {
			isa = PBXCopyFilesBuildPhase;
			buildActionMask = 2147483647;
			dstPath = "";
			dstSubfolderSpec = 10;
			files = (
			);
			name = "Embed Frameworks";
			runOnlyForDeploymentPostprocessing = 0;
		};
		1B741BD12E389B8B00ABD57E /* Embed Frameworks */ = {
			isa = PBXCopyFilesBuildPhase;
			buildActionMask = 2147483647;
			dstPath = "";
			dstSubfolderSpec = 10;
			files = (
				1B741BD22E389BB800ABD57E /* RealmSwift in Embed Frameworks */,
			);
			name = "Embed Frameworks";
			runOnlyForDeploymentPostprocessing = 0;
		};
		1BF9FE672BD7936900135E83 /* Embed Foundation Extensions */ = {
			isa = PBXCopyFilesBuildPhase;
			buildActionMask = 2147483647;
			dstPath = "";
			dstSubfolderSpec = 13;
			files = (
				1BF9FE662BD7936900135E83 /* widgetExtension.appex in Embed Foundation Extensions */,
			);
			name = "Embed Foundation Extensions";
			runOnlyForDeploymentPostprocessing = 0;
		};
/* End PBXCopyFilesBuildPhase section */

/* Begin PBXFileReference section */
		1B158DD72BDF38A1005AC00E /* StarView.swift */ = {isa = PBXFileReference; fileEncoding = 4; lastKnownFileType = sourcecode.swift; path = StarView.swift; sourceTree = "<group>"; };
		1B158DD92BDF38B7005AC00E /* ArticleLikeView.swift */ = {isa = PBXFileReference; fileEncoding = 4; lastKnownFileType = sourcecode.swift; path = ArticleLikeView.swift; sourceTree = "<group>"; };
		1B158DDB2BDF38CA005AC00E /* LayerEditView.swift */ = {isa = PBXFileReference; fileEncoding = 4; lastKnownFileType = sourcecode.swift; path = LayerEditView.swift; sourceTree = "<group>"; };
		1B158DDC2BDF38CA005AC00E /* TimeLineReplyView.swift */ = {isa = PBXFileReference; fileEncoding = 4; lastKnownFileType = sourcecode.swift; path = TimeLineReplyView.swift; sourceTree = "<group>"; };
		1B158DDD2BDF38CA005AC00E /* SigninView.swift */ = {isa = PBXFileReference; fileEncoding = 4; lastKnownFileType = sourcecode.swift; path = SigninView.swift; sourceTree = "<group>"; };
		1B158DDE2BDF38CA005AC00E /* LikeArtListView.swift */ = {isa = PBXFileReference; fileEncoding = 4; lastKnownFileType = sourcecode.swift; path = LikeArtListView.swift; sourceTree = "<group>"; };
		1B158DDF2BDF38CA005AC00E /* TimeLineTabView.swift */ = {isa = PBXFileReference; fileEncoding = 4; lastKnownFileType = sourcecode.swift; path = TimeLineTabView.swift; sourceTree = "<group>"; };
		1B158DE02BDF38CA005AC00E /* InAppPurchesView.swift */ = {isa = PBXFileReference; fileEncoding = 4; lastKnownFileType = sourcecode.swift; path = InAppPurchesView.swift; sourceTree = "<group>"; };
		1B158DE12BDF38CA005AC00E /* SidebarMenuView.swift */ = {isa = PBXFileReference; fileEncoding = 4; lastKnownFileType = sourcecode.swift; path = SidebarMenuView.swift; sourceTree = "<group>"; };
		1B158DE22BDF38CA005AC00E /* TimeLineView.swift */ = {isa = PBXFileReference; fileEncoding = 4; lastKnownFileType = sourcecode.swift; path = TimeLineView.swift; sourceTree = "<group>"; };
		1B158DE32BDF38CA005AC00E /* LikePeopleListView.swift */ = {isa = PBXFileReference; fileEncoding = 4; lastKnownFileType = sourcecode.swift; path = LikePeopleListView.swift; sourceTree = "<group>"; };
		1B158DE42BDF38CA005AC00E /* LoadView.swift */ = {isa = PBXFileReference; fileEncoding = 4; lastKnownFileType = sourcecode.swift; path = LoadView.swift; sourceTree = "<group>"; };
		1B158DE52BDF38CA005AC00E /* PaletteView.swift */ = {isa = PBXFileReference; fileEncoding = 4; lastKnownFileType = sourcecode.swift; path = PaletteView.swift; sourceTree = "<group>"; };
		1B158DE62BDF38CA005AC00E /* ReplyListView.swift */ = {isa = PBXFileReference; fileEncoding = 4; lastKnownFileType = sourcecode.swift; path = ReplyListView.swift; sourceTree = "<group>"; };
		1B158DE72BDF38CA005AC00E /* ArrowToolView.swift */ = {isa = PBXFileReference; fileEncoding = 4; lastKnownFileType = sourcecode.swift; path = ArrowToolView.swift; sourceTree = "<group>"; };
		1B158DE82BDF38CA005AC00E /* PhotoPicker.swift */ = {isa = PBXFileReference; fileEncoding = 4; lastKnownFileType = sourcecode.swift; path = PhotoPicker.swift; sourceTree = "<group>"; };
		1B158DE92BDF38CA005AC00E /* ProfileView.swift */ = {isa = PBXFileReference; fileEncoding = 4; lastKnownFileType = sourcecode.swift; path = ProfileView.swift; sourceTree = "<group>"; };
		1B158DEA2BDF38CA005AC00E /* CanvasView.swift */ = {isa = PBXFileReference; fileEncoding = 4; lastKnownFileType = sourcecode.swift; path = CanvasView.swift; sourceTree = "<group>"; };
		1B158DEB2BDF38CA005AC00E /* ArtListView.swift */ = {isa = PBXFileReference; fileEncoding = 4; lastKnownFileType = sourcecode.swift; path = ArtListView.swift; sourceTree = "<group>"; };
		1B158DEC2BDF38CA005AC00E /* ColorPresetView.swift */ = {isa = PBXFileReference; fileEncoding = 4; lastKnownFileType = sourcecode.swift; path = ColorPresetView.swift; sourceTree = "<group>"; };
		1B158DED2BDF38CA005AC00E /* PixelDrawView.swift */ = {isa = PBXFileReference; fileEncoding = 4; lastKnownFileType = sourcecode.swift; path = PixelDrawView.swift; sourceTree = "<group>"; };
		1B158DEE2BDF38CA005AC00E /* ReplyView.swift */ = {isa = PBXFileReference; fileEncoding = 4; lastKnownFileType = sourcecode.swift; path = ReplyView.swift; sourceTree = "<group>"; };
		1B158DEF2BDF38CA005AC00E /* DrawingToolView.swift */ = {isa = PBXFileReference; fileEncoding = 4; lastKnownFileType = sourcecode.swift; path = DrawingToolView.swift; sourceTree = "<group>"; };
		1B158DF02BDF38CA005AC00E /* OrangeTextView.swift */ = {isa = PBXFileReference; fileEncoding = 4; lastKnownFileType = sourcecode.swift; path = OrangeTextView.swift; sourceTree = "<group>"; };
		1B158DF12BDF38CB005AC00E /* ProgressView.swift */ = {isa = PBXFileReference; fileEncoding = 4; lastKnownFileType = sourcecode.swift; path = ProgressView.swift; sourceTree = "<group>"; };
		1B158DF22BDF38CB005AC00E /* ActivityIndicator.swift */ = {isa = PBXFileReference; fileEncoding = 4; lastKnownFileType = sourcecode.swift; path = ActivityIndicator.swift; sourceTree = "<group>"; };
		1B158DF32BDF38CB005AC00E /* PublicShareListView.swift */ = {isa = PBXFileReference; fileEncoding = 4; lastKnownFileType = sourcecode.swift; path = PublicShareListView.swift; sourceTree = "<group>"; };
		1B158DF42BDF38CB005AC00E /* SaveView.swift */ = {isa = PBXFileReference; fileEncoding = 4; lastKnownFileType = sourcecode.swift; path = SaveView.swift; sourceTree = "<group>"; };
		1B158DF52BDF38CB005AC00E /* LayerToolView.swift */ = {isa = PBXFileReference; fileEncoding = 4; lastKnownFileType = sourcecode.swift; path = LayerToolView.swift; sourceTree = "<group>"; };
		1B158DF62BDF38CB005AC00E /* TagView.swift */ = {isa = PBXFileReference; fileEncoding = 4; lastKnownFileType = sourcecode.swift; path = TagView.swift; sourceTree = "<group>"; };
		1B158DF72BDF38CB005AC00E /* SideMenuView.swift */ = {isa = PBXFileReference; fileEncoding = 4; lastKnownFileType = sourcecode.swift; path = SideMenuView.swift; sourceTree = "<group>"; };
		1B158DF82BDF38CB005AC00E /* NewCanvasView.swift */ = {isa = PBXFileReference; fileEncoding = 4; lastKnownFileType = sourcecode.swift; path = NewCanvasView.swift; sourceTree = "<group>"; };
		1B158DF92BDF38CB005AC00E /* FSImageView.swift */ = {isa = PBXFileReference; fileEncoding = 4; lastKnownFileType = sourcecode.swift; path = FSImageView.swift; sourceTree = "<group>"; };
		1B158DFA2BDF38CB005AC00E /* LabelTextView.swift */ = {isa = PBXFileReference; fileEncoding = 4; lastKnownFileType = sourcecode.swift; path = LabelTextView.swift; sourceTree = "<group>"; };
		1B158DFB2BDF38CB005AC00E /* PixelArtDetailView.swift */ = {isa = PBXFileReference; fileEncoding = 4; lastKnownFileType = sourcecode.swift; path = PixelArtDetailView.swift; sourceTree = "<group>"; };
		1B158E222BDF3C04005AC00E /* Utill.swift */ = {isa = PBXFileReference; fileEncoding = 4; lastKnownFileType = sourcecode.swift; path = Utill.swift; sourceTree = "<group>"; };
		1B158E242BDF3C51005AC00E /* DimLoadingViewController.swift */ = {isa = PBXFileReference; fileEncoding = 4; lastKnownFileType = sourcecode.swift; path = DimLoadingViewController.swift; sourceTree = "<group>"; };
		1B158E262BDF5966005AC00E /* InternetConnectionStateView.swift */ = {isa = PBXFileReference; fileEncoding = 4; lastKnownFileType = sourcecode.swift; path = InternetConnectionStateView.swift; sourceTree = "<group>"; };
		1B158E282BDF98D7005AC00E /* PixelArtMaker2.entitlements */ = {isa = PBXFileReference; lastKnownFileType = text.plist.entitlements; path = PixelArtMaker2.entitlements; sourceTree = "<group>"; };
		1B368E002BD79C1500E10464 /* AppGroup.swift */ = {isa = PBXFileReference; fileEncoding = 4; lastKnownFileType = sourcecode.swift; path = AppGroup.swift; sourceTree = "<group>"; };
		1B368E012BD79C1500E10464 /* CommonConsts.swift */ = {isa = PBXFileReference; fileEncoding = 4; lastKnownFileType = sourcecode.swift; path = CommonConsts.swift; sourceTree = "<group>"; };
		1B368E062BD79CAB00E10464 /* HTML */ = {isa = PBXFileReference; lastKnownFileType = folder; path = HTML; sourceTree = "<group>"; };
		1B368E0D2BD79EBE00E10464 /* Localizable.xcstrings */ = {isa = PBXFileReference; lastKnownFileType = text.json.xcstrings; path = Localizable.xcstrings; sourceTree = "<group>"; };
		1B368E102BD7A1D000E10464 /* WebView.swift */ = {isa = PBXFileReference; fileEncoding = 4; lastKnownFileType = sourcecode.swift; path = WebView.swift; sourceTree = "<group>"; };
		1B368E122BD7A22D00E10464 /* SettingView.swift */ = {isa = PBXFileReference; lastKnownFileType = sourcecode.swift; path = SettingView.swift; sourceTree = "<group>"; };
		1B368E142BD7A25000E10464 /* AppInfomationView.swift */ = {isa = PBXFileReference; lastKnownFileType = sourcecode.swift; path = AppInfomationView.swift; sourceTree = "<group>"; };
		1B368E1A2BD7A4B900E10464 /* Binding+Extensions.swift */ = {isa = PBXFileReference; fileEncoding = 4; lastKnownFileType = sourcecode.swift; path = "Binding+Extensions.swift"; sourceTree = "<group>"; };
		1B368E1B2BD7A4B900E10464 /* CGSize+Extensions.swift */ = {isa = PBXFileReference; fileEncoding = 4; lastKnownFileType = sourcecode.swift; path = "CGSize+Extensions.swift"; sourceTree = "<group>"; };
		1B368E1C2BD7A4B900E10464 /* Character+Extensions.swift */ = {isa = PBXFileReference; fileEncoding = 4; lastKnownFileType = sourcecode.swift; path = "Character+Extensions.swift"; sourceTree = "<group>"; };
		1B368E1D2BD7A4B900E10464 /* Color+Extensions.swift */ = {isa = PBXFileReference; fileEncoding = 4; lastKnownFileType = sourcecode.swift; path = "Color+Extensions.swift"; sourceTree = "<group>"; };
		1B368E1E2BD7A4B900E10464 /* Float+Extensions.swift */ = {isa = PBXFileReference; fileEncoding = 4; lastKnownFileType = sourcecode.swift; path = "Float+Extensions.swift"; sourceTree = "<group>"; };
		1B368E1F2BD7A4B900E10464 /* Image+Extensions.swift */ = {isa = PBXFileReference; fileEncoding = 4; lastKnownFileType = sourcecode.swift; path = "Image+Extensions.swift"; sourceTree = "<group>"; };
		1B368E202BD7A4B900E10464 /* Text+Extensions.swift */ = {isa = PBXFileReference; fileEncoding = 4; lastKnownFileType = sourcecode.swift; path = "Text+Extensions.swift"; sourceTree = "<group>"; };
		1B368E212BD7A4B900E10464 /* UIApplication+Extensions.swift */ = {isa = PBXFileReference; fileEncoding = 4; lastKnownFileType = sourcecode.swift; path = "UIApplication+Extensions.swift"; sourceTree = "<group>"; };
		1B368E222BD7A4B900E10464 /* UIImage+Extensions.swift */ = {isa = PBXFileReference; fileEncoding = 4; lastKnownFileType = sourcecode.swift; path = "UIImage+Extensions.swift"; sourceTree = "<group>"; };
		1B368E232BD7A4B900E10464 /* UIScreen+Extensions.swift */ = {isa = PBXFileReference; fileEncoding = 4; lastKnownFileType = sourcecode.swift; path = "UIScreen+Extensions.swift"; sourceTree = "<group>"; };
		1B368E382BD7A5E000E10464 /* UserDefault+Extensions.swift */ = {isa = PBXFileReference; fileEncoding = 4; lastKnownFileType = sourcecode.swift; path = "UserDefault+Extensions.swift"; sourceTree = "<group>"; };
		1B368E3B2BD7A68E00E10464 /* ListType.swift */ = {isa = PBXFileReference; lastKnownFileType = sourcecode.swift; path = ListType.swift; sourceTree = "<group>"; };
		1B368E3F2BD7ACCA00E10464 /* ImageLabel.swift */ = {isa = PBXFileReference; lastKnownFileType = sourcecode.swift; path = ImageLabel.swift; sourceTree = "<group>"; };
		1B459DAB2BE4A2B0008E7A3A /* Base */ = {isa = PBXFileReference; lastKnownFileType = file.xib; name = Base; path = Base.lproj/UnifiedNativeAdView.xib; sourceTree = "<group>"; };
		1B459DAE2BE4A2B0008E7A3A /* mul */ = {isa = PBXFileReference; lastKnownFileType = text.json.xcstrings; name = mul; path = mul.lproj/UnifiedNativeAdView.xcstrings; sourceTree = "<group>"; };
		1B8B5D8F2BDA3EB600F536A4 /* Realm+Extensions.swift */ = {isa = PBXFileReference; fileEncoding = 4; lastKnownFileType = sourcecode.swift; path = "Realm+Extensions.swift"; sourceTree = "<group>"; };
		1B8B5D902BDA3EB600F536A4 /* Realm.Object+Extensions.swift */ = {isa = PBXFileReference; fileEncoding = 4; lastKnownFileType = sourcecode.swift; path = "Realm.Object+Extensions.swift"; sourceTree = "<group>"; };
		1B8B5D932BDA3F7E00F536A4 /* Info.plist */ = {isa = PBXFileReference; lastKnownFileType = text.plist; path = Info.plist; sourceTree = "<group>"; };
		1BA83C8F2BE0E99E0021A12B /* Launch Screen.storyboard */ = {isa = PBXFileReference; fileEncoding = 4; lastKnownFileType = file.storyboard; path = "Launch Screen.storyboard"; sourceTree = "<group>"; };
		1BB298532BDA39900072C1F8 /* GoogleService-Info.plist */ = {isa = PBXFileReference; fileEncoding = 4; lastKnownFileType = text.plist.xml; path = "GoogleService-Info.plist"; sourceTree = "<group>"; };
		1BC7494C2BE0868000CCF194 /* AppCheck.swift */ = {isa = PBXFileReference; fileEncoding = 4; lastKnownFileType = sourcecode.swift; path = AppCheck.swift; sourceTree = "<group>"; };
		1BC7494F2BE0875400CCF194 /* widgetExtension.entitlements */ = {isa = PBXFileReference; lastKnownFileType = text.plist.entitlements; path = widgetExtension.entitlements; sourceTree = "<group>"; };
		1BF720F62BDA40C000F685A0 /* AppDelegate.swift */ = {isa = PBXFileReference; fileEncoding = 4; lastKnownFileType = sourcecode.swift; path = AppDelegate.swift; sourceTree = "<group>"; };
		1BF720F82BDA412B00F685A0 /* AdLoader.swift */ = {isa = PBXFileReference; fileEncoding = 4; lastKnownFileType = sourcecode.swift; path = AdLoader.swift; sourceTree = "<group>"; };
		1BF720F92BDA412B00F685A0 /* GADNativeAd+Extensions.swift */ = {isa = PBXFileReference; fileEncoding = 4; lastKnownFileType = sourcecode.swift; path = "GADNativeAd+Extensions.swift"; sourceTree = "<group>"; };
		1BF720FA2BDA412B00F685A0 /* NativeAdView.swift */ = {isa = PBXFileReference; fileEncoding = 4; lastKnownFileType = sourcecode.swift; path = NativeAdView.swift; sourceTree = "<group>"; };
		1BF720FB2BDA412B00F685A0 /* UnifiedNativeAdView.swift */ = {isa = PBXFileReference; fileEncoding = 4; lastKnownFileType = sourcecode.swift; path = UnifiedNativeAdView.swift; sourceTree = "<group>"; };
		1BF720FE2BDA412B00F685A0 /* BannerAdView.swift */ = {isa = PBXFileReference; fileEncoding = 4; lastKnownFileType = sourcecode.swift; path = BannerAdView.swift; sourceTree = "<group>"; };
		1BF720FF2BDA412B00F685A0 /* GoogleAd.swift */ = {isa = PBXFileReference; fileEncoding = 4; lastKnownFileType = sourcecode.swift; path = GoogleAd.swift; sourceTree = "<group>"; };
		1BF721002BDA412B00F685A0 /* GoogleAdPrompt.swift */ = {isa = PBXFileReference; fileEncoding = 4; lastKnownFileType = sourcecode.swift; path = GoogleAdPrompt.swift; sourceTree = "<group>"; };
		1BF7210A2BDA44FE00F685A0 /* FirebaseStorageImageUrlCashModel.swift */ = {isa = PBXFileReference; fileEncoding = 4; lastKnownFileType = sourcecode.swift; path = FirebaseStorageImageUrlCashModel.swift; sourceTree = "<group>"; };
		1BF7210B2BDA44FE00F685A0 /* HistoryModel.swift */ = {isa = PBXFileReference; fileEncoding = 4; lastKnownFileType = sourcecode.swift; path = HistoryModel.swift; sourceTree = "<group>"; };
		1BF7210C2BDA44FE00F685A0 /* InAppPurchaseModel.swift */ = {isa = PBXFileReference; fileEncoding = 4; lastKnownFileType = sourcecode.swift; path = InAppPurchaseModel.swift; sourceTree = "<group>"; };
		1BF7210D2BDA44FE00F685A0 /* LayerModel.swift */ = {isa = PBXFileReference; fileEncoding = 4; lastKnownFileType = sourcecode.swift; path = LayerModel.swift; sourceTree = "<group>"; };
		1BF7210E2BDA44FE00F685A0 /* LikeModel.swift */ = {isa = PBXFileReference; fileEncoding = 4; lastKnownFileType = sourcecode.swift; path = LikeModel.swift; sourceTree = "<group>"; };
		1BF7210F2BDA44FE00F685A0 /* MyStageModel.swift */ = {isa = PBXFileReference; fileEncoding = 4; lastKnownFileType = sourcecode.swift; path = MyStageModel.swift; sourceTree = "<group>"; };
		1BF721102BDA44FE00F685A0 /* ProfileModel.swift */ = {isa = PBXFileReference; fileEncoding = 4; lastKnownFileType = sourcecode.swift; path = ProfileModel.swift; sourceTree = "<group>"; };
		1BF721112BDA44FE00F685A0 /* ReplyModel.swift */ = {isa = PBXFileReference; fileEncoding = 4; lastKnownFileType = sourcecode.swift; path = ReplyModel.swift; sourceTree = "<group>"; };
		1BF721122BDA44FE00F685A0 /* SharedStageModel.swift */ = {isa = PBXFileReference; fileEncoding = 4; lastKnownFileType = sourcecode.swift; path = SharedStageModel.swift; sourceTree = "<group>"; };
		1BF721132BDA44FE00F685A0 /* StageModel.swift */ = {isa = PBXFileReference; fileEncoding = 4; lastKnownFileType = sourcecode.swift; path = StageModel.swift; sourceTree = "<group>"; };
		1BF721142BDA44FE00F685A0 /* TempModel.swift */ = {isa = PBXFileReference; fileEncoding = 4; lastKnownFileType = sourcecode.swift; path = TempModel.swift; sourceTree = "<group>"; };
		1BF721152BDA44FE00F685A0 /* TracingImageModel.swift */ = {isa = PBXFileReference; fileEncoding = 4; lastKnownFileType = sourcecode.swift; path = TracingImageModel.swift; sourceTree = "<group>"; };
		1BF721242BDA452E00F685A0 /* ReplyManager.swift */ = {isa = PBXFileReference; fileEncoding = 4; lastKnownFileType = sourcecode.swift; path = ReplyManager.swift; sourceTree = "<group>"; };
		1BF721252BDA452E00F685A0 /* SortType.swift */ = {isa = PBXFileReference; fileEncoding = 4; lastKnownFileType = sourcecode.swift; path = SortType.swift; sourceTree = "<group>"; };
		1BF721262BDA452E00F685A0 /* AuthManager.swift */ = {isa = PBXFileReference; fileEncoding = 4; lastKnownFileType = sourcecode.swift; path = AuthManager.swift; sourceTree = "<group>"; };
		1BF721272BDA452F00F685A0 /* Toast.swift */ = {isa = PBXFileReference; fileEncoding = 4; lastKnownFileType = sourcecode.swift; path = Toast.swift; sourceTree = "<group>"; };
		1BF721282BDA452F00F685A0 /* AuthorizationButton.swift */ = {isa = PBXFileReference; fileEncoding = 4; lastKnownFileType = sourcecode.swift; path = AuthorizationButton.swift; sourceTree = "<group>"; };
		1BF721292BDA452F00F685A0 /* HIstoryManager.swift */ = {isa = PBXFileReference; fileEncoding = 4; lastKnownFileType = sourcecode.swift; path = HIstoryManager.swift; sourceTree = "<group>"; };
		1BF7212A2BDA452F00F685A0 /* StageManager.swift */ = {isa = PBXFileReference; fileEncoding = 4; lastKnownFileType = sourcecode.swift; path = StageManager.swift; sourceTree = "<group>"; };
		1BF7212B2BDA452F00F685A0 /* LikeManager.swift */ = {isa = PBXFileReference; fileEncoding = 4; lastKnownFileType = sourcecode.swift; path = LikeManager.swift; sourceTree = "<group>"; };
		1BF721352BDA45CC00F685A0 /* Stack.swift */ = {isa = PBXFileReference; fileEncoding = 4; lastKnownFileType = sourcecode.swift; path = Stack.swift; sourceTree = "<group>"; };
		1BF721372BDA474000F685A0 /* InAppPurchaseManager.swift */ = {isa = PBXFileReference; fileEncoding = 4; lastKnownFileType = sourcecode.swift; path = InAppPurchaseManager.swift; sourceTree = "<group>"; };
		1BF7213A2BDA478A00F685A0 /* FirebaseStorageHelper.swift */ = {isa = PBXFileReference; fileEncoding = 4; lastKnownFileType = sourcecode.swift; path = FirebaseStorageHelper.swift; sourceTree = "<group>"; };
		1BF7213C2BDA47A100F685A0 /* FirestoreHelper.swift */ = {isa = PBXFileReference; fileEncoding = 4; lastKnownFileType = sourcecode.swift; path = FirestoreHelper.swift; sourceTree = "<group>"; };
		1BF7213E2BDA47C700F685A0 /* Consts.swift */ = {isa = PBXFileReference; fileEncoding = 4; lastKnownFileType = sourcecode.swift; path = Consts.swift; sourceTree = "<group>"; };
		1BF721402BDA47F600F685A0 /* PathFinder.swift */ = {isa = PBXFileReference; fileEncoding = 4; lastKnownFileType = sourcecode.swift; path = PathFinder.swift; sourceTree = "<group>"; };
		1BF721422BDA481900F685A0 /* MultiColorAnimeTextView.swift */ = {isa = PBXFileReference; fileEncoding = 4; lastKnownFileType = sourcecode.swift; path = MultiColorAnimeTextView.swift; sourceTree = "<group>"; };
		1BF721442BDA4DA300F685A0 /* InfoPlist.xcstrings */ = {isa = PBXFileReference; lastKnownFileType = text.json.xcstrings; path = InfoPlist.xcstrings; sourceTree = "<group>"; };
		1BF9FE0C2BD789CF00135E83 /* PixelArtMaker2.app */ = {isa = PBXFileReference; explicitFileType = wrapper.application; includeInIndex = 0; path = PixelArtMaker2.app; sourceTree = BUILT_PRODUCTS_DIR; };
		1BF9FE0F2BD789CF00135E83 /* PixelArtMaker2App.swift */ = {isa = PBXFileReference; lastKnownFileType = sourcecode.swift; path = PixelArtMaker2App.swift; sourceTree = "<group>"; };
		1BF9FE112BD789CF00135E83 /* ContentView.swift */ = {isa = PBXFileReference; lastKnownFileType = sourcecode.swift; path = ContentView.swift; sourceTree = "<group>"; };
		1BF9FE132BD789D000135E83 /* Assets.xcassets */ = {isa = PBXFileReference; lastKnownFileType = folder.assetcatalog; path = Assets.xcassets; sourceTree = "<group>"; };
		1BF9FE162BD789D000135E83 /* Preview Assets.xcassets */ = {isa = PBXFileReference; lastKnownFileType = folder.assetcatalog; path = "Preview Assets.xcassets"; sourceTree = "<group>"; };
		1BF9FE562BD7936700135E83 /* widgetExtension.appex */ = {isa = PBXFileReference; explicitFileType = "wrapper.app-extension"; includeInIndex = 0; path = widgetExtension.appex; sourceTree = BUILT_PRODUCTS_DIR; };
		1BF9FE582BD7936700135E83 /* WidgetKit.framework */ = {isa = PBXFileReference; lastKnownFileType = wrapper.framework; name = WidgetKit.framework; path = System/Library/Frameworks/WidgetKit.framework; sourceTree = SDKROOT; };
		1BF9FE5A2BD7936700135E83 /* SwiftUI.framework */ = {isa = PBXFileReference; lastKnownFileType = wrapper.framework; name = SwiftUI.framework; path = System/Library/Frameworks/SwiftUI.framework; sourceTree = SDKROOT; };
		1BF9FE5D2BD7936700135E83 /* widgetBundle.swift */ = {isa = PBXFileReference; lastKnownFileType = sourcecode.swift; path = widgetBundle.swift; sourceTree = "<group>"; };
		1BF9FE5F2BD7936700135E83 /* widget.swift */ = {isa = PBXFileReference; lastKnownFileType = sourcecode.swift; path = widget.swift; sourceTree = "<group>"; };
		1BF9FE632BD7936900135E83 /* Info.plist */ = {isa = PBXFileReference; lastKnownFileType = text.plist.xml; path = Info.plist; sourceTree = "<group>"; };
/* End PBXFileReference section */

/* Begin PBXFrameworksBuildPhase section */
		1BF9FE092BD789CF00135E83 /* Frameworks */ = {
			isa = PBXFrameworksBuildPhase;
			buildActionMask = 2147483647;
			files = (
				1B8B5D822BDA3E2800F536A4 /* FirebaseAppCheck in Frameworks */,
				1B8B5D7E2BDA3E2800F536A4 /* FirebaseAnalytics in Frameworks */,
				1B8B5D842BDA3E2800F536A4 /* FirebaseAuth in Frameworks */,
				1B5AB6512BD9F65900786342 /* Alamofire in Frameworks */,
				1BAA23792E3318F3008B0D71 /* GoogleMobileAds in Frameworks */,
				1B8B5D882BDA3E2800F536A4 /* FirebaseFirestore in Frameworks */,
				1B8B5D702BDA3CE900F536A4 /* SwiftyStoreKit in Frameworks */,
				1B158E1F2BDF3B9B005AC00E /* SDWebImageSwiftUI in Frameworks */,
				1B741B9B2E38965C00ABD57E /* RealmSwift in Frameworks */,
				1BAA237C2E331915008B0D71 /* GoogleUserMessagingPlatform in Frameworks */,
				1B5AB6542BDA128D00786342 /* SwiftyJSON in Frameworks */,
				1B8B5D732BDA3D1300F536A4 /* GoogleSignIn in Frameworks */,
				1BB2985A2BDA39F40072C1F8 /* CachedAsyncImage in Frameworks */,
				1B8B5D802BDA3E2800F536A4 /* FirebaseAnalyticsSwift in Frameworks */,
				1BB298572BDA39CF0072C1F8 /* ActivityIndicatorView in Frameworks */,
				1B8B5D8C2BDA3E2800F536A4 /* FirebasePerformance in Frameworks */,
				1B8B5D8A2BDA3E2800F536A4 /* FirebaseFirestoreSwift in Frameworks */,
				1BB2985D2BDA3A630072C1F8 /* Marquee in Frameworks */,
				1B8B5D862BDA3E2800F536A4 /* FirebaseCrashlytics in Frameworks */,
				1B8B5D8E2BDA3E2800F536A4 /* FirebaseStorage in Frameworks */,
				1B8B5D752BDA3D1300F536A4 /* GoogleSignInSwift in Frameworks */,
				1B8B5D7B2BDA3DC600F536A4 /* ActivityView in Frameworks */,
			);
			runOnlyForDeploymentPostprocessing = 0;
		};
		1BF9FE532BD7936700135E83 /* Frameworks */ = {
			isa = PBXFrameworksBuildPhase;
			buildActionMask = 2147483647;
			files = (
				1B158E212BDF3BB4005AC00E /* SDWebImageSwiftUI in Frameworks */,
				1BF9FE5B2BD7936700135E83 /* SwiftUI.framework in Frameworks */,
				1BF9FE592BD7936700135E83 /* WidgetKit.framework in Frameworks */,
			);
			runOnlyForDeploymentPostprocessing = 0;
		};
/* End PBXFrameworksBuildPhase section */

/* Begin PBXGroup section */
		1B368DFF2BD799F600E10464 /* Common */ = {
			isa = PBXGroup;
			children = (
				1BF9FE132BD789D000135E83 /* Assets.xcassets */,
				1B368E002BD79C1500E10464 /* AppGroup.swift */,
				1B368E012BD79C1500E10464 /* CommonConsts.swift */,
				1B368E0D2BD79EBE00E10464 /* Localizable.xcstrings */,
			);
			path = Common;
			sourceTree = "<group>";
		};
		1B368E092BD79E3C00E10464 /* View */ = {
			isa = PBXGroup;
			children = (
				1B158DF22BDF38CB005AC00E /* ActivityIndicator.swift */,
				1B158DE72BDF38CA005AC00E /* ArrowToolView.swift */,
				1B158DEB2BDF38CA005AC00E /* ArtListView.swift */,
				1B158DEA2BDF38CA005AC00E /* CanvasView.swift */,
				1B158DEC2BDF38CA005AC00E /* ColorPresetView.swift */,
				1B158DEF2BDF38CA005AC00E /* DrawingToolView.swift */,
				1B158DF92BDF38CB005AC00E /* FSImageView.swift */,
				1B158DE02BDF38CA005AC00E /* InAppPurchesView.swift */,
				1B158DFA2BDF38CB005AC00E /* LabelTextView.swift */,
				1B158DDB2BDF38CA005AC00E /* LayerEditView.swift */,
				1B158DF52BDF38CB005AC00E /* LayerToolView.swift */,
				1B158DDE2BDF38CA005AC00E /* LikeArtListView.swift */,
				1B158DE32BDF38CA005AC00E /* LikePeopleListView.swift */,
				1B158DE42BDF38CA005AC00E /* LoadView.swift */,
				1B158DF82BDF38CB005AC00E /* NewCanvasView.swift */,
				1B158DF02BDF38CA005AC00E /* OrangeTextView.swift */,
				1B158DE52BDF38CA005AC00E /* PaletteView.swift */,
				1B158DE82BDF38CA005AC00E /* PhotoPicker.swift */,
				1B158DFB2BDF38CB005AC00E /* PixelArtDetailView.swift */,
				1B158DED2BDF38CA005AC00E /* PixelDrawView.swift */,
				1B158DE92BDF38CA005AC00E /* ProfileView.swift */,
				1B158DF12BDF38CB005AC00E /* ProgressView.swift */,
				1B158DF32BDF38CB005AC00E /* PublicShareListView.swift */,
				1B158DE62BDF38CA005AC00E /* ReplyListView.swift */,
				1B158DEE2BDF38CA005AC00E /* ReplyView.swift */,
				1B158DF42BDF38CB005AC00E /* SaveView.swift */,
				1B158DE12BDF38CA005AC00E /* SidebarMenuView.swift */,
				1B158DF72BDF38CB005AC00E /* SideMenuView.swift */,
				1B158DDD2BDF38CA005AC00E /* SigninView.swift */,
				1B158DF62BDF38CB005AC00E /* TagView.swift */,
				1B158DDC2BDF38CA005AC00E /* TimeLineReplyView.swift */,
				1B158DDF2BDF38CA005AC00E /* TimeLineTabView.swift */,
				1B158DE22BDF38CA005AC00E /* TimeLineView.swift */,
				1B158DD92BDF38B7005AC00E /* ArticleLikeView.swift */,
				1B158DD72BDF38A1005AC00E /* StarView.swift */,
				1BF9FE112BD789CF00135E83 /* ContentView.swift */,
				1BF721422BDA481900F685A0 /* MultiColorAnimeTextView.swift */,
				1B368E102BD7A1D000E10464 /* WebView.swift */,
				1B368E122BD7A22D00E10464 /* SettingView.swift */,
				1B368E142BD7A25000E10464 /* AppInfomationView.swift */,
			);
			path = View;
			sourceTree = "<group>";
		};
		1B368E262BD7A4B900E10464 /* Extensions */ = {
			isa = PBXGroup;
			children = (
				1B8B5D902BDA3EB600F536A4 /* Realm.Object+Extensions.swift */,
				1B8B5D8F2BDA3EB600F536A4 /* Realm+Extensions.swift */,
				1B368E382BD7A5E000E10464 /* UserDefault+Extensions.swift */,
				1B368E1A2BD7A4B900E10464 /* Binding+Extensions.swift */,
				1B368E1B2BD7A4B900E10464 /* CGSize+Extensions.swift */,
				1B368E1C2BD7A4B900E10464 /* Character+Extensions.swift */,
				1B368E1D2BD7A4B900E10464 /* Color+Extensions.swift */,
				1B368E1E2BD7A4B900E10464 /* Float+Extensions.swift */,
				1B368E1F2BD7A4B900E10464 /* Image+Extensions.swift */,
				1B368E202BD7A4B900E10464 /* Text+Extensions.swift */,
				1B368E212BD7A4B900E10464 /* UIApplication+Extensions.swift */,
				1B368E222BD7A4B900E10464 /* UIImage+Extensions.swift */,
				1B368E232BD7A4B900E10464 /* UIScreen+Extensions.swift */,
			);
			path = Extensions;
			sourceTree = "<group>";
		};
		1B368E3A2BD7A66D00E10464 /* enums */ = {
			isa = PBXGroup;
			children = (
				1B368E3B2BD7A68E00E10464 /* ListType.swift */,
			);
			path = enums;
			sourceTree = "<group>";
		};
		1B368E3E2BD7ACB300E10464 /* Components */ = {
			isa = PBXGroup;
			children = (
				1B368E3F2BD7ACCA00E10464 /* ImageLabel.swift */,
			);
			path = Components;
			sourceTree = "<group>";
		};
		1BF720FD2BDA412B00F685A0 /* nativeAd */ = {
			isa = PBXGroup;
			children = (
				1BF720F82BDA412B00F685A0 /* AdLoader.swift */,
				1BF720F92BDA412B00F685A0 /* GADNativeAd+Extensions.swift */,
				1BF720FA2BDA412B00F685A0 /* NativeAdView.swift */,
				1BF720FB2BDA412B00F685A0 /* UnifiedNativeAdView.swift */,
				1B459DAC2BE4A2B0008E7A3A /* UnifiedNativeAdView.xib */,
			);
			path = nativeAd;
			sourceTree = "<group>";
		};
		1BF721012BDA412B00F685A0 /* GoogleAd */ = {
			isa = PBXGroup;
			children = (
				1BF720FD2BDA412B00F685A0 /* nativeAd */,
				1BF720FE2BDA412B00F685A0 /* BannerAdView.swift */,
				1BF720FF2BDA412B00F685A0 /* GoogleAd.swift */,
				1BF721002BDA412B00F685A0 /* GoogleAdPrompt.swift */,
			);
			path = GoogleAd;
			sourceTree = "<group>";
		};
		1BF721162BDA44FE00F685A0 /* Model */ = {
			isa = PBXGroup;
			children = (
				1BF7210A2BDA44FE00F685A0 /* FirebaseStorageImageUrlCashModel.swift */,
				1BF7210B2BDA44FE00F685A0 /* HistoryModel.swift */,
				1BF7210C2BDA44FE00F685A0 /* InAppPurchaseModel.swift */,
				1BF7210D2BDA44FE00F685A0 /* LayerModel.swift */,
				1BF7210E2BDA44FE00F685A0 /* LikeModel.swift */,
				1BF7210F2BDA44FE00F685A0 /* MyStageModel.swift */,
				1BF721102BDA44FE00F685A0 /* ProfileModel.swift */,
				1BF721112BDA44FE00F685A0 /* ReplyModel.swift */,
				1BF721122BDA44FE00F685A0 /* SharedStageModel.swift */,
				1BF721132BDA44FE00F685A0 /* StageModel.swift */,
				1BF721142BDA44FE00F685A0 /* TempModel.swift */,
				1BF721152BDA44FE00F685A0 /* TracingImageModel.swift */,
			);
			path = Model;
			sourceTree = "<group>";
		};
		1BF721392BDA477500F685A0 /* Firebase */ = {
			isa = PBXGroup;
			children = (
				1BF7213C2BDA47A100F685A0 /* FirestoreHelper.swift */,
				1BF7213A2BDA478A00F685A0 /* FirebaseStorageHelper.swift */,
			);
			path = Firebase;
			sourceTree = "<group>";
		};
		1BF9FE032BD789CF00135E83 = {
			isa = PBXGroup;
			children = (
				1BC7494F2BE0875400CCF194 /* widgetExtension.entitlements */,
				1BF721442BDA4DA300F685A0 /* InfoPlist.xcstrings */,
				1B368DFF2BD799F600E10464 /* Common */,
				1BF9FE0E2BD789CF00135E83 /* PixelArtMaker2 */,
				1BF9FE5C2BD7936700135E83 /* widget */,
				1BF9FE572BD7936700135E83 /* Frameworks */,
				1BF9FE0D2BD789CF00135E83 /* Products */,
			);
			sourceTree = "<group>";
		};
		1BF9FE0D2BD789CF00135E83 /* Products */ = {
			isa = PBXGroup;
			children = (
				1BF9FE0C2BD789CF00135E83 /* PixelArtMaker2.app */,
				1BF9FE562BD7936700135E83 /* widgetExtension.appex */,
			);
			name = Products;
			sourceTree = "<group>";
		};
		1BF9FE0E2BD789CF00135E83 /* PixelArtMaker2 */ = {
			isa = PBXGroup;
			children = (
				1BA83C8F2BE0E99E0021A12B /* Launch Screen.storyboard */,
				1BC7494C2BE0868000CCF194 /* AppCheck.swift */,
				1B158E282BDF98D7005AC00E /* PixelArtMaker2.entitlements */,
				1BF721392BDA477500F685A0 /* Firebase */,
				1BF721352BDA45CC00F685A0 /* Stack.swift */,
				1B158E242BDF3C51005AC00E /* DimLoadingViewController.swift */,
				1B158E222BDF3C04005AC00E /* Utill.swift */,
				1B158E262BDF5966005AC00E /* InternetConnectionStateView.swift */,
				1BF721402BDA47F600F685A0 /* PathFinder.swift */,
				1BF7213E2BDA47C700F685A0 /* Consts.swift */,
				1BF721262BDA452E00F685A0 /* AuthManager.swift */,
				1BF721282BDA452F00F685A0 /* AuthorizationButton.swift */,
				1BF721292BDA452F00F685A0 /* HIstoryManager.swift */,
				1BF7212B2BDA452F00F685A0 /* LikeManager.swift */,
				1BF721242BDA452E00F685A0 /* ReplyManager.swift */,
				1BF721252BDA452E00F685A0 /* SortType.swift */,
				1BF7212A2BDA452F00F685A0 /* StageManager.swift */,
				1BF721372BDA474000F685A0 /* InAppPurchaseManager.swift */,
				1BF721272BDA452F00F685A0 /* Toast.swift */,
				1BF721162BDA44FE00F685A0 /* Model */,
				1BF721012BDA412B00F685A0 /* GoogleAd */,
				1BF720F62BDA40C000F685A0 /* AppDelegate.swift */,
				1B8B5D932BDA3F7E00F536A4 /* Info.plist */,
				1BB298532BDA39900072C1F8 /* GoogleService-Info.plist */,
				1B368E3E2BD7ACB300E10464 /* Components */,
				1B368E3A2BD7A66D00E10464 /* enums */,
				1B368E262BD7A4B900E10464 /* Extensions */,
				1B368E062BD79CAB00E10464 /* HTML */,
				1BF9FE0F2BD789CF00135E83 /* PixelArtMaker2App.swift */,
				1B368E092BD79E3C00E10464 /* View */,
				1BF9FE152BD789D000135E83 /* Preview Content */,
			);
			path = PixelArtMaker2;
			sourceTree = "<group>";
		};
		1BF9FE152BD789D000135E83 /* Preview Content */ = {
			isa = PBXGroup;
			children = (
				1BF9FE162BD789D000135E83 /* Preview Assets.xcassets */,
			);
			path = "Preview Content";
			sourceTree = "<group>";
		};
		1BF9FE572BD7936700135E83 /* Frameworks */ = {
			isa = PBXGroup;
			children = (
				1BF9FE582BD7936700135E83 /* WidgetKit.framework */,
				1BF9FE5A2BD7936700135E83 /* SwiftUI.framework */,
			);
			name = Frameworks;
			sourceTree = "<group>";
		};
		1BF9FE5C2BD7936700135E83 /* widget */ = {
			isa = PBXGroup;
			children = (
				1BF9FE5D2BD7936700135E83 /* widgetBundle.swift */,
				1BF9FE5F2BD7936700135E83 /* widget.swift */,
				1BF9FE632BD7936900135E83 /* Info.plist */,
			);
			path = widget;
			sourceTree = "<group>";
		};
/* End PBXGroup section */

/* Begin PBXNativeTarget section */
		1BF9FE0B2BD789CF00135E83 /* PixelArtMaker2 */ = {
			isa = PBXNativeTarget;
			buildConfigurationList = 1BF9FE1A2BD789D000135E83 /* Build configuration list for PBXNativeTarget "PixelArtMaker2" */;
			buildPhases = (
				1BF9FE082BD789CF00135E83 /* Sources */,
				1BF9FE092BD789CF00135E83 /* Frameworks */,
				1BF9FE0A2BD789CF00135E83 /* Resources */,
				1BF9FE672BD7936900135E83 /* Embed Foundation Extensions */,
				1BF163B22BF5FC3E00E5CCA3 /* ShellScript */,
				1B741BD12E389B8B00ABD57E /* Embed Frameworks */,
			);
			buildRules = (
			);
			dependencies = (
				1BF9FE652BD7936900135E83 /* PBXTargetDependency */,
			);
			name = PixelArtMaker2;
			packageProductDependencies = (
				1B5AB6502BD9F65900786342 /* Alamofire */,
				1B5AB6532BDA128D00786342 /* SwiftyJSON */,
				1BB298562BDA39CF0072C1F8 /* ActivityIndicatorView */,
				1BB298592BDA39F40072C1F8 /* CachedAsyncImage */,
				1BB2985C2BDA3A630072C1F8 /* Marquee */,
				1B8B5D6F2BDA3CE900F536A4 /* SwiftyStoreKit */,
				1B8B5D722BDA3D1300F536A4 /* GoogleSignIn */,
				1B8B5D742BDA3D1300F536A4 /* GoogleSignInSwift */,
				1B8B5D7A2BDA3DC600F536A4 /* ActivityView */,
				1B8B5D7D2BDA3E2800F536A4 /* FirebaseAnalytics */,
				1B8B5D7F2BDA3E2800F536A4 /* FirebaseAnalyticsSwift */,
				1B8B5D812BDA3E2800F536A4 /* FirebaseAppCheck */,
				1B8B5D832BDA3E2800F536A4 /* FirebaseAuth */,
				1B8B5D852BDA3E2800F536A4 /* FirebaseCrashlytics */,
				1B8B5D872BDA3E2800F536A4 /* FirebaseFirestore */,
				1B8B5D892BDA3E2800F536A4 /* FirebaseFirestoreSwift */,
				1B8B5D8B2BDA3E2800F536A4 /* FirebasePerformance */,
				1B8B5D8D2BDA3E2800F536A4 /* FirebaseStorage */,
				1B158E1E2BDF3B9B005AC00E /* SDWebImageSwiftUI */,
				1BAA23782E3318F3008B0D71 /* GoogleMobileAds */,
				1BAA237B2E331915008B0D71 /* GoogleUserMessagingPlatform */,
				1B741B9A2E38965C00ABD57E /* RealmSwift */,
			);
			productName = PixelArtMaker2;
			productReference = 1BF9FE0C2BD789CF00135E83 /* PixelArtMaker2.app */;
			productType = "com.apple.product-type.application";
		};
		1BF9FE552BD7936700135E83 /* widgetExtension */ = {
			isa = PBXNativeTarget;
			buildConfigurationList = 1BF9FE6A2BD7936900135E83 /* Build configuration list for PBXNativeTarget "widgetExtension" */;
			buildPhases = (
				1BF9FE522BD7936700135E83 /* Sources */,
				1BF9FE532BD7936700135E83 /* Frameworks */,
				1BF9FE542BD7936700135E83 /* Resources */,
				1B5BF7362E388EFD00DBD90C /* Embed Frameworks */,
			);
			buildRules = (
			);
			dependencies = (
			);
			name = widgetExtension;
			packageProductDependencies = (
				1B158E202BDF3BB4005AC00E /* SDWebImageSwiftUI */,
			);
			productName = widgetExtension;
			productReference = 1BF9FE562BD7936700135E83 /* widgetExtension.appex */;
			productType = "com.apple.product-type.app-extension";
		};
/* End PBXNativeTarget section */

/* Begin PBXProject section */
		1BF9FE042BD789CF00135E83 /* Project object */ = {
			isa = PBXProject;
			attributes = {
				BuildIndependentTargetsInParallel = 1;
				LastSwiftUpdateCheck = 1530;
				LastUpgradeCheck = 1530;
				TargetAttributes = {
					1BF9FE0B2BD789CF00135E83 = {
						CreatedOnToolsVersion = 15.3;
					};
					1BF9FE552BD7936700135E83 = {
						CreatedOnToolsVersion = 15.3;
					};
				};
			};
			buildConfigurationList = 1BF9FE072BD789CF00135E83 /* Build configuration list for PBXProject "PixelArtMaker2" */;
			compatibilityVersion = "Xcode 14.0";
			developmentRegion = en;
			hasScannedForEncodings = 0;
			knownRegions = (
				en,
				Base,
				ko,
			);
			mainGroup = 1BF9FE032BD789CF00135E83;
			packageReferences = (
				1B5AB64E2BD9F62700786342 /* XCRemoteSwiftPackageReference "SideMenu" */,
				1B5AB64F2BD9F65900786342 /* XCRemoteSwiftPackageReference "Alamofire" */,
				1B5AB6522BDA128D00786342 /* XCRemoteSwiftPackageReference "SwiftyJSON" */,
				1BB298552BDA39CF0072C1F8 /* XCRemoteSwiftPackageReference "ActivityIndicatorView" */,
				1BB298582BDA39F40072C1F8 /* XCRemoteSwiftPackageReference "swiftui-cached-async-image" */,
				1BB2985B2BDA3A630072C1F8 /* XCRemoteSwiftPackageReference "Marquee" */,
				1B8B5D6E2BDA3CE900F536A4 /* XCRemoteSwiftPackageReference "SwiftyStoreKit" */,
				1B8B5D712BDA3D1300F536A4 /* XCRemoteSwiftPackageReference "GoogleSignIn-ios" */,
				1B8B5D792BDA3DC600F536A4 /* XCRemoteSwiftPackageReference "ActivityView" */,
				1B8B5D7C2BDA3E2800F536A4 /* XCRemoteSwiftPackageReference "firebase-ios-sdk" */,
				1B158E1D2BDF3B9B005AC00E /* XCRemoteSwiftPackageReference "SDWebImageSwiftUI" */,
				1BAA23772E3318F3008B0D71 /* XCRemoteSwiftPackageReference "swift-package-manager-google-mobile-ads" */,
				1BAA237A2E331915008B0D71 /* XCRemoteSwiftPackageReference "swift-package-manager-google-user-messaging-platform" */,
				1B741B992E38965C00ABD57E /* XCRemoteSwiftPackageReference "realm-swift" */,
			);
			productRefGroup = 1BF9FE0D2BD789CF00135E83 /* Products */;
			projectDirPath = "";
			projectRoot = "";
			targets = (
				1BF9FE0B2BD789CF00135E83 /* PixelArtMaker2 */,
				1BF9FE552BD7936700135E83 /* widgetExtension */,
			);
		};
/* End PBXProject section */

/* Begin PBXResourcesBuildPhase section */
		1BF9FE0A2BD789CF00135E83 /* Resources */ = {
			isa = PBXResourcesBuildPhase;
			buildActionMask = 2147483647;
			files = (
				1BF9FE172BD789D000135E83 /* Preview Assets.xcassets in Resources */,
				1BF721452BDA4DA300F685A0 /* InfoPlist.xcstrings in Resources */,
				1BA83C902BE0E99E0021A12B /* Launch Screen.storyboard in Resources */,
				1B459DAD2BE4A2B0008E7A3A /* UnifiedNativeAdView.xib in Resources */,
				1B368E072BD79CAB00E10464 /* HTML in Resources */,
				1BB298542BDA39900072C1F8 /* GoogleService-Info.plist in Resources */,
				1B368E0E2BD79EBE00E10464 /* Localizable.xcstrings in Resources */,
				1BF9FE142BD789D000135E83 /* Assets.xcassets in Resources */,
			);
			runOnlyForDeploymentPostprocessing = 0;
		};
		1BF9FE542BD7936700135E83 /* Resources */ = {
			isa = PBXResourcesBuildPhase;
			buildActionMask = 2147483647;
			files = (
				1B368E082BD79CAB00E10464 /* HTML in Resources */,
				1BA83C8D2BE0AFC60021A12B /* Assets.xcassets in Resources */,
				1B368E0F2BD79EBE00E10464 /* Localizable.xcstrings in Resources */,
			);
			runOnlyForDeploymentPostprocessing = 0;
		};
/* End PBXResourcesBuildPhase section */

/* Begin PBXShellScriptBuildPhase section */
		1BF163B22BF5FC3E00E5CCA3 /* ShellScript */ = {
			isa = PBXShellScriptBuildPhase;
			buildActionMask = 2147483647;
			files = (
			);
			inputFileListPaths = (
			);
			inputPaths = (
				"${DWARF_DSYM_FOLDER_PATH}/${DWARF_DSYM_FILE_NAME}",
				"${DWARF_DSYM_FOLDER_PATH}/${DWARF_DSYM_FILE_NAME}/Contents/Resources/DWARF/${PRODUCT_NAME}",
				"${DWARF_DSYM_FOLDER_PATH}/${DWARF_DSYM_FILE_NAME}/Contents/Info.plist",
				"$(TARGET_BUILD_DIR)/$(UNLOCALIZED_RESOURCES_FOLDER_PATH)/GoogleService-Info.plist",
				"$(TARGET_BUILD_DIR)/$(EXECUTABLE_PATH)",
			);
			outputFileListPaths = (
			);
			outputPaths = (
			);
			runOnlyForDeploymentPostprocessing = 0;
			shellPath = /bin/sh;
			shellScript = "# Type a script or drag a script file from your workspace to insert its path.\n\"${BUILD_DIR%/Build/*}/SourcePackages/checkouts/firebase-ios-sdk/Crashlytics/run\"\n";
		};
/* End PBXShellScriptBuildPhase section */

/* Begin PBXSourcesBuildPhase section */
		1BF9FE082BD789CF00135E83 /* Sources */ = {
			isa = PBXSourcesBuildPhase;
			buildActionMask = 2147483647;
			files = (
				1BF7211D2BDA44FE00F685A0 /* ProfileModel.swift in Sources */,
				1B158E102BDF38CB005AC00E /* DrawingToolView.swift in Sources */,
				1B158E032BDF38CB005AC00E /* TimeLineView.swift in Sources */,
				1B368E2D2BD7A4B900E10464 /* Text+Extensions.swift in Sources */,
				1B158E072BDF38CB005AC00E /* ReplyListView.swift in Sources */,
				1B368E042BD79C1500E10464 /* CommonConsts.swift in Sources */,
				1B158E172BDF38CB005AC00E /* TagView.swift in Sources */,
				1BF9FE122BD789CF00135E83 /* ContentView.swift in Sources */,
				1B368E152BD7A25000E10464 /* AppInfomationView.swift in Sources */,
				1BF721432BDA481900F685A0 /* MultiColorAnimeTextView.swift in Sources */,
				1B158E0B2BDF38CB005AC00E /* CanvasView.swift in Sources */,
				1B368E2E2BD7A4B900E10464 /* UIApplication+Extensions.swift in Sources */,
				1BF7211A2BDA44FE00F685A0 /* LayerModel.swift in Sources */,
				1B368E022BD79C1500E10464 /* AppGroup.swift in Sources */,
				1B158E012BDF38CB005AC00E /* InAppPurchesView.swift in Sources */,
				1BF7211B2BDA44FE00F685A0 /* LikeModel.swift in Sources */,
				1B158E052BDF38CB005AC00E /* LoadView.swift in Sources */,
				1B158E132BDF38CB005AC00E /* ActivityIndicator.swift in Sources */,
				1B158E082BDF38CB005AC00E /* ArrowToolView.swift in Sources */,
				1BF721362BDA45CC00F685A0 /* Stack.swift in Sources */,
				1B158E0A2BDF38CB005AC00E /* ProfileView.swift in Sources */,
				1B158E162BDF38CB005AC00E /* LayerToolView.swift in Sources */,
				1BF7211C2BDA44FE00F685A0 /* MyStageModel.swift in Sources */,
				1B158DFD2BDF38CB005AC00E /* TimeLineReplyView.swift in Sources */,
				1B158E272BDF5966005AC00E /* InternetConnectionStateView.swift in Sources */,
				1BF721312BDA452F00F685A0 /* AuthorizationButton.swift in Sources */,
				1B368E3C2BD7A68E00E10464 /* ListType.swift in Sources */,
				1BF721022BDA412B00F685A0 /* AdLoader.swift in Sources */,
				1B158E142BDF38CB005AC00E /* PublicShareListView.swift in Sources */,
				1BF721042BDA412B00F685A0 /* NativeAdView.swift in Sources */,
				1BF721172BDA44FE00F685A0 /* FirebaseStorageImageUrlCashModel.swift in Sources */,
				1B158E092BDF38CB005AC00E /* PhotoPicker.swift in Sources */,
				1BF721202BDA44FE00F685A0 /* StageModel.swift in Sources */,
				1B158E062BDF38CB005AC00E /* PaletteView.swift in Sources */,
				1B158DFC2BDF38CB005AC00E /* LayerEditView.swift in Sources */,
				1B158DD82BDF38A1005AC00E /* StarView.swift in Sources */,
				1B158E022BDF38CB005AC00E /* SidebarMenuView.swift in Sources */,
				1B368E282BD7A4B900E10464 /* CGSize+Extensions.swift in Sources */,
				1B368E402BD7ACCA00E10464 /* ImageLabel.swift in Sources */,
				1BF7213D2BDA47A100F685A0 /* FirestoreHelper.swift in Sources */,
				1BF7211E2BDA44FE00F685A0 /* ReplyModel.swift in Sources */,
				1BF721182BDA44FE00F685A0 /* HistoryModel.swift in Sources */,
				1BF721302BDA452F00F685A0 /* Toast.swift in Sources */,
				1B158E182BDF38CB005AC00E /* SideMenuView.swift in Sources */,
				1BF721342BDA452F00F685A0 /* LikeManager.swift in Sources */,
				1BF721382BDA474000F685A0 /* InAppPurchaseManager.swift in Sources */,
				1B8B5D922BDA3EB600F536A4 /* Realm.Object+Extensions.swift in Sources */,
				1BF721082BDA412B00F685A0 /* GoogleAd.swift in Sources */,
				1BF721212BDA44FE00F685A0 /* TempModel.swift in Sources */,
				1B8B5D912BDA3EB600F536A4 /* Realm+Extensions.swift in Sources */,
				1BF7212F2BDA452F00F685A0 /* AuthManager.swift in Sources */,
				1BF721332BDA452F00F685A0 /* StageManager.swift in Sources */,
				1B368E2C2BD7A4B900E10464 /* Image+Extensions.swift in Sources */,
				1BF721032BDA412B00F685A0 /* GADNativeAd+Extensions.swift in Sources */,
				1BF720F72BDA40C000F685A0 /* AppDelegate.swift in Sources */,
				1B368E272BD7A4B900E10464 /* Binding+Extensions.swift in Sources */,
				1B158E1C2BDF38CB005AC00E /* PixelArtDetailView.swift in Sources */,
				1BF721092BDA412B00F685A0 /* GoogleAdPrompt.swift in Sources */,
				1B368E2A2BD7A4B900E10464 /* Color+Extensions.swift in Sources */,
				1B158E122BDF38CB005AC00E /* ProgressView.swift in Sources */,
				1B158E1A2BDF38CB005AC00E /* FSImageView.swift in Sources */,
				1B368E132BD7A22D00E10464 /* SettingView.swift in Sources */,
				1B368E112BD7A1D000E10464 /* WebView.swift in Sources */,
				1BF7211F2BDA44FE00F685A0 /* SharedStageModel.swift in Sources */,
				1B158DDA2BDF38B7005AC00E /* ArticleLikeView.swift in Sources */,
				1B158E0C2BDF38CB005AC00E /* ArtListView.swift in Sources */,
				1B158E0E2BDF38CB005AC00E /* PixelDrawView.swift in Sources */,
				1B158DFE2BDF38CB005AC00E /* SigninView.swift in Sources */,
				1B158E042BDF38CB005AC00E /* LikePeopleListView.swift in Sources */,
				1B158E112BDF38CB005AC00E /* OrangeTextView.swift in Sources */,
				1BF721192BDA44FE00F685A0 /* InAppPurchaseModel.swift in Sources */,
				1BF721072BDA412B00F685A0 /* BannerAdView.swift in Sources */,
				1BC7494D2BE0868000CCF194 /* AppCheck.swift in Sources */,
				1BF721322BDA452F00F685A0 /* HIstoryManager.swift in Sources */,
				1B368E2B2BD7A4B900E10464 /* Float+Extensions.swift in Sources */,
				1BF721052BDA412B00F685A0 /* UnifiedNativeAdView.swift in Sources */,
				1B158E0D2BDF38CB005AC00E /* ColorPresetView.swift in Sources */,
				1BF7212E2BDA452F00F685A0 /* SortType.swift in Sources */,
				1BF7212D2BDA452F00F685A0 /* ReplyManager.swift in Sources */,
				1BF721412BDA47F600F685A0 /* PathFinder.swift in Sources */,
				1B158E152BDF38CB005AC00E /* SaveView.swift in Sources */,
				1B158E252BDF3C51005AC00E /* DimLoadingViewController.swift in Sources */,
				1B158E192BDF38CB005AC00E /* NewCanvasView.swift in Sources */,
				1B158E002BDF38CB005AC00E /* TimeLineTabView.swift in Sources */,
				1B368E302BD7A4B900E10464 /* UIScreen+Extensions.swift in Sources */,
				1B158E1B2BDF38CB005AC00E /* LabelTextView.swift in Sources */,
				1BF721222BDA44FE00F685A0 /* TracingImageModel.swift in Sources */,
				1B368E292BD7A4B900E10464 /* Character+Extensions.swift in Sources */,
				1B158E0F2BDF38CB005AC00E /* ReplyView.swift in Sources */,
				1B368E2F2BD7A4B900E10464 /* UIImage+Extensions.swift in Sources */,
				1BF7213B2BDA478A00F685A0 /* FirebaseStorageHelper.swift in Sources */,
				1B158DFF2BDF38CB005AC00E /* LikeArtListView.swift in Sources */,
				1B368E392BD7A5E000E10464 /* UserDefault+Extensions.swift in Sources */,
				1BF7213F2BDA47C700F685A0 /* Consts.swift in Sources */,
				1BF9FE102BD789CF00135E83 /* PixelArtMaker2App.swift in Sources */,
				1B158E232BDF3C04005AC00E /* Utill.swift in Sources */,
			);
			runOnlyForDeploymentPostprocessing = 0;
		};
		1BF9FE522BD7936700135E83 /* Sources */ = {
			isa = PBXSourcesBuildPhase;
			buildActionMask = 2147483647;
			files = (
				1B368E052BD79C1500E10464 /* CommonConsts.swift in Sources */,
				1BF9FE5E2BD7936700135E83 /* widgetBundle.swift in Sources */,
				1B368E032BD79C1500E10464 /* AppGroup.swift in Sources */,
				1BF9FE602BD7936700135E83 /* widget.swift in Sources */,
			);
			runOnlyForDeploymentPostprocessing = 0;
		};
/* End PBXSourcesBuildPhase section */

/* Begin PBXTargetDependency section */
		1BF9FE652BD7936900135E83 /* PBXTargetDependency */ = {
			isa = PBXTargetDependency;
			target = 1BF9FE552BD7936700135E83 /* widgetExtension */;
			targetProxy = 1BF9FE642BD7936900135E83 /* PBXContainerItemProxy */;
		};
/* End PBXTargetDependency section */

/* Begin PBXVariantGroup section */
		1B459DAC2BE4A2B0008E7A3A /* UnifiedNativeAdView.xib */ = {
			isa = PBXVariantGroup;
			children = (
				1B459DAB2BE4A2B0008E7A3A /* Base */,
				1B459DAE2BE4A2B0008E7A3A /* mul */,
			);
			name = UnifiedNativeAdView.xib;
			sourceTree = "<group>";
		};
/* End PBXVariantGroup section */

/* Begin XCBuildConfiguration section */
		1BF9FE182BD789D000135E83 /* Debug */ = {
			isa = XCBuildConfiguration;
			buildSettings = {
				ALWAYS_SEARCH_USER_PATHS = NO;
				ASSETCATALOG_COMPILER_GENERATE_SWIFT_ASSET_SYMBOL_EXTENSIONS = YES;
				CLANG_ANALYZER_NONNULL = YES;
				CLANG_ANALYZER_NUMBER_OBJECT_CONVERSION = YES_AGGRESSIVE;
				CLANG_CXX_LANGUAGE_STANDARD = "gnu++20";
				CLANG_ENABLE_MODULES = YES;
				CLANG_ENABLE_OBJC_ARC = YES;
				CLANG_ENABLE_OBJC_WEAK = YES;
				CLANG_WARN_BLOCK_CAPTURE_AUTORELEASING = YES;
				CLANG_WARN_BOOL_CONVERSION = YES;
				CLANG_WARN_COMMA = YES;
				CLANG_WARN_CONSTANT_CONVERSION = YES;
				CLANG_WARN_DEPRECATED_OBJC_IMPLEMENTATIONS = YES;
				CLANG_WARN_DIRECT_OBJC_ISA_USAGE = YES_ERROR;
				CLANG_WARN_DOCUMENTATION_COMMENTS = YES;
				CLANG_WARN_EMPTY_BODY = YES;
				CLANG_WARN_ENUM_CONVERSION = YES;
				CLANG_WARN_INFINITE_RECURSION = YES;
				CLANG_WARN_INT_CONVERSION = YES;
				CLANG_WARN_NON_LITERAL_NULL_CONVERSION = YES;
				CLANG_WARN_OBJC_IMPLICIT_RETAIN_SELF = YES;
				CLANG_WARN_OBJC_LITERAL_CONVERSION = YES;
				CLANG_WARN_OBJC_ROOT_CLASS = YES_ERROR;
				CLANG_WARN_QUOTED_INCLUDE_IN_FRAMEWORK_HEADER = YES;
				CLANG_WARN_RANGE_LOOP_ANALYSIS = YES;
				CLANG_WARN_STRICT_PROTOTYPES = YES;
				CLANG_WARN_SUSPICIOUS_MOVE = YES;
				CLANG_WARN_UNGUARDED_AVAILABILITY = YES_AGGRESSIVE;
				CLANG_WARN_UNREACHABLE_CODE = YES;
				CLANG_WARN__DUPLICATE_METHOD_MATCH = YES;
				COPY_PHASE_STRIP = NO;
				DEBUG_INFORMATION_FORMAT = "dwarf-with-dsym";
				ENABLE_STRICT_OBJC_MSGSEND = YES;
				ENABLE_TESTABILITY = YES;
				ENABLE_USER_SCRIPT_SANDBOXING = YES;
				GCC_C_LANGUAGE_STANDARD = gnu17;
				GCC_DYNAMIC_NO_PIC = NO;
				GCC_NO_COMMON_BLOCKS = YES;
				GCC_OPTIMIZATION_LEVEL = 0;
				GCC_PREPROCESSOR_DEFINITIONS = (
					"DEBUG=1",
					"$(inherited)",
				);
				GCC_WARN_64_TO_32_BIT_CONVERSION = YES;
				GCC_WARN_ABOUT_RETURN_TYPE = YES_ERROR;
				GCC_WARN_UNDECLARED_SELECTOR = YES;
				GCC_WARN_UNINITIALIZED_AUTOS = YES_AGGRESSIVE;
				GCC_WARN_UNUSED_FUNCTION = YES;
				GCC_WARN_UNUSED_VARIABLE = YES;
				IPHONEOS_DEPLOYMENT_TARGET = 16.0;
				LOCALIZATION_PREFERS_STRING_CATALOGS = YES;
				MTL_ENABLE_DEBUG_INFO = INCLUDE_SOURCE;
				MTL_FAST_MATH = YES;
				ONLY_ACTIVE_ARCH = YES;
				SDKROOT = iphoneos;
				SWIFT_ACTIVE_COMPILATION_CONDITIONS = "DEBUG $(inherited)";
				SWIFT_OPTIMIZATION_LEVEL = "-Onone";
			};
			name = Debug;
		};
		1BF9FE192BD789D000135E83 /* Release */ = {
			isa = XCBuildConfiguration;
			buildSettings = {
				ALWAYS_SEARCH_USER_PATHS = NO;
				ASSETCATALOG_COMPILER_GENERATE_SWIFT_ASSET_SYMBOL_EXTENSIONS = YES;
				CLANG_ANALYZER_NONNULL = YES;
				CLANG_ANALYZER_NUMBER_OBJECT_CONVERSION = YES_AGGRESSIVE;
				CLANG_CXX_LANGUAGE_STANDARD = "gnu++20";
				CLANG_ENABLE_MODULES = YES;
				CLANG_ENABLE_OBJC_ARC = YES;
				CLANG_ENABLE_OBJC_WEAK = YES;
				CLANG_WARN_BLOCK_CAPTURE_AUTORELEASING = YES;
				CLANG_WARN_BOOL_CONVERSION = YES;
				CLANG_WARN_COMMA = YES;
				CLANG_WARN_CONSTANT_CONVERSION = YES;
				CLANG_WARN_DEPRECATED_OBJC_IMPLEMENTATIONS = YES;
				CLANG_WARN_DIRECT_OBJC_ISA_USAGE = YES_ERROR;
				CLANG_WARN_DOCUMENTATION_COMMENTS = YES;
				CLANG_WARN_EMPTY_BODY = YES;
				CLANG_WARN_ENUM_CONVERSION = YES;
				CLANG_WARN_INFINITE_RECURSION = YES;
				CLANG_WARN_INT_CONVERSION = YES;
				CLANG_WARN_NON_LITERAL_NULL_CONVERSION = YES;
				CLANG_WARN_OBJC_IMPLICIT_RETAIN_SELF = YES;
				CLANG_WARN_OBJC_LITERAL_CONVERSION = YES;
				CLANG_WARN_OBJC_ROOT_CLASS = YES_ERROR;
				CLANG_WARN_QUOTED_INCLUDE_IN_FRAMEWORK_HEADER = YES;
				CLANG_WARN_RANGE_LOOP_ANALYSIS = YES;
				CLANG_WARN_STRICT_PROTOTYPES = YES;
				CLANG_WARN_SUSPICIOUS_MOVE = YES;
				CLANG_WARN_UNGUARDED_AVAILABILITY = YES_AGGRESSIVE;
				CLANG_WARN_UNREACHABLE_CODE = YES;
				CLANG_WARN__DUPLICATE_METHOD_MATCH = YES;
				COPY_PHASE_STRIP = NO;
				DEBUG_INFORMATION_FORMAT = "dwarf-with-dsym";
				ENABLE_NS_ASSERTIONS = NO;
				ENABLE_STRICT_OBJC_MSGSEND = YES;
				ENABLE_USER_SCRIPT_SANDBOXING = YES;
				GCC_C_LANGUAGE_STANDARD = gnu17;
				GCC_NO_COMMON_BLOCKS = YES;
				GCC_WARN_64_TO_32_BIT_CONVERSION = YES;
				GCC_WARN_ABOUT_RETURN_TYPE = YES_ERROR;
				GCC_WARN_UNDECLARED_SELECTOR = YES;
				GCC_WARN_UNINITIALIZED_AUTOS = YES_AGGRESSIVE;
				GCC_WARN_UNUSED_FUNCTION = YES;
				GCC_WARN_UNUSED_VARIABLE = YES;
				IPHONEOS_DEPLOYMENT_TARGET = 16.0;
				LOCALIZATION_PREFERS_STRING_CATALOGS = YES;
				MTL_ENABLE_DEBUG_INFO = NO;
				MTL_FAST_MATH = YES;
				SDKROOT = iphoneos;
				SWIFT_COMPILATION_MODE = wholemodule;
				VALIDATE_PRODUCT = YES;
			};
			name = Release;
		};
		1BF9FE1B2BD789D000135E83 /* Debug */ = {
			isa = XCBuildConfiguration;
			buildSettings = {
				ALWAYS_EMBED_SWIFT_STANDARD_LIBRARIES = YES;
				ASSETCATALOG_COMPILER_APPICON_NAME = AppIcon;
				ASSETCATALOG_COMPILER_GLOBAL_ACCENT_COLOR_NAME = AccentColor;
				CODE_SIGN_ENTITLEMENTS = PixelArtMaker2/PixelArtMaker2.entitlements;
				CODE_SIGN_STYLE = Automatic;
				CURRENT_PROJECT_VERSION = 1;
				DEVELOPMENT_ASSET_PATHS = "\"PixelArtMaker2/Preview Content\"";
				DEVELOPMENT_TEAM = QU9EPTU238;
				ENABLE_PREVIEWS = YES;
				GENERATE_INFOPLIST_FILE = YES;
				INFOPLIST_FILE = PixelArtMaker2/Info.plist;
				INFOPLIST_KEY_CFBundleDisplayName = PixelArtMaker;
				INFOPLIST_KEY_ITSAppUsesNonExemptEncryption = NO;
				INFOPLIST_KEY_LSApplicationCategoryType = "public.app-category.graphics-design";
				INFOPLIST_KEY_NSPhotoLibraryAddUsageDescription = "Photo library access is required for tracing.";
				INFOPLIST_KEY_NSPhotoLibraryUsageDescription = "Photo library access is required for tracing.";
				INFOPLIST_KEY_NSUserTrackingUsageDescription = "This identifier will be used to deliver personalized ads to you.";
				INFOPLIST_KEY_UIApplicationSceneManifest_Generation = YES;
				INFOPLIST_KEY_UIApplicationSupportsIndirectInputEvents = YES;
				INFOPLIST_KEY_UILaunchScreen_Generation = YES;
				INFOPLIST_KEY_UILaunchStoryboardName = "Launch Screen.storyboard";
				INFOPLIST_KEY_UISupportedInterfaceOrientations_iPad = "UIInterfaceOrientationPortrait UIInterfaceOrientationPortraitUpsideDown UIInterfaceOrientationLandscapeLeft UIInterfaceOrientationLandscapeRight";
				INFOPLIST_KEY_UISupportedInterfaceOrientations_iPhone = "UIInterfaceOrientationPortrait UIInterfaceOrientationLandscapeLeft UIInterfaceOrientationLandscapeRight";
				IPHONEOS_DEPLOYMENT_TARGET = 16.0;
				LD_RUNPATH_SEARCH_PATHS = (
					"$(inherited)",
					"@executable_path/Frameworks",
				);
				MARKETING_VERSION = 1.1.2;
				PRODUCT_BUNDLE_IDENTIFIER = net.kongbaguni.PixelArtMaker;
				PRODUCT_NAME = "$(TARGET_NAME)";
				SWIFT_EMIT_LOC_STRINGS = YES;
				SWIFT_VERSION = 5.0;
				TARGETED_DEVICE_FAMILY = "1,2";
			};
			name = Debug;
		};
		1BF9FE1C2BD789D000135E83 /* Release */ = {
			isa = XCBuildConfiguration;
			buildSettings = {
				ALWAYS_EMBED_SWIFT_STANDARD_LIBRARIES = YES;
				ASSETCATALOG_COMPILER_APPICON_NAME = AppIcon;
				ASSETCATALOG_COMPILER_GLOBAL_ACCENT_COLOR_NAME = AccentColor;
				CODE_SIGN_ENTITLEMENTS = PixelArtMaker2/PixelArtMaker2.entitlements;
				CODE_SIGN_STYLE = Automatic;
				CURRENT_PROJECT_VERSION = 1;
				DEVELOPMENT_ASSET_PATHS = "\"PixelArtMaker2/Preview Content\"";
				DEVELOPMENT_TEAM = QU9EPTU238;
				ENABLE_PREVIEWS = YES;
				GENERATE_INFOPLIST_FILE = YES;
				INFOPLIST_FILE = PixelArtMaker2/Info.plist;
				INFOPLIST_KEY_CFBundleDisplayName = PixelArtMaker;
				INFOPLIST_KEY_ITSAppUsesNonExemptEncryption = NO;
				INFOPLIST_KEY_LSApplicationCategoryType = "public.app-category.graphics-design";
				INFOPLIST_KEY_NSPhotoLibraryAddUsageDescription = "Photo library access is required for tracing.";
				INFOPLIST_KEY_NSPhotoLibraryUsageDescription = "Photo library access is required for tracing.";
				INFOPLIST_KEY_NSUserTrackingUsageDescription = "This identifier will be used to deliver personalized ads to you.";
				INFOPLIST_KEY_UIApplicationSceneManifest_Generation = YES;
				INFOPLIST_KEY_UIApplicationSupportsIndirectInputEvents = YES;
				INFOPLIST_KEY_UILaunchScreen_Generation = YES;
				INFOPLIST_KEY_UILaunchStoryboardName = "Launch Screen.storyboard";
				INFOPLIST_KEY_UISupportedInterfaceOrientations_iPad = "UIInterfaceOrientationPortrait UIInterfaceOrientationPortraitUpsideDown UIInterfaceOrientationLandscapeLeft UIInterfaceOrientationLandscapeRight";
				INFOPLIST_KEY_UISupportedInterfaceOrientations_iPhone = "UIInterfaceOrientationPortrait UIInterfaceOrientationLandscapeLeft UIInterfaceOrientationLandscapeRight";
				IPHONEOS_DEPLOYMENT_TARGET = 16.0;
				LD_RUNPATH_SEARCH_PATHS = (
					"$(inherited)",
					"@executable_path/Frameworks",
				);
				MARKETING_VERSION = 1.1.2;
				PRODUCT_BUNDLE_IDENTIFIER = net.kongbaguni.PixelArtMaker;
				PRODUCT_NAME = "$(TARGET_NAME)";
				SWIFT_EMIT_LOC_STRINGS = YES;
				SWIFT_VERSION = 5.0;
				TARGETED_DEVICE_FAMILY = "1,2";
			};
			name = Release;
		};
		1BF9FE682BD7936900135E83 /* Debug */ = {
			isa = XCBuildConfiguration;
			buildSettings = {
				ASSETCATALOG_COMPILER_GLOBAL_ACCENT_COLOR_NAME = AccentColor;
				ASSETCATALOG_COMPILER_WIDGET_BACKGROUND_COLOR_NAME = WidgetBackground;
				CODE_SIGN_ENTITLEMENTS = widgetExtension.entitlements;
				CODE_SIGN_STYLE = Automatic;
				CURRENT_PROJECT_VERSION = 1;
				DEVELOPMENT_TEAM = QU9EPTU238;
				GENERATE_INFOPLIST_FILE = YES;
				INFOPLIST_FILE = widget/Info.plist;
				INFOPLIST_KEY_CFBundleDisplayName = widget;
				INFOPLIST_KEY_NSHumanReadableCopyright = "";
				LD_RUNPATH_SEARCH_PATHS = (
					"$(inherited)",
					"@executable_path/Frameworks",
					"@executable_path/../../Frameworks",
				);
				MARKETING_VERSION = 1.1.2;
				PRODUCT_BUNDLE_IDENTIFIER = net.kongbaguni.PixelArtMaker.widget;
				PRODUCT_NAME = "$(TARGET_NAME)";
				SKIP_INSTALL = YES;
				SWIFT_EMIT_LOC_STRINGS = YES;
				SWIFT_VERSION = 5.0;
				TARGETED_DEVICE_FAMILY = "1,2";
			};
			name = Debug;
		};
		1BF9FE692BD7936900135E83 /* Release */ = {
			isa = XCBuildConfiguration;
			buildSettings = {
				ASSETCATALOG_COMPILER_GLOBAL_ACCENT_COLOR_NAME = AccentColor;
				ASSETCATALOG_COMPILER_WIDGET_BACKGROUND_COLOR_NAME = WidgetBackground;
				CODE_SIGN_ENTITLEMENTS = widgetExtension.entitlements;
				CODE_SIGN_STYLE = Automatic;
				CURRENT_PROJECT_VERSION = 1;
				DEVELOPMENT_TEAM = QU9EPTU238;
				GENERATE_INFOPLIST_FILE = YES;
				INFOPLIST_FILE = widget/Info.plist;
				INFOPLIST_KEY_CFBundleDisplayName = widget;
				INFOPLIST_KEY_NSHumanReadableCopyright = "";
				LD_RUNPATH_SEARCH_PATHS = (
					"$(inherited)",
					"@executable_path/Frameworks",
					"@executable_path/../../Frameworks",
				);
				MARKETING_VERSION = 1.1.2;
				PRODUCT_BUNDLE_IDENTIFIER = net.kongbaguni.PixelArtMaker.widget;
				PRODUCT_NAME = "$(TARGET_NAME)";
				SKIP_INSTALL = YES;
				SWIFT_EMIT_LOC_STRINGS = YES;
				SWIFT_VERSION = 5.0;
				TARGETED_DEVICE_FAMILY = "1,2";
			};
			name = Release;
		};
/* End XCBuildConfiguration section */

/* Begin XCConfigurationList section */
		1BF9FE072BD789CF00135E83 /* Build configuration list for PBXProject "PixelArtMaker2" */ = {
			isa = XCConfigurationList;
			buildConfigurations = (
				1BF9FE182BD789D000135E83 /* Debug */,
				1BF9FE192BD789D000135E83 /* Release */,
			);
			defaultConfigurationIsVisible = 0;
			defaultConfigurationName = Release;
		};
		1BF9FE1A2BD789D000135E83 /* Build configuration list for PBXNativeTarget "PixelArtMaker2" */ = {
			isa = XCConfigurationList;
			buildConfigurations = (
				1BF9FE1B2BD789D000135E83 /* Debug */,
				1BF9FE1C2BD789D000135E83 /* Release */,
			);
			defaultConfigurationIsVisible = 0;
			defaultConfigurationName = Release;
		};
		1BF9FE6A2BD7936900135E83 /* Build configuration list for PBXNativeTarget "widgetExtension" */ = {
			isa = XCConfigurationList;
			buildConfigurations = (
				1BF9FE682BD7936900135E83 /* Debug */,
				1BF9FE692BD7936900135E83 /* Release */,
			);
			defaultConfigurationIsVisible = 0;
			defaultConfigurationName = Release;
		};
/* End XCConfigurationList section */

/* Begin XCRemoteSwiftPackageReference section */
		1B158E1D2BDF3B9B005AC00E /* XCRemoteSwiftPackageReference "SDWebImageSwiftUI" */ = {
			isa = XCRemoteSwiftPackageReference;
			repositoryURL = "https://github.com/SDWebImage/SDWebImageSwiftUI.git";
			requirement = {
				kind = upToNextMajorVersion;
				minimumVersion = 3.0.2;
			};
		};
		1B5AB64E2BD9F62700786342 /* XCRemoteSwiftPackageReference "SideMenu" */ = {
			isa = XCRemoteSwiftPackageReference;
			repositoryURL = "https://github.com/Vidhyadharan-Mohanram/SideMenu";
			requirement = {
				kind = upToNextMajorVersion;
				minimumVersion = 0.1.0;
			};
		};
		1B5AB64F2BD9F65900786342 /* XCRemoteSwiftPackageReference "Alamofire" */ = {
			isa = XCRemoteSwiftPackageReference;
			repositoryURL = "https://github.com/Alamofire/Alamofire.git";
			requirement = {
				kind = upToNextMajorVersion;
				minimumVersion = 5.9.1;
			};
		};
		1B5AB6522BDA128D00786342 /* XCRemoteSwiftPackageReference "SwiftyJSON" */ = {
			isa = XCRemoteSwiftPackageReference;
			repositoryURL = "https://github.com/SwiftyJSON/SwiftyJSON.git";
			requirement = {
				kind = upToNextMajorVersion;
				minimumVersion = 5.0.2;
			};
		};
		1B741B992E38965C00ABD57E /* XCRemoteSwiftPackageReference "realm-swift" */ = {
			isa = XCRemoteSwiftPackageReference;
			repositoryURL = "https://github.com/realm/realm-swift.git";
			requirement = {
				kind = exactVersion;
				version = 20.0.3;
			};
		};
		1B8B5D6E2BDA3CE900F536A4 /* XCRemoteSwiftPackageReference "SwiftyStoreKit" */ = {
			isa = XCRemoteSwiftPackageReference;
			repositoryURL = "https://github.com/bizz84/SwiftyStoreKit.git";
			requirement = {
				kind = upToNextMajorVersion;
				minimumVersion = 0.16.4;
			};
		};
		1B8B5D712BDA3D1300F536A4 /* XCRemoteSwiftPackageReference "GoogleSignIn-ios" */ = {
			isa = XCRemoteSwiftPackageReference;
			repositoryURL = "https://github.com/google/GoogleSignIn-ios.git";
			requirement = {
				kind = upToNextMajorVersion;
				minimumVersion = 7.1.0;
			};
		};
		1B8B5D792BDA3DC600F536A4 /* XCRemoteSwiftPackageReference "ActivityView" */ = {
			isa = XCRemoteSwiftPackageReference;
			repositoryURL = "https://github.com/SwiftUI-Plus/ActivityView.git";
			requirement = {
				kind = upToNextMajorVersion;
				minimumVersion = 1.2.0;
			};
		};
		1B8B5D7C2BDA3E2800F536A4 /* XCRemoteSwiftPackageReference "firebase-ios-sdk" */ = {
			isa = XCRemoteSwiftPackageReference;
			repositoryURL = "https://github.com/firebase/firebase-ios-sdk";
			requirement = {
				kind = upToNextMajorVersion;
				minimumVersion = 10.24.0;
			};
		};
		1BAA23772E3318F3008B0D71 /* XCRemoteSwiftPackageReference "swift-package-manager-google-mobile-ads" */ = {
			isa = XCRemoteSwiftPackageReference;
			repositoryURL = "https://github.com/googleads/swift-package-manager-google-mobile-ads.git";
			requirement = {
				kind = upToNextMajorVersion;
				minimumVersion = 12.7.0;
			};
		};
		1BAA237A2E331915008B0D71 /* XCRemoteSwiftPackageReference "swift-package-manager-google-user-messaging-platform" */ = {
			isa = XCRemoteSwiftPackageReference;
			repositoryURL = "https://github.com/googleads/swift-package-manager-google-user-messaging-platform";
			requirement = {
				kind = upToNextMajorVersion;
				minimumVersion = 3.0.0;
			};
		};
		1BB298552BDA39CF0072C1F8 /* XCRemoteSwiftPackageReference "ActivityIndicatorView" */ = {
			isa = XCRemoteSwiftPackageReference;
			repositoryURL = "https://github.com/exyte/ActivityIndicatorView.git";
			requirement = {
				kind = upToNextMajorVersion;
				minimumVersion = 1.1.1;
			};
		};
		1BB298582BDA39F40072C1F8 /* XCRemoteSwiftPackageReference "swiftui-cached-async-image" */ = {
			isa = XCRemoteSwiftPackageReference;
			repositoryURL = "https://github.com/lorenzofiamingo/swiftui-cached-async-image";
			requirement = {
				kind = upToNextMajorVersion;
				minimumVersion = 2.1.1;
			};
		};
		1BB2985B2BDA3A630072C1F8 /* XCRemoteSwiftPackageReference "Marquee" */ = {
			isa = XCRemoteSwiftPackageReference;
			repositoryURL = "https://github.com/SwiftUIKit/Marquee";
			requirement = {
				kind = upToNextMajorVersion;
				minimumVersion = 0.3.0;
			};
		};
/* End XCRemoteSwiftPackageReference section */

/* Begin XCSwiftPackageProductDependency section */
		1B158E1E2BDF3B9B005AC00E /* SDWebImageSwiftUI */ = {
			isa = XCSwiftPackageProductDependency;
			package = 1B158E1D2BDF3B9B005AC00E /* XCRemoteSwiftPackageReference "SDWebImageSwiftUI" */;
			productName = SDWebImageSwiftUI;
		};
		1B158E202BDF3BB4005AC00E /* SDWebImageSwiftUI */ = {
			isa = XCSwiftPackageProductDependency;
			package = 1B158E1D2BDF3B9B005AC00E /* XCRemoteSwiftPackageReference "SDWebImageSwiftUI" */;
			productName = SDWebImageSwiftUI;
		};
		1B5AB6502BD9F65900786342 /* Alamofire */ = {
			isa = XCSwiftPackageProductDependency;
			package = 1B5AB64F2BD9F65900786342 /* XCRemoteSwiftPackageReference "Alamofire" */;
			productName = Alamofire;
		};
		1B5AB6532BDA128D00786342 /* SwiftyJSON */ = {
			isa = XCSwiftPackageProductDependency;
			package = 1B5AB6522BDA128D00786342 /* XCRemoteSwiftPackageReference "SwiftyJSON" */;
			productName = SwiftyJSON;
		};
		1B741B9A2E38965C00ABD57E /* RealmSwift */ = {
			isa = XCSwiftPackageProductDependency;
			package = 1B741B992E38965C00ABD57E /* XCRemoteSwiftPackageReference "realm-swift" */;
			productName = RealmSwift;
		};
		1B8B5D6F2BDA3CE900F536A4 /* SwiftyStoreKit */ = {
			isa = XCSwiftPackageProductDependency;
			package = 1B8B5D6E2BDA3CE900F536A4 /* XCRemoteSwiftPackageReference "SwiftyStoreKit" */;
			productName = SwiftyStoreKit;
		};
		1B8B5D722BDA3D1300F536A4 /* GoogleSignIn */ = {
			isa = XCSwiftPackageProductDependency;
			package = 1B8B5D712BDA3D1300F536A4 /* XCRemoteSwiftPackageReference "GoogleSignIn-ios" */;
			productName = GoogleSignIn;
		};
		1B8B5D742BDA3D1300F536A4 /* GoogleSignInSwift */ = {
			isa = XCSwiftPackageProductDependency;
			package = 1B8B5D712BDA3D1300F536A4 /* XCRemoteSwiftPackageReference "GoogleSignIn-ios" */;
			productName = GoogleSignInSwift;
		};
		1B8B5D7A2BDA3DC600F536A4 /* ActivityView */ = {
			isa = XCSwiftPackageProductDependency;
			package = 1B8B5D792BDA3DC600F536A4 /* XCRemoteSwiftPackageReference "ActivityView" */;
			productName = ActivityView;
		};
		1B8B5D7D2BDA3E2800F536A4 /* FirebaseAnalytics */ = {
			isa = XCSwiftPackageProductDependency;
			package = 1B8B5D7C2BDA3E2800F536A4 /* XCRemoteSwiftPackageReference "firebase-ios-sdk" */;
			productName = FirebaseAnalytics;
		};
		1B8B5D7F2BDA3E2800F536A4 /* FirebaseAnalyticsSwift */ = {
			isa = XCSwiftPackageProductDependency;
			package = 1B8B5D7C2BDA3E2800F536A4 /* XCRemoteSwiftPackageReference "firebase-ios-sdk" */;
			productName = FirebaseAnalyticsSwift;
		};
		1B8B5D812BDA3E2800F536A4 /* FirebaseAppCheck */ = {
			isa = XCSwiftPackageProductDependency;
			package = 1B8B5D7C2BDA3E2800F536A4 /* XCRemoteSwiftPackageReference "firebase-ios-sdk" */;
			productName = FirebaseAppCheck;
		};
		1B8B5D832BDA3E2800F536A4 /* FirebaseAuth */ = {
			isa = XCSwiftPackageProductDependency;
			package = 1B8B5D7C2BDA3E2800F536A4 /* XCRemoteSwiftPackageReference "firebase-ios-sdk" */;
			productName = FirebaseAuth;
		};
		1B8B5D852BDA3E2800F536A4 /* FirebaseCrashlytics */ = {
			isa = XCSwiftPackageProductDependency;
			package = 1B8B5D7C2BDA3E2800F536A4 /* XCRemoteSwiftPackageReference "firebase-ios-sdk" */;
			productName = FirebaseCrashlytics;
		};
		1B8B5D872BDA3E2800F536A4 /* FirebaseFirestore */ = {
			isa = XCSwiftPackageProductDependency;
			package = 1B8B5D7C2BDA3E2800F536A4 /* XCRemoteSwiftPackageReference "firebase-ios-sdk" */;
			productName = FirebaseFirestore;
		};
		1B8B5D892BDA3E2800F536A4 /* FirebaseFirestoreSwift */ = {
			isa = XCSwiftPackageProductDependency;
			package = 1B8B5D7C2BDA3E2800F536A4 /* XCRemoteSwiftPackageReference "firebase-ios-sdk" */;
			productName = FirebaseFirestoreSwift;
		};
		1B8B5D8B2BDA3E2800F536A4 /* FirebasePerformance */ = {
			isa = XCSwiftPackageProductDependency;
			package = 1B8B5D7C2BDA3E2800F536A4 /* XCRemoteSwiftPackageReference "firebase-ios-sdk" */;
			productName = FirebasePerformance;
		};
		1B8B5D8D2BDA3E2800F536A4 /* FirebaseStorage */ = {
			isa = XCSwiftPackageProductDependency;
			package = 1B8B5D7C2BDA3E2800F536A4 /* XCRemoteSwiftPackageReference "firebase-ios-sdk" */;
			productName = FirebaseStorage;
		};
		1BAA23782E3318F3008B0D71 /* GoogleMobileAds */ = {
			isa = XCSwiftPackageProductDependency;
			package = 1BAA23772E3318F3008B0D71 /* XCRemoteSwiftPackageReference "swift-package-manager-google-mobile-ads" */;
			productName = GoogleMobileAds;
		};
		1BAA237B2E331915008B0D71 /* GoogleUserMessagingPlatform */ = {
			isa = XCSwiftPackageProductDependency;
			package = 1BAA237A2E331915008B0D71 /* XCRemoteSwiftPackageReference "swift-package-manager-google-user-messaging-platform" */;
			productName = GoogleUserMessagingPlatform;
		};
		1BB298562BDA39CF0072C1F8 /* ActivityIndicatorView */ = {
			isa = XCSwiftPackageProductDependency;
			package = 1BB298552BDA39CF0072C1F8 /* XCRemoteSwiftPackageReference "ActivityIndicatorView" */;
			productName = ActivityIndicatorView;
		};
		1BB298592BDA39F40072C1F8 /* CachedAsyncImage */ = {
			isa = XCSwiftPackageProductDependency;
			package = 1BB298582BDA39F40072C1F8 /* XCRemoteSwiftPackageReference "swiftui-cached-async-image" */;
			productName = CachedAsyncImage;
		};
		1BB2985C2BDA3A630072C1F8 /* Marquee */ = {
			isa = XCSwiftPackageProductDependency;
			package = 1BB2985B2BDA3A630072C1F8 /* XCRemoteSwiftPackageReference "Marquee" */;
			productName = Marquee;
		};
/* End XCSwiftPackageProductDependency section */
	};
	rootObject = 1BF9FE042BD789CF00135E83 /* Project object */;
}
