// !$*UTF8*$!
{
	archiveVersion = 1;
	classes = {
	};
	objectVersion = 55;
	objects = {

/* Begin PBXBuildFile section */
		1B28C3C627BE100F003F8312 /* Tests_iOS.swift in Sources */ = {isa = PBXBuildFile; fileRef = 1B28C3C527BE100F003F8312 /* Tests_iOS.swift */; };
		1B28C3C827BE100F003F8312 /* Tests_iOSLaunchTests.swift in Sources */ = {isa = PBXBuildFile; fileRef = 1B28C3C727BE100F003F8312 /* Tests_iOSLaunchTests.swift */; };
		1B28C3D527BE100F003F8312 /* PixelArtMakerApp.swift in Sources */ = {isa = PBXBuildFile; fileRef = 1B28C3AD27BE100E003F8312 /* PixelArtMakerApp.swift */; };
		1B28C3D727BE100F003F8312 /* ContentView.swift in Sources */ = {isa = PBXBuildFile; fileRef = 1B28C3AE27BE100E003F8312 /* ContentView.swift */; };
		1B28C3D927BE100F003F8312 /* Assets.xcassets in Resources */ = {isa = PBXBuildFile; fileRef = 1B28C3AF27BE100F003F8312 /* Assets.xcassets */; };
		1B28C3EB27BE108F003F8312 /* LayerModel.swift in Sources */ = {isa = PBXBuildFile; fileRef = 1B28C3EA27BE108F003F8312 /* LayerModel.swift */; };
		1B28C3EE27BE123E003F8312 /* PixelDrawView.swift in Sources */ = {isa = PBXBuildFile; fileRef = 1B28C3ED27BE123E003F8312 /* PixelDrawView.swift */; };
		1B28C3F227BF2F6A003F8312 /* StageManager.swift in Sources */ = {isa = PBXBuildFile; fileRef = 1B28C3F127BF2F6A003F8312 /* StageManager.swift */; };
		1B28C3F427BF302B003F8312 /* StageModel.swift in Sources */ = {isa = PBXBuildFile; fileRef = 1B28C3F327BF302B003F8312 /* StageModel.swift */; };
		1BE77B4727E94C0900A36F8E /* UserDefault+Extensions.swift in Sources */ = {isa = PBXBuildFile; fileRef = 1BE77B4627E94C0900A36F8E /* UserDefault+Extensions.swift */; };
		1BE77B4A27E9838300A36F8E /* Binding+Extensions.swift in Sources */ = {isa = PBXBuildFile; fileRef = 1BE77B4927E9838300A36F8E /* Binding+Extensions.swift */; };
		1BE77B4D27E9A51700A36F8E /* UIScreen+Extensions.swift in Sources */ = {isa = PBXBuildFile; fileRef = 1BE77B4C27E9A51700A36F8E /* UIScreen+Extensions.swift */; };
		1BE77B5227E9BC7800A36F8E /* Image+Extensions.swift in Sources */ = {isa = PBXBuildFile; fileRef = 1BE77B5127E9BC7800A36F8E /* Image+Extensions.swift */; };
		1BE77B5527E9C0DC00A36F8E /* UIImage+Extensions.swift in Sources */ = {isa = PBXBuildFile; fileRef = 1BE77B5427E9C0DC00A36F8E /* UIImage+Extensions.swift */; };
		1BF1B24827E2C7AB007A73CB /* AuthManager.swift in Sources */ = {isa = PBXBuildFile; fileRef = 1BF1B24727E2C7AB007A73CB /* AuthManager.swift */; };
		1BF1B24C27E2CC28007A73CB /* FirebaseAuth in Frameworks */ = {isa = PBXBuildFile; productRef = 1BF1B24B27E2CC28007A73CB /* FirebaseAuth */; };
		1BF1B24E27E2CC28007A73CB /* FirebaseAuthCombine-Community in Frameworks */ = {isa = PBXBuildFile; productRef = 1BF1B24D27E2CC28007A73CB /* FirebaseAuthCombine-Community */; };
		1BF1B25027E2CC28007A73CB /* FirebaseCrashlytics in Frameworks */ = {isa = PBXBuildFile; productRef = 1BF1B24F27E2CC28007A73CB /* FirebaseCrashlytics */; };
		1BF1B25227E2CC28007A73CB /* FirebaseFirestore in Frameworks */ = {isa = PBXBuildFile; productRef = 1BF1B25127E2CC28007A73CB /* FirebaseFirestore */; };
		1BF1B25427E2CC28007A73CB /* FirebaseFirestoreCombine-Community in Frameworks */ = {isa = PBXBuildFile; productRef = 1BF1B25327E2CC28007A73CB /* FirebaseFirestoreCombine-Community */; };
		1BF1B25627E2CC28007A73CB /* FirebaseFirestoreSwift-Beta in Frameworks */ = {isa = PBXBuildFile; productRef = 1BF1B25527E2CC28007A73CB /* FirebaseFirestoreSwift-Beta */; };
		1BF1B25827E2CC28007A73CB /* FirebasePerformance in Frameworks */ = {isa = PBXBuildFile; productRef = 1BF1B25727E2CC28007A73CB /* FirebasePerformance */; };
		1BF1B25B27E2F032007A73CB /* Stack.swift in Sources */ = {isa = PBXBuildFile; fileRef = 1BF1B25A27E2F032007A73CB /* Stack.swift */; };
		1BF1B25E27E3288E007A73CB /* SaveView.swift in Sources */ = {isa = PBXBuildFile; fileRef = 1BF1B25D27E3288E007A73CB /* SaveView.swift */; };
		1BF1B26127E32BF0007A73CB /* LoadView.swift in Sources */ = {isa = PBXBuildFile; fileRef = 1BF1B26027E32BF0007A73CB /* LoadView.swift */; };
		1BF1B26727E46C1C007A73CB /* ColorPresetView.swift in Sources */ = {isa = PBXBuildFile; fileRef = 1BF1B26627E46C1C007A73CB /* ColorPresetView.swift */; };
		8D49FC9228080BCB00565A3C /* PathFinder.swift in Sources */ = {isa = PBXBuildFile; fileRef = 8D49FC9128080BCB00565A3C /* PathFinder.swift */; };
		8DB0B9FF28056CC300C2B0FF /* DimLoadingViewController.swift in Sources */ = {isa = PBXBuildFile; fileRef = 8DB0B9FE28056CC200C2B0FF /* DimLoadingViewController.swift */; };
		8DB0BA0128065A8200C2B0FF /* SettingView.swift in Sources */ = {isa = PBXBuildFile; fileRef = 8DB0BA0028065A8200C2B0FF /* SettingView.swift */; };
		8DB0BA032806A12100C2B0FF /* LikeArtListView.swift in Sources */ = {isa = PBXBuildFile; fileRef = 8DB0BA022806A12100C2B0FF /* LikeArtListView.swift */; };
		8DB0BA052806AFFB00C2B0FF /* LikeModel.swift in Sources */ = {isa = PBXBuildFile; fileRef = 8DB0BA042806AFFB00C2B0FF /* LikeModel.swift */; };
		8DB0BA072807AF3400C2B0FF /* Launch Screen.storyboard in Resources */ = {isa = PBXBuildFile; fileRef = 8DB0BA062807AF3400C2B0FF /* Launch Screen.storyboard */; };
		8DB0BA092807BA5100C2B0FF /* Utill.swift in Sources */ = {isa = PBXBuildFile; fileRef = 8DB0BA082807BA5100C2B0FF /* Utill.swift */; };
		8DF55C4327FD498300D68EB1 /* FirebaseStorageHelper.swift in Sources */ = {isa = PBXBuildFile; fileRef = 8DF55C4227FD498300D68EB1 /* FirebaseStorageHelper.swift */; };
		8DF55C4627FD49FF00D68EB1 /* FirebaseStorage in Frameworks */ = {isa = PBXBuildFile; productRef = 8DF55C4527FD49FF00D68EB1 /* FirebaseStorage */; };
		8DF55C4827FD49FF00D68EB1 /* FirebaseStorageCombine-Community in Frameworks */ = {isa = PBXBuildFile; productRef = 8DF55C4727FD49FF00D68EB1 /* FirebaseStorageCombine-Community */; };
		8DF55C4A27FD49FF00D68EB1 /* FirebaseStorageSwift-Beta in Frameworks */ = {isa = PBXBuildFile; productRef = 8DF55C4927FD49FF00D68EB1 /* FirebaseStorageSwift-Beta */; };
		8DF55C5127FD74B800D68EB1 /* ArtListView.swift in Sources */ = {isa = PBXBuildFile; fileRef = 8DF55C5027FD74B800D68EB1 /* ArtListView.swift */; };
		8DF55C5327FE6D7800D68EB1 /* SigninButton.swift in Sources */ = {isa = PBXBuildFile; fileRef = 8DF55C5227FE6D7800D68EB1 /* SigninButton.swift */; };
		8DF55C5627FE7E9C00D68EB1 /* Alamofire in Frameworks */ = {isa = PBXBuildFile; productRef = 8DF55C5527FE7E9C00D68EB1 /* Alamofire */; };
		8DF55C5B27FE9C8100D68EB1 /* SwiftyJSON in Frameworks */ = {isa = PBXBuildFile; productRef = 8DF55C5A27FE9C8100D68EB1 /* SwiftyJSON */; };
		8DF55C5D27FED83D00D68EB1 /* WebView.swift in Sources */ = {isa = PBXBuildFile; fileRef = 8DF55C5C27FED83D00D68EB1 /* WebView.swift */; };
		8DF55C6227FEDB5F00D68EB1 /* HTML in Resources */ = {isa = PBXBuildFile; fileRef = 8DF55C6127FEDB5E00D68EB1 /* HTML */; };
		C3011EFF27EDA544001B12AC /* Pods_PixelArtMaker__iOS_.framework in Frameworks */ = {isa = PBXBuildFile; fileRef = 28A1C62ECE6592C00D3FE9E7 /* Pods_PixelArtMaker__iOS_.framework */; };
		C3011F4627EF4068001B12AC /* ActivityIndicator.swift in Sources */ = {isa = PBXBuildFile; fileRef = C3011F4527EF4067001B12AC /* ActivityIndicator.swift */; };
		C3011F5127F039E1001B12AC /* Realm in Frameworks */ = {isa = PBXBuildFile; productRef = C3011F5027F039E1001B12AC /* Realm */; };
		C3011F5327F039E1001B12AC /* RealmSwift in Frameworks */ = {isa = PBXBuildFile; productRef = C3011F5227F039E1001B12AC /* RealmSwift */; };
		C3011F5527F0495C001B12AC /* TagView.swift in Sources */ = {isa = PBXBuildFile; fileRef = C3011F5427F0495B001B12AC /* TagView.swift */; };
		C3011F5727F050CD001B12AC /* SharedStageModel.swift in Sources */ = {isa = PBXBuildFile; fileRef = C3011F5627F050CD001B12AC /* SharedStageModel.swift */; };
		C3011F5927F05675001B12AC /* PublicShareListView.swift in Sources */ = {isa = PBXBuildFile; fileRef = C3011F5827F05675001B12AC /* PublicShareListView.swift */; };
		C3011F5B27F05750001B12AC /* OrangeTextView.swift in Sources */ = {isa = PBXBuildFile; fileRef = C3011F5A27F05750001B12AC /* OrangeTextView.swift */; };
		C320338827C3729B0019B546 /* Text+Extensions.swift in Sources */ = {isa = PBXBuildFile; fileRef = C320338727C3729B0019B546 /* Text+Extensions.swift */; };
		C320338A27C3895E0019B546 /* Colors.xcassets in Resources */ = {isa = PBXBuildFile; fileRef = C320338927C3895E0019B546 /* Colors.xcassets */; };
		C320338C27C389AA0019B546 /* Color+Extensions.swift in Sources */ = {isa = PBXBuildFile; fileRef = C320338B27C389AA0019B546 /* Color+Extensions.swift */; };
		C320339A27C4B3D60019B546 /* LayerEditView.swift in Sources */ = {isa = PBXBuildFile; fileRef = C320339827C4AFEA0019B546 /* LayerEditView.swift */; };
		C356362D27F9712500B2609A /* PixelArtDetailView.swift in Sources */ = {isa = PBXBuildFile; fileRef = C356362C27F9712500B2609A /* PixelArtDetailView.swift */; };
		C356362F27F976E600B2609A /* Share.swift in Sources */ = {isa = PBXBuildFile; fileRef = C356362E27F976E600B2609A /* Share.swift */; };
		C356363427F9AE7400B2609A /* SideMenu in Frameworks */ = {isa = PBXBuildFile; productRef = C356363327F9AE7400B2609A /* SideMenu */; };
		C356363627F9D9A800B2609A /* SortType.swift in Sources */ = {isa = PBXBuildFile; fileRef = C356363527F9D9A800B2609A /* SortType.swift */; };
		C356363827FA7C2200B2609A /* Consts.swift in Sources */ = {isa = PBXBuildFile; fileRef = C356363727FA7C2100B2609A /* Consts.swift */; };
		C356363A27FAC29400B2609A /* InAppPurchaseManager.swift in Sources */ = {isa = PBXBuildFile; fileRef = C356363927FAC29200B2609A /* InAppPurchaseManager.swift */; };
		C356363D27FAC2F700B2609A /* SwiftyStoreKit in Frameworks */ = {isa = PBXBuildFile; productRef = C356363C27FAC2F700B2609A /* SwiftyStoreKit */; };
		C356363F27FAC41C00B2609A /* InAppPurchaseModel.swift in Sources */ = {isa = PBXBuildFile; fileRef = C356363E27FAC41C00B2609A /* InAppPurchaseModel.swift */; };
		C356364127FAC4AE00B2609A /* Float+Extensions.swift in Sources */ = {isa = PBXBuildFile; fileRef = C356364027FAC4AE00B2609A /* Float+Extensions.swift */; };
		C356364527FAC73A00B2609A /* InAppPurchesView.swift in Sources */ = {isa = PBXBuildFile; fileRef = C356364427FAC73A00B2609A /* InAppPurchesView.swift */; };
		C365E18F27C36CC400154E56 /* Localizable.strings in Resources */ = {isa = PBXBuildFile; fileRef = C365E19227C36CC400154E56 /* Localizable.strings */; };
		C38C1B9E280071F300350176 /* SidebarMenuView.swift in Sources */ = {isa = PBXBuildFile; fileRef = C38C1B9D280071F300350176 /* SidebarMenuView.swift */; };
		C38C1BA028017C5300350176 /* TempModel.swift in Sources */ = {isa = PBXBuildFile; fileRef = C38C1B9F28017C5300350176 /* TempModel.swift */; };
		C38C1BA22801845E00350176 /* NewCanvasView.swift in Sources */ = {isa = PBXBuildFile; fileRef = C38C1BA12801845E00350176 /* NewCanvasView.swift */; };
		C38C1BA42801A44700350176 /* PaletteView.swift in Sources */ = {isa = PBXBuildFile; fileRef = C38C1BA32801A44600350176 /* PaletteView.swift */; };
		C38C1BA62802CECA00350176 /* CanvasView.swift in Sources */ = {isa = PBXBuildFile; fileRef = C38C1BA52802CECA00350176 /* CanvasView.swift */; };
		C38C1BA82802D6D600350176 /* SideMenuView.swift in Sources */ = {isa = PBXBuildFile; fileRef = C38C1BA72802D6D600350176 /* SideMenuView.swift */; };
		C38C1BAA2802EC5800350176 /* DrawingToolView.swift in Sources */ = {isa = PBXBuildFile; fileRef = C38C1BA92802EC5800350176 /* DrawingToolView.swift */; };
		C38C1BAC2802F26600350176 /* ArrowToolView.swift in Sources */ = {isa = PBXBuildFile; fileRef = C38C1BAB2802F26600350176 /* ArrowToolView.swift */; };
		C38C1BAE2803027100350176 /* LayerToolView.swift in Sources */ = {isa = PBXBuildFile; fileRef = C38C1BAD2803027100350176 /* LayerToolView.swift */; };
		C38C1BB028059D7F00350176 /* CGSize+Extensions.swift in Sources */ = {isa = PBXBuildFile; fileRef = C38C1BAF28059D7E00350176 /* CGSize+Extensions.swift */; };
		C3D087F827DB3053003F886E /* FirebaseAnalytics in Frameworks */ = {isa = PBXBuildFile; productRef = C3D087F727DB3053003F886E /* FirebaseAnalytics */; };
		C3D087FA27DB31DA003F886E /* GoogleService-Info.plist in Resources */ = {isa = PBXBuildFile; fileRef = C3D087F927DB31DA003F886E /* GoogleService-Info.plist */; };
		C3D087FD27DB3509003F886E /* SigninView.swift in Sources */ = {isa = PBXBuildFile; fileRef = C3D087FC27DB3509003F886E /* SigninView.swift */; };
		C3DBA08327EC5F8900FE8392 /* MyStageModel.swift in Sources */ = {isa = PBXBuildFile; fileRef = C3DBA08227EC5F8900FE8392 /* MyStageModel.swift */; };
		C3DBA08727EC99C200FE8392 /* FirebaseCrashlytics in Frameworks */ = {isa = PBXBuildFile; productRef = C3DBA08627EC99C200FE8392 /* FirebaseCrashlytics */; };
		C3DBA08927EC99C200FE8392 /* FirebasePerformance in Frameworks */ = {isa = PBXBuildFile; productRef = C3DBA08827EC99C200FE8392 /* FirebasePerformance */; };
		C3DBA08C27ECA32B00FE8392 /* GoogleAd.swift in Sources */ = {isa = PBXBuildFile; fileRef = C3DBA08B27ECA32B00FE8392 /* GoogleAd.swift */; };
		C3DBA08E27ECB25600FE8392 /* UIApplication+Extensions.swift in Sources */ = {isa = PBXBuildFile; fileRef = C3DBA08D27ECB25600FE8392 /* UIApplication+Extensions.swift */; };
		C3EDBF1F27F6B06C00BBEC01 /* View+Extensions.swift in Sources */ = {isa = PBXBuildFile; fileRef = C3EDBF1E27F6B06C00BBEC01 /* View+Extensions.swift */; };
		C3EDBF2127F8020B00BBEC01 /* AppDelegate.swift in Sources */ = {isa = PBXBuildFile; fileRef = C3EDBF2027F8020A00BBEC01 /* AppDelegate.swift */; };
		C3EDBF2327F87FE500BBEC01 /* ProfileModel.swift in Sources */ = {isa = PBXBuildFile; fileRef = C3EDBF2227F87FE500BBEC01 /* ProfileModel.swift */; };
		C3EDBF2527F8863A00BBEC01 /* ProfileView.swift in Sources */ = {isa = PBXBuildFile; fileRef = C3EDBF2427F8863A00BBEC01 /* ProfileView.swift */; };
		C3EDBF2827F88FE500BBEC01 /* SDWebImageSwiftUI in Frameworks */ = {isa = PBXBuildFile; productRef = C3EDBF2727F88FE500BBEC01 /* SDWebImageSwiftUI */; };
		C3EDBF2A27F892B700BBEC01 /* LabelTextView.swift in Sources */ = {isa = PBXBuildFile; fileRef = C3EDBF2927F892B700BBEC01 /* LabelTextView.swift */; };
		C3EDBF2C27F9412100BBEC01 /* Toast.swift in Sources */ = {isa = PBXBuildFile; fileRef = C3EDBF2B27F9412100BBEC01 /* Toast.swift */; };
/* End PBXBuildFile section */

/* Begin PBXContainerItemProxy section */
		1B28C3C227BE100F003F8312 /* PBXContainerItemProxy */ = {
			isa = PBXContainerItemProxy;
			containerPortal = 1B28C3A827BE100D003F8312 /* Project object */;
			proxyType = 1;
			remoteGlobalIDString = 1B28C3B327BE100F003F8312;
			remoteInfo = "PixelArtMaker (iOS)";
		};
/* End PBXContainerItemProxy section */

/* Begin PBXFileReference section */
		1B28C3AD27BE100E003F8312 /* PixelArtMakerApp.swift */ = {isa = PBXFileReference; lastKnownFileType = sourcecode.swift; path = PixelArtMakerApp.swift; sourceTree = "<group>"; };
		1B28C3AE27BE100E003F8312 /* ContentView.swift */ = {isa = PBXFileReference; lastKnownFileType = sourcecode.swift; path = ContentView.swift; sourceTree = "<group>"; };
		1B28C3AF27BE100F003F8312 /* Assets.xcassets */ = {isa = PBXFileReference; lastKnownFileType = folder.assetcatalog; path = Assets.xcassets; sourceTree = "<group>"; };
		1B28C3B427BE100F003F8312 /* PixelArtMaker.app */ = {isa = PBXFileReference; explicitFileType = wrapper.application; includeInIndex = 0; path = PixelArtMaker.app; sourceTree = BUILT_PRODUCTS_DIR; };
		1B28C3C127BE100F003F8312 /* Tests iOS.xctest */ = {isa = PBXFileReference; explicitFileType = wrapper.cfbundle; includeInIndex = 0; path = "Tests iOS.xctest"; sourceTree = BUILT_PRODUCTS_DIR; };
		1B28C3C527BE100F003F8312 /* Tests_iOS.swift */ = {isa = PBXFileReference; lastKnownFileType = sourcecode.swift; path = Tests_iOS.swift; sourceTree = "<group>"; };
		1B28C3C727BE100F003F8312 /* Tests_iOSLaunchTests.swift */ = {isa = PBXFileReference; lastKnownFileType = sourcecode.swift; path = Tests_iOSLaunchTests.swift; sourceTree = "<group>"; };
		1B28C3D127BE100F003F8312 /* Tests_macOS.swift */ = {isa = PBXFileReference; lastKnownFileType = sourcecode.swift; path = Tests_macOS.swift; sourceTree = "<group>"; };
		1B28C3D327BE100F003F8312 /* Tests_macOSLaunchTests.swift */ = {isa = PBXFileReference; lastKnownFileType = sourcecode.swift; path = Tests_macOSLaunchTests.swift; sourceTree = "<group>"; };
		1B28C3EA27BE108F003F8312 /* LayerModel.swift */ = {isa = PBXFileReference; lastKnownFileType = sourcecode.swift; path = LayerModel.swift; sourceTree = "<group>"; };
		1B28C3ED27BE123E003F8312 /* PixelDrawView.swift */ = {isa = PBXFileReference; lastKnownFileType = sourcecode.swift; path = PixelDrawView.swift; sourceTree = "<group>"; };
		1B28C3F127BF2F6A003F8312 /* StageManager.swift */ = {isa = PBXFileReference; lastKnownFileType = sourcecode.swift; path = StageManager.swift; sourceTree = "<group>"; };
		1B28C3F327BF302B003F8312 /* StageModel.swift */ = {isa = PBXFileReference; lastKnownFileType = sourcecode.swift; path = StageModel.swift; sourceTree = "<group>"; };
		1BE77B4627E94C0900A36F8E /* UserDefault+Extensions.swift */ = {isa = PBXFileReference; lastKnownFileType = sourcecode.swift; path = "UserDefault+Extensions.swift"; sourceTree = "<group>"; };
		1BE77B4927E9838300A36F8E /* Binding+Extensions.swift */ = {isa = PBXFileReference; lastKnownFileType = sourcecode.swift; path = "Binding+Extensions.swift"; sourceTree = "<group>"; };
		1BE77B4C27E9A51700A36F8E /* UIScreen+Extensions.swift */ = {isa = PBXFileReference; lastKnownFileType = sourcecode.swift; path = "UIScreen+Extensions.swift"; sourceTree = "<group>"; };
		1BE77B5127E9BC7800A36F8E /* Image+Extensions.swift */ = {isa = PBXFileReference; lastKnownFileType = sourcecode.swift; path = "Image+Extensions.swift"; sourceTree = "<group>"; };
		1BE77B5427E9C0DC00A36F8E /* UIImage+Extensions.swift */ = {isa = PBXFileReference; lastKnownFileType = sourcecode.swift; path = "UIImage+Extensions.swift"; sourceTree = "<group>"; };
		1BF1B24727E2C7AB007A73CB /* AuthManager.swift */ = {isa = PBXFileReference; lastKnownFileType = sourcecode.swift; path = AuthManager.swift; sourceTree = "<group>"; };
		1BF1B25927E2CF09007A73CB /* PixelArtMaker (iOS).entitlements */ = {isa = PBXFileReference; lastKnownFileType = text.plist.entitlements; path = "PixelArtMaker (iOS).entitlements"; sourceTree = "<group>"; };
		1BF1B25A27E2F032007A73CB /* Stack.swift */ = {isa = PBXFileReference; lastKnownFileType = sourcecode.swift; path = Stack.swift; sourceTree = "<group>"; };
		1BF1B25D27E3288E007A73CB /* SaveView.swift */ = {isa = PBXFileReference; lastKnownFileType = sourcecode.swift; path = SaveView.swift; sourceTree = "<group>"; };
		1BF1B26027E32BF0007A73CB /* LoadView.swift */ = {isa = PBXFileReference; lastKnownFileType = sourcecode.swift; path = LoadView.swift; sourceTree = "<group>"; };
		1BF1B26627E46C1C007A73CB /* ColorPresetView.swift */ = {isa = PBXFileReference; lastKnownFileType = sourcecode.swift; path = ColorPresetView.swift; sourceTree = "<group>"; };
		28A1C62ECE6592C00D3FE9E7 /* Pods_PixelArtMaker__iOS_.framework */ = {isa = PBXFileReference; explicitFileType = wrapper.framework; includeInIndex = 0; path = Pods_PixelArtMaker__iOS_.framework; sourceTree = BUILT_PRODUCTS_DIR; };
		3B322AB734A5D48633B57865 /* Pods-PixelArtMaker (iOS).debug.xcconfig */ = {isa = PBXFileReference; includeInIndex = 1; lastKnownFileType = text.xcconfig; name = "Pods-PixelArtMaker (iOS).debug.xcconfig"; path = "Target Support Files/Pods-PixelArtMaker (iOS)/Pods-PixelArtMaker (iOS).debug.xcconfig"; sourceTree = "<group>"; };
		8D49FC9128080BCB00565A3C /* PathFinder.swift */ = {isa = PBXFileReference; lastKnownFileType = sourcecode.swift; path = PathFinder.swift; sourceTree = "<group>"; };
		8DB0B9FE28056CC200C2B0FF /* DimLoadingViewController.swift */ = {isa = PBXFileReference; lastKnownFileType = sourcecode.swift; path = DimLoadingViewController.swift; sourceTree = "<group>"; };
		8DB0BA0028065A8200C2B0FF /* SettingView.swift */ = {isa = PBXFileReference; lastKnownFileType = sourcecode.swift; path = SettingView.swift; sourceTree = "<group>"; };
		8DB0BA022806A12100C2B0FF /* LikeArtListView.swift */ = {isa = PBXFileReference; lastKnownFileType = sourcecode.swift; path = LikeArtListView.swift; sourceTree = "<group>"; };
		8DB0BA042806AFFB00C2B0FF /* LikeModel.swift */ = {isa = PBXFileReference; lastKnownFileType = sourcecode.swift; path = LikeModel.swift; sourceTree = "<group>"; };
		8DB0BA062807AF3400C2B0FF /* Launch Screen.storyboard */ = {isa = PBXFileReference; lastKnownFileType = file.storyboard; path = "Launch Screen.storyboard"; sourceTree = "<group>"; };
		8DB0BA082807BA5100C2B0FF /* Utill.swift */ = {isa = PBXFileReference; lastKnownFileType = sourcecode.swift; path = Utill.swift; sourceTree = "<group>"; };
		8DF55C4227FD498300D68EB1 /* FirebaseStorageHelper.swift */ = {isa = PBXFileReference; lastKnownFileType = sourcecode.swift; path = FirebaseStorageHelper.swift; sourceTree = "<group>"; };
		8DF55C5027FD74B800D68EB1 /* ArtListView.swift */ = {isa = PBXFileReference; lastKnownFileType = sourcecode.swift; path = ArtListView.swift; sourceTree = "<group>"; };
		8DF55C5227FE6D7800D68EB1 /* SigninButton.swift */ = {isa = PBXFileReference; lastKnownFileType = sourcecode.swift; path = SigninButton.swift; sourceTree = "<group>"; };
		8DF55C5C27FED83D00D68EB1 /* WebView.swift */ = {isa = PBXFileReference; lastKnownFileType = sourcecode.swift; path = WebView.swift; sourceTree = "<group>"; };
		8DF55C6127FEDB5E00D68EB1 /* HTML */ = {isa = PBXFileReference; lastKnownFileType = folder; path = HTML; sourceTree = "<group>"; };
		C3011F4127EF21B1001B12AC /* GoogleMobileAds.xcframework */ = {isa = PBXFileReference; lastKnownFileType = wrapper.xcframework; name = GoogleMobileAds.xcframework; path = "Pods/Google-Mobile-Ads-SDK/Frameworks/GoogleMobileAdsFramework-Current/GoogleMobileAds.xcframework"; sourceTree = "<group>"; };
		C3011F4527EF4067001B12AC /* ActivityIndicator.swift */ = {isa = PBXFileReference; lastKnownFileType = sourcecode.swift; path = ActivityIndicator.swift; sourceTree = "<group>"; };
		C3011F5427F0495B001B12AC /* TagView.swift */ = {isa = PBXFileReference; lastKnownFileType = sourcecode.swift; path = TagView.swift; sourceTree = "<group>"; };
		C3011F5627F050CD001B12AC /* SharedStageModel.swift */ = {isa = PBXFileReference; lastKnownFileType = sourcecode.swift; path = SharedStageModel.swift; sourceTree = "<group>"; };
		C3011F5827F05675001B12AC /* PublicShareListView.swift */ = {isa = PBXFileReference; lastKnownFileType = sourcecode.swift; path = PublicShareListView.swift; sourceTree = "<group>"; };
		C3011F5A27F05750001B12AC /* OrangeTextView.swift */ = {isa = PBXFileReference; lastKnownFileType = sourcecode.swift; path = OrangeTextView.swift; sourceTree = "<group>"; };
		C320338727C3729B0019B546 /* Text+Extensions.swift */ = {isa = PBXFileReference; lastKnownFileType = sourcecode.swift; path = "Text+Extensions.swift"; sourceTree = "<group>"; };
		C320338927C3895E0019B546 /* Colors.xcassets */ = {isa = PBXFileReference; lastKnownFileType = folder.assetcatalog; path = Colors.xcassets; sourceTree = "<group>"; };
		C320338B27C389AA0019B546 /* Color+Extensions.swift */ = {isa = PBXFileReference; lastKnownFileType = sourcecode.swift; path = "Color+Extensions.swift"; sourceTree = "<group>"; };
		C320339427C4793D0019B546 /* KeyEventHandling.swift */ = {isa = PBXFileReference; fileEncoding = 4; lastKnownFileType = sourcecode.swift; path = KeyEventHandling.swift; sourceTree = "<group>"; };
		C320339627C47B800019B546 /* Character+Extensions.swift */ = {isa = PBXFileReference; lastKnownFileType = sourcecode.swift; path = "Character+Extensions.swift"; sourceTree = "<group>"; };
		C320339827C4AFEA0019B546 /* LayerEditView.swift */ = {isa = PBXFileReference; lastKnownFileType = sourcecode.swift; path = LayerEditView.swift; sourceTree = "<group>"; };
		C356362C27F9712500B2609A /* PixelArtDetailView.swift */ = {isa = PBXFileReference; lastKnownFileType = sourcecode.swift; path = PixelArtDetailView.swift; sourceTree = "<group>"; };
		C356362E27F976E600B2609A /* Share.swift */ = {isa = PBXFileReference; lastKnownFileType = sourcecode.swift; path = Share.swift; sourceTree = "<group>"; };
		C356363527F9D9A800B2609A /* SortType.swift */ = {isa = PBXFileReference; lastKnownFileType = sourcecode.swift; path = SortType.swift; sourceTree = "<group>"; };
		C356363727FA7C2100B2609A /* Consts.swift */ = {isa = PBXFileReference; lastKnownFileType = sourcecode.swift; path = Consts.swift; sourceTree = "<group>"; };
		C356363927FAC29200B2609A /* InAppPurchaseManager.swift */ = {isa = PBXFileReference; lastKnownFileType = sourcecode.swift; path = InAppPurchaseManager.swift; sourceTree = "<group>"; };
		C356363E27FAC41C00B2609A /* InAppPurchaseModel.swift */ = {isa = PBXFileReference; lastKnownFileType = sourcecode.swift; path = InAppPurchaseModel.swift; sourceTree = "<group>"; };
		C356364027FAC4AE00B2609A /* Float+Extensions.swift */ = {isa = PBXFileReference; lastKnownFileType = sourcecode.swift; path = "Float+Extensions.swift"; sourceTree = "<group>"; };
		C356364427FAC73A00B2609A /* InAppPurchesView.swift */ = {isa = PBXFileReference; lastKnownFileType = sourcecode.swift; path = InAppPurchesView.swift; sourceTree = "<group>"; };
		C365E19127C36CC400154E56 /* en */ = {isa = PBXFileReference; lastKnownFileType = text.plist.strings; name = en; path = en.lproj/Localizable.strings; sourceTree = "<group>"; };
		C365E19327C36CEA00154E56 /* ko */ = {isa = PBXFileReference; lastKnownFileType = text.plist.strings; name = ko; path = ko.lproj/Localizable.strings; sourceTree = "<group>"; };
		C38C1B9D280071F300350176 /* SidebarMenuView.swift */ = {isa = PBXFileReference; lastKnownFileType = sourcecode.swift; path = SidebarMenuView.swift; sourceTree = "<group>"; };
		C38C1B9F28017C5300350176 /* TempModel.swift */ = {isa = PBXFileReference; lastKnownFileType = sourcecode.swift; path = TempModel.swift; sourceTree = "<group>"; };
		C38C1BA12801845E00350176 /* NewCanvasView.swift */ = {isa = PBXFileReference; lastKnownFileType = sourcecode.swift; path = NewCanvasView.swift; sourceTree = "<group>"; };
		C38C1BA32801A44600350176 /* PaletteView.swift */ = {isa = PBXFileReference; lastKnownFileType = sourcecode.swift; path = PaletteView.swift; sourceTree = "<group>"; };
		C38C1BA52802CECA00350176 /* CanvasView.swift */ = {isa = PBXFileReference; lastKnownFileType = sourcecode.swift; path = CanvasView.swift; sourceTree = "<group>"; };
		C38C1BA72802D6D600350176 /* SideMenuView.swift */ = {isa = PBXFileReference; lastKnownFileType = sourcecode.swift; path = SideMenuView.swift; sourceTree = "<group>"; };
		C38C1BA92802EC5800350176 /* DrawingToolView.swift */ = {isa = PBXFileReference; lastKnownFileType = sourcecode.swift; path = DrawingToolView.swift; sourceTree = "<group>"; };
		C38C1BAB2802F26600350176 /* ArrowToolView.swift */ = {isa = PBXFileReference; lastKnownFileType = sourcecode.swift; path = ArrowToolView.swift; sourceTree = "<group>"; };
		C38C1BAD2803027100350176 /* LayerToolView.swift */ = {isa = PBXFileReference; lastKnownFileType = sourcecode.swift; path = LayerToolView.swift; sourceTree = "<group>"; };
		C38C1BAF28059D7E00350176 /* CGSize+Extensions.swift */ = {isa = PBXFileReference; lastKnownFileType = sourcecode.swift; path = "CGSize+Extensions.swift"; sourceTree = "<group>"; };
		C3D087F927DB31DA003F886E /* GoogleService-Info.plist */ = {isa = PBXFileReference; fileEncoding = 4; lastKnownFileType = text.plist.xml; path = "GoogleService-Info.plist"; sourceTree = "<group>"; };
		C3D087FC27DB3509003F886E /* SigninView.swift */ = {isa = PBXFileReference; lastKnownFileType = sourcecode.swift; path = SigninView.swift; sourceTree = "<group>"; };
		C3DBA08227EC5F8900FE8392 /* MyStageModel.swift */ = {isa = PBXFileReference; lastKnownFileType = sourcecode.swift; path = MyStageModel.swift; sourceTree = "<group>"; };
		C3DBA08A27EC9FBA00FE8392 /* PixelArtMaker--iOS--Info.plist */ = {isa = PBXFileReference; lastKnownFileType = text.plist; path = "PixelArtMaker--iOS--Info.plist"; sourceTree = "<group>"; };
		C3DBA08B27ECA32B00FE8392 /* GoogleAd.swift */ = {isa = PBXFileReference; fileEncoding = 4; lastKnownFileType = sourcecode.swift; path = GoogleAd.swift; sourceTree = "<group>"; };
		C3DBA08D27ECB25600FE8392 /* UIApplication+Extensions.swift */ = {isa = PBXFileReference; lastKnownFileType = sourcecode.swift; path = "UIApplication+Extensions.swift"; sourceTree = "<group>"; };
		C3EDBF1E27F6B06C00BBEC01 /* View+Extensions.swift */ = {isa = PBXFileReference; lastKnownFileType = sourcecode.swift; path = "View+Extensions.swift"; sourceTree = "<group>"; };
		C3EDBF2027F8020A00BBEC01 /* AppDelegate.swift */ = {isa = PBXFileReference; lastKnownFileType = sourcecode.swift; path = AppDelegate.swift; sourceTree = "<group>"; };
		C3EDBF2227F87FE500BBEC01 /* ProfileModel.swift */ = {isa = PBXFileReference; lastKnownFileType = sourcecode.swift; path = ProfileModel.swift; sourceTree = "<group>"; };
		C3EDBF2427F8863A00BBEC01 /* ProfileView.swift */ = {isa = PBXFileReference; lastKnownFileType = sourcecode.swift; path = ProfileView.swift; sourceTree = "<group>"; };
		C3EDBF2927F892B700BBEC01 /* LabelTextView.swift */ = {isa = PBXFileReference; lastKnownFileType = sourcecode.swift; path = LabelTextView.swift; sourceTree = "<group>"; };
		C3EDBF2B27F9412100BBEC01 /* Toast.swift */ = {isa = PBXFileReference; lastKnownFileType = sourcecode.swift; path = Toast.swift; sourceTree = "<group>"; };
		F9940D8FB396FA3693BE19D4 /* Pods-PixelArtMaker (iOS).release.xcconfig */ = {isa = PBXFileReference; includeInIndex = 1; lastKnownFileType = text.xcconfig; name = "Pods-PixelArtMaker (iOS).release.xcconfig"; path = "Target Support Files/Pods-PixelArtMaker (iOS)/Pods-PixelArtMaker (iOS).release.xcconfig"; sourceTree = "<group>"; };
/* End PBXFileReference section */

/* Begin PBXFrameworksBuildPhase section */
		1B28C3B127BE100F003F8312 /* Frameworks */ = {
			isa = PBXFrameworksBuildPhase;
			buildActionMask = 2147483647;
			files = (
				C3EDBF2827F88FE500BBEC01 /* SDWebImageSwiftUI in Frameworks */,
				8DF55C4A27FD49FF00D68EB1 /* FirebaseStorageSwift-Beta in Frameworks */,
				C3D087F827DB3053003F886E /* FirebaseAnalytics in Frameworks */,
				1BF1B25027E2CC28007A73CB /* FirebaseCrashlytics in Frameworks */,
				C3DBA08927EC99C200FE8392 /* FirebasePerformance in Frameworks */,
				8DF55C5627FE7E9C00D68EB1 /* Alamofire in Frameworks */,
				C3011F5327F039E1001B12AC /* RealmSwift in Frameworks */,
				1BF1B25627E2CC28007A73CB /* FirebaseFirestoreSwift-Beta in Frameworks */,
				1BF1B24E27E2CC28007A73CB /* FirebaseAuthCombine-Community in Frameworks */,
				1BF1B25427E2CC28007A73CB /* FirebaseFirestoreCombine-Community in Frameworks */,
				C3011F5127F039E1001B12AC /* Realm in Frameworks */,
				C356363D27FAC2F700B2609A /* SwiftyStoreKit in Frameworks */,
				1BF1B25227E2CC28007A73CB /* FirebaseFirestore in Frameworks */,
				C3DBA08727EC99C200FE8392 /* FirebaseCrashlytics in Frameworks */,
				8DF55C4627FD49FF00D68EB1 /* FirebaseStorage in Frameworks */,
				8DF55C5B27FE9C8100D68EB1 /* SwiftyJSON in Frameworks */,
				C3011EFF27EDA544001B12AC /* Pods_PixelArtMaker__iOS_.framework in Frameworks */,
				1BF1B25827E2CC28007A73CB /* FirebasePerformance in Frameworks */,
				C356363427F9AE7400B2609A /* SideMenu in Frameworks */,
				8DF55C4827FD49FF00D68EB1 /* FirebaseStorageCombine-Community in Frameworks */,
				1BF1B24C27E2CC28007A73CB /* FirebaseAuth in Frameworks */,
			);
			runOnlyForDeploymentPostprocessing = 0;
		};
		1B28C3BE27BE100F003F8312 /* Frameworks */ = {
			isa = PBXFrameworksBuildPhase;
			buildActionMask = 2147483647;
			files = (
			);
			runOnlyForDeploymentPostprocessing = 0;
		};
/* End PBXFrameworksBuildPhase section */

/* Begin PBXGroup section */
		12F89F2B1CCC1393C2222B05 /* Frameworks */ = {
			isa = PBXGroup;
			children = (
				C3011F4127EF21B1001B12AC /* GoogleMobileAds.xcframework */,
				28A1C62ECE6592C00D3FE9E7 /* Pods_PixelArtMaker__iOS_.framework */,
			);
			name = Frameworks;
			sourceTree = "<group>";
		};
		1B28C3A727BE100D003F8312 = {
			isa = PBXGroup;
			children = (
				C3DBA08A27EC9FBA00FE8392 /* PixelArtMaker--iOS--Info.plist */,
				1BF1B25927E2CF09007A73CB /* PixelArtMaker (iOS).entitlements */,
				1B28C3AC27BE100E003F8312 /* Shared */,
				1B28C3C427BE100F003F8312 /* Tests iOS */,
				1B28C3D027BE100F003F8312 /* Tests macOS */,
				1B28C3B527BE100F003F8312 /* Products */,
				4202466BC41B8091D663DB14 /* Pods */,
				12F89F2B1CCC1393C2222B05 /* Frameworks */,
			);
			sourceTree = "<group>";
		};
		1B28C3AC27BE100E003F8312 /* Shared */ = {
			isa = PBXGroup;
			children = (
				8DF55C6127FEDB5E00D68EB1 /* HTML */,
				C3EDBF2027F8020A00BBEC01 /* AppDelegate.swift */,
				8DB0BA082807BA5100C2B0FF /* Utill.swift */,
				8D49FC9128080BCB00565A3C /* PathFinder.swift */,
				8DB0BA0028065A8200C2B0FF /* SettingView.swift */,
				C356363927FAC29200B2609A /* InAppPurchaseManager.swift */,
				C356363727FA7C2100B2609A /* Consts.swift */,
				C3DBA08B27ECA32B00FE8392 /* GoogleAd.swift */,
				8DB0B9FE28056CC200C2B0FF /* DimLoadingViewController.swift */,
				1B28C3F127BF2F6A003F8312 /* StageManager.swift */,
				1BF1B24727E2C7AB007A73CB /* AuthManager.swift */,
				C3EDBF2B27F9412100BBEC01 /* Toast.swift */,
				C356362E27F976E600B2609A /* Share.swift */,
				C356363527F9D9A800B2609A /* SortType.swift */,
				8DF55C5227FE6D7800D68EB1 /* SigninButton.swift */,
				8DF55C5C27FED83D00D68EB1 /* WebView.swift */,
				C320338627C370A30019B546 /* Extensions */,
				1B28C3EC27BE11C2003F8312 /* View */,
				1B28C3E927BE107D003F8312 /* Model */,
				1B28C3AD27BE100E003F8312 /* PixelArtMakerApp.swift */,
				C320339427C4793D0019B546 /* KeyEventHandling.swift */,
				1BF1B25A27E2F032007A73CB /* Stack.swift */,
				C3D087F927DB31DA003F886E /* GoogleService-Info.plist */,
				C365E19227C36CC400154E56 /* Localizable.strings */,
				1B28C3AF27BE100F003F8312 /* Assets.xcassets */,
				C320338927C3895E0019B546 /* Colors.xcassets */,
				8DF55C4227FD498300D68EB1 /* FirebaseStorageHelper.swift */,
				8DB0BA062807AF3400C2B0FF /* Launch Screen.storyboard */,
			);
			path = Shared;
			sourceTree = "<group>";
		};
		1B28C3B527BE100F003F8312 /* Products */ = {
			isa = PBXGroup;
			children = (
				1B28C3B427BE100F003F8312 /* PixelArtMaker.app */,
				1B28C3C127BE100F003F8312 /* Tests iOS.xctest */,
			);
			name = Products;
			sourceTree = "<group>";
		};
		1B28C3C427BE100F003F8312 /* Tests iOS */ = {
			isa = PBXGroup;
			children = (
				1B28C3C527BE100F003F8312 /* Tests_iOS.swift */,
				1B28C3C727BE100F003F8312 /* Tests_iOSLaunchTests.swift */,
			);
			path = "Tests iOS";
			sourceTree = "<group>";
		};
		1B28C3D027BE100F003F8312 /* Tests macOS */ = {
			isa = PBXGroup;
			children = (
				1B28C3D127BE100F003F8312 /* Tests_macOS.swift */,
				1B28C3D327BE100F003F8312 /* Tests_macOSLaunchTests.swift */,
			);
			path = "Tests macOS";
			sourceTree = "<group>";
		};
		1B28C3E927BE107D003F8312 /* Model */ = {
			isa = PBXGroup;
			children = (
				1B28C3EA27BE108F003F8312 /* LayerModel.swift */,
				C38C1B9F28017C5300350176 /* TempModel.swift */,
				1B28C3F327BF302B003F8312 /* StageModel.swift */,
				C3DBA08227EC5F8900FE8392 /* MyStageModel.swift */,
				C3EDBF2227F87FE500BBEC01 /* ProfileModel.swift */,
				C3011F5627F050CD001B12AC /* SharedStageModel.swift */,
				C356363E27FAC41C00B2609A /* InAppPurchaseModel.swift */,
				8DB0BA042806AFFB00C2B0FF /* LikeModel.swift */,
			);
			path = Model;
			sourceTree = "<group>";
		};
		1B28C3EC27BE11C2003F8312 /* View */ = {
			isa = PBXGroup;
			children = (
				1B28C3AE27BE100E003F8312 /* ContentView.swift */,
				C38C1BAD2803027100350176 /* LayerToolView.swift */,
				C38C1BAB2802F26600350176 /* ArrowToolView.swift */,
				C38C1BA92802EC5800350176 /* DrawingToolView.swift */,
				C38C1BA32801A44600350176 /* PaletteView.swift */,
				C38C1BA12801845E00350176 /* NewCanvasView.swift */,
				C3EDBF2927F892B700BBEC01 /* LabelTextView.swift */,
				C3EDBF2427F8863A00BBEC01 /* ProfileView.swift */,
				1BF1B26627E46C1C007A73CB /* ColorPresetView.swift */,
				C3D087FC27DB3509003F886E /* SigninView.swift */,
				1B28C3ED27BE123E003F8312 /* PixelDrawView.swift */,
				C320339827C4AFEA0019B546 /* LayerEditView.swift */,
				1BF1B25D27E3288E007A73CB /* SaveView.swift */,
				1BF1B26027E32BF0007A73CB /* LoadView.swift */,
				C3011F4527EF4067001B12AC /* ActivityIndicator.swift */,
				C3011F5827F05675001B12AC /* PublicShareListView.swift */,
				C3011F5A27F05750001B12AC /* OrangeTextView.swift */,
				C3011F5427F0495B001B12AC /* TagView.swift */,
				C356362C27F9712500B2609A /* PixelArtDetailView.swift */,
				C356364427FAC73A00B2609A /* InAppPurchesView.swift */,
				8DF55C5027FD74B800D68EB1 /* ArtListView.swift */,
				C38C1B9D280071F300350176 /* SidebarMenuView.swift */,
				C38C1BA52802CECA00350176 /* CanvasView.swift */,
				C38C1BA72802D6D600350176 /* SideMenuView.swift */,
				8DB0BA022806A12100C2B0FF /* LikeArtListView.swift */,
			);
			path = View;
			sourceTree = "<group>";
		};
		4202466BC41B8091D663DB14 /* Pods */ = {
			isa = PBXGroup;
			children = (
				3B322AB734A5D48633B57865 /* Pods-PixelArtMaker (iOS).debug.xcconfig */,
				F9940D8FB396FA3693BE19D4 /* Pods-PixelArtMaker (iOS).release.xcconfig */,
			);
			path = Pods;
			sourceTree = "<group>";
		};
		C320338627C370A30019B546 /* Extensions */ = {
			isa = PBXGroup;
			children = (
				C320338727C3729B0019B546 /* Text+Extensions.swift */,
				C320339627C47B800019B546 /* Character+Extensions.swift */,
				C320338B27C389AA0019B546 /* Color+Extensions.swift */,
				1BE77B4627E94C0900A36F8E /* UserDefault+Extensions.swift */,
				1BE77B4927E9838300A36F8E /* Binding+Extensions.swift */,
				1BE77B4C27E9A51700A36F8E /* UIScreen+Extensions.swift */,
				1BE77B5127E9BC7800A36F8E /* Image+Extensions.swift */,
				1BE77B5427E9C0DC00A36F8E /* UIImage+Extensions.swift */,
				C3DBA08D27ECB25600FE8392 /* UIApplication+Extensions.swift */,
				C3EDBF1E27F6B06C00BBEC01 /* View+Extensions.swift */,
				C356364027FAC4AE00B2609A /* Float+Extensions.swift */,
				C38C1BAF28059D7E00350176 /* CGSize+Extensions.swift */,
			);
			path = Extensions;
			sourceTree = "<group>";
		};
/* End PBXGroup section */

/* Begin PBXNativeTarget section */
		1B28C3B327BE100F003F8312 /* PixelArtMaker (iOS) */ = {
			isa = PBXNativeTarget;
			buildConfigurationList = 1B28C3DD27BE100F003F8312 /* Build configuration list for PBXNativeTarget "PixelArtMaker (iOS)" */;
			buildPhases = (
				7D13E32A835A846634F36DED /* [CP] Check Pods Manifest.lock */,
				1B28C3B027BE100F003F8312 /* Sources */,
				1B28C3B127BE100F003F8312 /* Frameworks */,
				1B28C3B227BE100F003F8312 /* Resources */,
				6CEBA31BC422C87CBAAF21E3 /* [CP] Embed Pods Frameworks */,
			);
			buildRules = (
			);
			dependencies = (
			);
			name = "PixelArtMaker (iOS)";
			packageProductDependencies = (
				C3D087F727DB3053003F886E /* FirebaseAnalytics */,
				1BF1B24B27E2CC28007A73CB /* FirebaseAuth */,
				1BF1B24D27E2CC28007A73CB /* FirebaseAuthCombine-Community */,
				1BF1B24F27E2CC28007A73CB /* FirebaseCrashlytics */,
				1BF1B25127E2CC28007A73CB /* FirebaseFirestore */,
				1BF1B25327E2CC28007A73CB /* FirebaseFirestoreCombine-Community */,
				1BF1B25527E2CC28007A73CB /* FirebaseFirestoreSwift-Beta */,
				1BF1B25727E2CC28007A73CB /* FirebasePerformance */,
				C3DBA08627EC99C200FE8392 /* FirebaseCrashlytics */,
				C3DBA08827EC99C200FE8392 /* FirebasePerformance */,
				C3011F5027F039E1001B12AC /* Realm */,
				C3011F5227F039E1001B12AC /* RealmSwift */,
				C3EDBF2727F88FE500BBEC01 /* SDWebImageSwiftUI */,
				C356363327F9AE7400B2609A /* SideMenu */,
				C356363C27FAC2F700B2609A /* SwiftyStoreKit */,
				8DF55C4527FD49FF00D68EB1 /* FirebaseStorage */,
				8DF55C4727FD49FF00D68EB1 /* FirebaseStorageCombine-Community */,
				8DF55C4927FD49FF00D68EB1 /* FirebaseStorageSwift-Beta */,
				8DF55C5527FE7E9C00D68EB1 /* Alamofire */,
				8DF55C5A27FE9C8100D68EB1 /* SwiftyJSON */,
			);
			productName = "PixelArtMaker (iOS)";
			productReference = 1B28C3B427BE100F003F8312 /* PixelArtMaker.app */;
			productType = "com.apple.product-type.application";
		};
		1B28C3C027BE100F003F8312 /* Tests iOS */ = {
			isa = PBXNativeTarget;
			buildConfigurationList = 1B28C3E327BE100F003F8312 /* Build configuration list for PBXNativeTarget "Tests iOS" */;
			buildPhases = (
				1B28C3BD27BE100F003F8312 /* Sources */,
				1B28C3BE27BE100F003F8312 /* Frameworks */,
				1B28C3BF27BE100F003F8312 /* Resources */,
			);
			buildRules = (
			);
			dependencies = (
				1B28C3C327BE100F003F8312 /* PBXTargetDependency */,
			);
			name = "Tests iOS";
			productName = "Tests iOS";
			productReference = 1B28C3C127BE100F003F8312 /* Tests iOS.xctest */;
			productType = "com.apple.product-type.bundle.ui-testing";
		};
/* End PBXNativeTarget section */

/* Begin PBXProject section */
		1B28C3A827BE100D003F8312 /* Project object */ = {
			isa = PBXProject;
			attributes = {
				BuildIndependentTargetsInParallel = 1;
				LastSwiftUpdateCheck = 1320;
				LastUpgradeCheck = 1320;
				TargetAttributes = {
					1B28C3B327BE100F003F8312 = {
						CreatedOnToolsVersion = 13.2.1;
					};
					1B28C3C027BE100F003F8312 = {
						CreatedOnToolsVersion = 13.2.1;
						TestTargetID = 1B28C3B327BE100F003F8312;
					};
				};
			};
			buildConfigurationList = 1B28C3AB27BE100D003F8312 /* Build configuration list for PBXProject "PixelArtMaker" */;
			compatibilityVersion = "Xcode 13.0";
			developmentRegion = en;
			hasScannedForEncodings = 0;
			knownRegions = (
				en,
				Base,
				ko,
			);
			mainGroup = 1B28C3A727BE100D003F8312;
			packageReferences = (
				C3D087F627DB3053003F886E /* XCRemoteSwiftPackageReference "firebase-ios-sdk" */,
				1BF1B24A27E2CC28007A73CB /* XCRemoteSwiftPackageReference "firebase-ios-sdk" */,
				C3DBA08427EC994400FE8392 /* XCRemoteSwiftPackageReference "firebase-ios-sdk" */,
				C3DBA08527EC99C100FE8392 /* XCRemoteSwiftPackageReference "firebase-ios-sdk" */,
				C3011F4F27F039E1001B12AC /* XCRemoteSwiftPackageReference "realm-swift" */,
				C3EDBF2627F88FE400BBEC01 /* XCRemoteSwiftPackageReference "SDWebImageSwiftUI" */,
				C356363227F9AE7300B2609A /* XCRemoteSwiftPackageReference "SideMenu" */,
				C356363B27FAC2F500B2609A /* XCRemoteSwiftPackageReference "SwiftyStoreKit" */,
				8DF55C4427FD49FF00D68EB1 /* XCRemoteSwiftPackageReference "firebase-ios-sdk" */,
				8DF55C5427FE7E9B00D68EB1 /* XCRemoteSwiftPackageReference "Alamofire" */,
				8DF55C5927FE9C8100D68EB1 /* XCRemoteSwiftPackageReference "SwiftyJSON" */,
			);
			productRefGroup = 1B28C3B527BE100F003F8312 /* Products */;
			projectDirPath = "";
			projectRoot = "";
			targets = (
				1B28C3B327BE100F003F8312 /* PixelArtMaker (iOS) */,
				1B28C3C027BE100F003F8312 /* Tests iOS */,
			);
		};
/* End PBXProject section */

/* Begin PBXResourcesBuildPhase section */
		1B28C3B227BE100F003F8312 /* Resources */ = {
			isa = PBXResourcesBuildPhase;
			buildActionMask = 2147483647;
			files = (
				8DB0BA072807AF3400C2B0FF /* Launch Screen.storyboard in Resources */,
				C320338A27C3895E0019B546 /* Colors.xcassets in Resources */,
				C3D087FA27DB31DA003F886E /* GoogleService-Info.plist in Resources */,
				1B28C3D927BE100F003F8312 /* Assets.xcassets in Resources */,
				C365E18F27C36CC400154E56 /* Localizable.strings in Resources */,
				8DF55C6227FEDB5F00D68EB1 /* HTML in Resources */,
			);
			runOnlyForDeploymentPostprocessing = 0;
		};
		1B28C3BF27BE100F003F8312 /* Resources */ = {
			isa = PBXResourcesBuildPhase;
			buildActionMask = 2147483647;
			files = (
			);
			runOnlyForDeploymentPostprocessing = 0;
		};
/* End PBXResourcesBuildPhase section */

/* Begin PBXShellScriptBuildPhase section */
		6CEBA31BC422C87CBAAF21E3 /* [CP] Embed Pods Frameworks */ = {
			isa = PBXShellScriptBuildPhase;
			buildActionMask = 2147483647;
			files = (
			);
			inputFileListPaths = (
				"${PODS_ROOT}/Target Support Files/Pods-PixelArtMaker (iOS)/Pods-PixelArtMaker (iOS)-frameworks-${CONFIGURATION}-input-files.xcfilelist",
			);
			name = "[CP] Embed Pods Frameworks";
			outputFileListPaths = (
				"${PODS_ROOT}/Target Support Files/Pods-PixelArtMaker (iOS)/Pods-PixelArtMaker (iOS)-frameworks-${CONFIGURATION}-output-files.xcfilelist",
			);
			runOnlyForDeploymentPostprocessing = 0;
			shellPath = /bin/sh;
			shellScript = "\"${PODS_ROOT}/Target Support Files/Pods-PixelArtMaker (iOS)/Pods-PixelArtMaker (iOS)-frameworks.sh\"\n";
			showEnvVarsInLog = 0;
		};
		7D13E32A835A846634F36DED /* [CP] Check Pods Manifest.lock */ = {
			isa = PBXShellScriptBuildPhase;
			buildActionMask = 2147483647;
			files = (
			);
			inputFileListPaths = (
			);
			inputPaths = (
				"${PODS_PODFILE_DIR_PATH}/Podfile.lock",
				"${PODS_ROOT}/Manifest.lock",
			);
			name = "[CP] Check Pods Manifest.lock";
			outputFileListPaths = (
			);
			outputPaths = (
				"$(DERIVED_FILE_DIR)/Pods-PixelArtMaker (iOS)-checkManifestLockResult.txt",
			);
			runOnlyForDeploymentPostprocessing = 0;
			shellPath = /bin/sh;
			shellScript = "diff \"${PODS_PODFILE_DIR_PATH}/Podfile.lock\" \"${PODS_ROOT}/Manifest.lock\" > /dev/null\nif [ $? != 0 ] ; then\n    # print error to STDERR\n    echo \"error: The sandbox is not in sync with the Podfile.lock. Run 'pod install' or update your CocoaPods installation.\" >&2\n    exit 1\nfi\n# This output is used by Xcode 'outputs' to avoid re-running this script phase.\necho \"SUCCESS\" > \"${SCRIPT_OUTPUT_FILE_0}\"\n";
			showEnvVarsInLog = 0;
		};
/* End PBXShellScriptBuildPhase section */

/* Begin PBXSourcesBuildPhase section */
		1B28C3B027BE100F003F8312 /* Sources */ = {
			isa = PBXSourcesBuildPhase;
			buildActionMask = 2147483647;
			files = (
				8DF55C4327FD498300D68EB1 /* FirebaseStorageHelper.swift in Sources */,
				8DF55C5D27FED83D00D68EB1 /* WebView.swift in Sources */,
				8DB0BA092807BA5100C2B0FF /* Utill.swift in Sources */,
				1B28C3EB27BE108F003F8312 /* LayerModel.swift in Sources */,
				1BE77B4D27E9A51700A36F8E /* UIScreen+Extensions.swift in Sources */,
				C356364527FAC73A00B2609A /* InAppPurchesView.swift in Sources */,
				8D49FC9228080BCB00565A3C /* PathFinder.swift in Sources */,
				1B28C3F227BF2F6A003F8312 /* StageManager.swift in Sources */,
				C3D087FD27DB3509003F886E /* SigninView.swift in Sources */,
				C356363627F9D9A800B2609A /* SortType.swift in Sources */,
				C38C1BA22801845E00350176 /* NewCanvasView.swift in Sources */,
				C3011F4627EF4068001B12AC /* ActivityIndicator.swift in Sources */,
				1BE77B5227E9BC7800A36F8E /* Image+Extensions.swift in Sources */,
				C356362D27F9712500B2609A /* PixelArtDetailView.swift in Sources */,
				C3011F5527F0495C001B12AC /* TagView.swift in Sources */,
				1B28C3F427BF302B003F8312 /* StageModel.swift in Sources */,
				1BF1B25B27E2F032007A73CB /* Stack.swift in Sources */,
				1BE77B5527E9C0DC00A36F8E /* UIImage+Extensions.swift in Sources */,
				C3EDBF2A27F892B700BBEC01 /* LabelTextView.swift in Sources */,
				8DB0BA052806AFFB00C2B0FF /* LikeModel.swift in Sources */,
				C320338C27C389AA0019B546 /* Color+Extensions.swift in Sources */,
				C356364127FAC4AE00B2609A /* Float+Extensions.swift in Sources */,
				C356362F27F976E600B2609A /* Share.swift in Sources */,
				C356363F27FAC41C00B2609A /* InAppPurchaseModel.swift in Sources */,
				C3DBA08C27ECA32B00FE8392 /* GoogleAd.swift in Sources */,
				C3DBA08327EC5F8900FE8392 /* MyStageModel.swift in Sources */,
				C38C1BAA2802EC5800350176 /* DrawingToolView.swift in Sources */,
				C356363827FA7C2200B2609A /* Consts.swift in Sources */,
				C38C1BA42801A44700350176 /* PaletteView.swift in Sources */,
				C38C1BAC2802F26600350176 /* ArrowToolView.swift in Sources */,
				1BE77B4727E94C0900A36F8E /* UserDefault+Extensions.swift in Sources */,
				C356363A27FAC29400B2609A /* InAppPurchaseManager.swift in Sources */,
				C320338827C3729B0019B546 /* Text+Extensions.swift in Sources */,
				8DF55C5127FD74B800D68EB1 /* ArtListView.swift in Sources */,
				8DB0BA032806A12100C2B0FF /* LikeArtListView.swift in Sources */,
				1BE77B4A27E9838300A36F8E /* Binding+Extensions.swift in Sources */,
				C38C1BB028059D7F00350176 /* CGSize+Extensions.swift in Sources */,
				1B28C3EE27BE123E003F8312 /* PixelDrawView.swift in Sources */,
				C3011F5727F050CD001B12AC /* SharedStageModel.swift in Sources */,
				C3EDBF2C27F9412100BBEC01 /* Toast.swift in Sources */,
				8DB0B9FF28056CC300C2B0FF /* DimLoadingViewController.swift in Sources */,
				C3EDBF2327F87FE500BBEC01 /* ProfileModel.swift in Sources */,
				C38C1B9E280071F300350176 /* SidebarMenuView.swift in Sources */,
				C38C1BA028017C5300350176 /* TempModel.swift in Sources */,
				C3EDBF2127F8020B00BBEC01 /* AppDelegate.swift in Sources */,
				1B28C3D727BE100F003F8312 /* ContentView.swift in Sources */,
				C3EDBF1F27F6B06C00BBEC01 /* View+Extensions.swift in Sources */,
				C3011F5B27F05750001B12AC /* OrangeTextView.swift in Sources */,
				1BF1B25E27E3288E007A73CB /* SaveView.swift in Sources */,
				C3EDBF2527F8863A00BBEC01 /* ProfileView.swift in Sources */,
				C3DBA08E27ECB25600FE8392 /* UIApplication+Extensions.swift in Sources */,
				C3011F5927F05675001B12AC /* PublicShareListView.swift in Sources */,
				8DB0BA0128065A8200C2B0FF /* SettingView.swift in Sources */,
				1BF1B26727E46C1C007A73CB /* ColorPresetView.swift in Sources */,
				1BF1B24827E2C7AB007A73CB /* AuthManager.swift in Sources */,
				1B28C3D527BE100F003F8312 /* PixelArtMakerApp.swift in Sources */,
				C38C1BA82802D6D600350176 /* SideMenuView.swift in Sources */,
				1BF1B26127E32BF0007A73CB /* LoadView.swift in Sources */,
				8DF55C5327FE6D7800D68EB1 /* SigninButton.swift in Sources */,
				C320339A27C4B3D60019B546 /* LayerEditView.swift in Sources */,
				C38C1BAE2803027100350176 /* LayerToolView.swift in Sources */,
				C38C1BA62802CECA00350176 /* CanvasView.swift in Sources */,
			);
			runOnlyForDeploymentPostprocessing = 0;
		};
		1B28C3BD27BE100F003F8312 /* Sources */ = {
			isa = PBXSourcesBuildPhase;
			buildActionMask = 2147483647;
			files = (
				1B28C3C827BE100F003F8312 /* Tests_iOSLaunchTests.swift in Sources */,
				1B28C3C627BE100F003F8312 /* Tests_iOS.swift in Sources */,
			);
			runOnlyForDeploymentPostprocessing = 0;
		};
/* End PBXSourcesBuildPhase section */

/* Begin PBXTargetDependency section */
		1B28C3C327BE100F003F8312 /* PBXTargetDependency */ = {
			isa = PBXTargetDependency;
			target = 1B28C3B327BE100F003F8312 /* PixelArtMaker (iOS) */;
			targetProxy = 1B28C3C227BE100F003F8312 /* PBXContainerItemProxy */;
		};
/* End PBXTargetDependency section */

/* Begin PBXVariantGroup section */
		C365E19227C36CC400154E56 /* Localizable.strings */ = {
			isa = PBXVariantGroup;
			children = (
				C365E19127C36CC400154E56 /* en */,
				C365E19327C36CEA00154E56 /* ko */,
			);
			name = Localizable.strings;
			sourceTree = "<group>";
		};
/* End PBXVariantGroup section */

/* Begin XCBuildConfiguration section */
		1B28C3DB27BE100F003F8312 /* Debug */ = {
			isa = XCBuildConfiguration;
			buildSettings = {
				ALWAYS_SEARCH_USER_PATHS = NO;
				CLANG_ANALYZER_LOCALIZABILITY_NONLOCALIZED = YES;
				CLANG_ANALYZER_NONNULL = YES;
				CLANG_ANALYZER_NUMBER_OBJECT_CONVERSION = YES_AGGRESSIVE;
				CLANG_CXX_LANGUAGE_STANDARD = "gnu++17";
				CLANG_CXX_LIBRARY = "libc++";
				CLANG_ENABLE_MODULES = YES;
				CLANG_ENABLE_OBJC_ARC = YES;
				CLANG_ENABLE_OBJC_WEAK = YES;
				CLANG_WARN_BLOCK_CAPTURE_AUTORELEASING = YES;
				CLANG_WARN_BOOL_CONVERSION = YES;
				CLANG_WARN_COMMA = YES;
				CLANG_WARN_CONSTANT_CONVERSION = YES;
				CLANG_WARN_DEPRECATED_OBJC_IMPLEMENTATIONS = YES;
				CLANG_WARN_DIRECT_OBJC_ISA_USAGE = YES_ERROR;
				CLANG_WARN_DOCUMENTATION_COMMENTS = YES;
				CLANG_WARN_EMPTY_BODY = YES;
				CLANG_WARN_ENUM_CONVERSION = YES;
				CLANG_WARN_INFINITE_RECURSION = YES;
				CLANG_WARN_INT_CONVERSION = YES;
				CLANG_WARN_NON_LITERAL_NULL_CONVERSION = YES;
				CLANG_WARN_OBJC_IMPLICIT_RETAIN_SELF = YES;
				CLANG_WARN_OBJC_LITERAL_CONVERSION = YES;
				CLANG_WARN_OBJC_ROOT_CLASS = YES_ERROR;
				CLANG_WARN_QUOTED_INCLUDE_IN_FRAMEWORK_HEADER = YES;
				CLANG_WARN_RANGE_LOOP_ANALYSIS = YES;
				CLANG_WARN_STRICT_PROTOTYPES = YES;
				CLANG_WARN_SUSPICIOUS_MOVE = YES;
				CLANG_WARN_UNGUARDED_AVAILABILITY = YES_AGGRESSIVE;
				CLANG_WARN_UNREACHABLE_CODE = YES;
				CLANG_WARN__DUPLICATE_METHOD_MATCH = YES;
				COPY_PHASE_STRIP = NO;
				DEBUG_INFORMATION_FORMAT = dwarf;
				ENABLE_STRICT_OBJC_MSGSEND = YES;
				ENABLE_TESTABILITY = YES;
				GCC_C_LANGUAGE_STANDARD = gnu11;
				GCC_DYNAMIC_NO_PIC = NO;
				GCC_NO_COMMON_BLOCKS = YES;
				GCC_OPTIMIZATION_LEVEL = 0;
				GCC_PREPROCESSOR_DEFINITIONS = (
					"DEBUG=1",
					"$(inherited)",
				);
				GCC_WARN_64_TO_32_BIT_CONVERSION = YES;
				GCC_WARN_ABOUT_RETURN_TYPE = YES_ERROR;
				GCC_WARN_UNDECLARED_SELECTOR = YES;
				GCC_WARN_UNINITIALIZED_AUTOS = YES_AGGRESSIVE;
				GCC_WARN_UNUSED_FUNCTION = YES;
				GCC_WARN_UNUSED_VARIABLE = YES;
				GENERATE_INFOPLIST_FILE = YES;
				MTL_ENABLE_DEBUG_INFO = INCLUDE_SOURCE;
				MTL_FAST_MATH = YES;
				ONLY_ACTIVE_ARCH = YES;
				SWIFT_ACTIVE_COMPILATION_CONDITIONS = DEBUG;
				SWIFT_OPTIMIZATION_LEVEL = "-Onone";
			};
			name = Debug;
		};
		1B28C3DC27BE100F003F8312 /* Release */ = {
			isa = XCBuildConfiguration;
			buildSettings = {
				ALWAYS_SEARCH_USER_PATHS = NO;
				CLANG_ANALYZER_LOCALIZABILITY_NONLOCALIZED = YES;
				CLANG_ANALYZER_NONNULL = YES;
				CLANG_ANALYZER_NUMBER_OBJECT_CONVERSION = YES_AGGRESSIVE;
				CLANG_CXX_LANGUAGE_STANDARD = "gnu++17";
				CLANG_CXX_LIBRARY = "libc++";
				CLANG_ENABLE_MODULES = YES;
				CLANG_ENABLE_OBJC_ARC = YES;
				CLANG_ENABLE_OBJC_WEAK = YES;
				CLANG_WARN_BLOCK_CAPTURE_AUTORELEASING = YES;
				CLANG_WARN_BOOL_CONVERSION = YES;
				CLANG_WARN_COMMA = YES;
				CLANG_WARN_CONSTANT_CONVERSION = YES;
				CLANG_WARN_DEPRECATED_OBJC_IMPLEMENTATIONS = YES;
				CLANG_WARN_DIRECT_OBJC_ISA_USAGE = YES_ERROR;
				CLANG_WARN_DOCUMENTATION_COMMENTS = YES;
				CLANG_WARN_EMPTY_BODY = YES;
				CLANG_WARN_ENUM_CONVERSION = YES;
				CLANG_WARN_INFINITE_RECURSION = YES;
				CLANG_WARN_INT_CONVERSION = YES;
				CLANG_WARN_NON_LITERAL_NULL_CONVERSION = YES;
				CLANG_WARN_OBJC_IMPLICIT_RETAIN_SELF = YES;
				CLANG_WARN_OBJC_LITERAL_CONVERSION = YES;
				CLANG_WARN_OBJC_ROOT_CLASS = YES_ERROR;
				CLANG_WARN_QUOTED_INCLUDE_IN_FRAMEWORK_HEADER = YES;
				CLANG_WARN_RANGE_LOOP_ANALYSIS = YES;
				CLANG_WARN_STRICT_PROTOTYPES = YES;
				CLANG_WARN_SUSPICIOUS_MOVE = YES;
				CLANG_WARN_UNGUARDED_AVAILABILITY = YES_AGGRESSIVE;
				CLANG_WARN_UNREACHABLE_CODE = YES;
				CLANG_WARN__DUPLICATE_METHOD_MATCH = YES;
				COPY_PHASE_STRIP = NO;
				DEBUG_INFORMATION_FORMAT = "dwarf-with-dsym";
				ENABLE_NS_ASSERTIONS = NO;
				ENABLE_STRICT_OBJC_MSGSEND = YES;
				GCC_C_LANGUAGE_STANDARD = gnu11;
				GCC_NO_COMMON_BLOCKS = YES;
				GCC_WARN_64_TO_32_BIT_CONVERSION = YES;
				GCC_WARN_ABOUT_RETURN_TYPE = YES_ERROR;
				GCC_WARN_UNDECLARED_SELECTOR = YES;
				GCC_WARN_UNINITIALIZED_AUTOS = YES_AGGRESSIVE;
				GCC_WARN_UNUSED_FUNCTION = YES;
				GCC_WARN_UNUSED_VARIABLE = YES;
				GENERATE_INFOPLIST_FILE = YES;
				MTL_ENABLE_DEBUG_INFO = NO;
				MTL_FAST_MATH = YES;
				SWIFT_COMPILATION_MODE = wholemodule;
				SWIFT_OPTIMIZATION_LEVEL = "-O";
			};
			name = Release;
		};
		1B28C3DE27BE100F003F8312 /* Debug */ = {
			isa = XCBuildConfiguration;
			baseConfigurationReference = 3B322AB734A5D48633B57865 /* Pods-PixelArtMaker (iOS).debug.xcconfig */;
			buildSettings = {
				ASSETCATALOG_COMPILER_APPICON_NAME = AppIcon;
				ASSETCATALOG_COMPILER_GLOBAL_ACCENT_COLOR_NAME = AccentColor;
				CODE_SIGN_ENTITLEMENTS = "PixelArtMaker (iOS).entitlements";
				CODE_SIGN_STYLE = Automatic;
				CURRENT_PROJECT_VERSION = 11;
				DEVELOPMENT_TEAM = QU9EPTU238;
				ENABLE_PREVIEWS = YES;
				GENERATE_INFOPLIST_FILE = YES;
				INFOPLIST_FILE = "PixelArtMaker--iOS--Info.plist";
				INFOPLIST_KEY_NSUserTrackingUsageDescription = "This identifier will be used to deliver personalized ads to you.";
				INFOPLIST_KEY_UIApplicationSceneManifest_Generation = YES;
				INFOPLIST_KEY_UIApplicationSupportsIndirectInputEvents = YES;
				INFOPLIST_KEY_UILaunchScreen_Generation = YES;
				INFOPLIST_KEY_UILaunchStoryboardName = "Launch Screen";
				INFOPLIST_KEY_UISupportedInterfaceOrientations = "UIInterfaceOrientationPortrait UIInterfaceOrientationPortraitUpsideDown";
				INFOPLIST_KEY_UISupportedInterfaceOrientations_iPad = "UIInterfaceOrientationPortrait UIInterfaceOrientationPortraitUpsideDown UIInterfaceOrientationLandscapeLeft UIInterfaceOrientationLandscapeRight";
				INFOPLIST_KEY_UISupportedInterfaceOrientations_iPhone = "UIInterfaceOrientationPortrait UIInterfaceOrientationLandscapeLeft UIInterfaceOrientationLandscapeRight";
				IPHONEOS_DEPLOYMENT_TARGET = 15.2;
				LD_RUNPATH_SEARCH_PATHS = (
					"$(inherited)",
					"@executable_path/Frameworks",
				);
				MARKETING_VERSION = 1.0.0;
				PRODUCT_BUNDLE_IDENTIFIER = net.kongbaguni.PixelArtMaker;
				PRODUCT_NAME = PixelArtMaker;
				SDKROOT = iphoneos;
				SUPPORTS_MACCATALYST = NO;
				SUPPORTS_MAC_DESIGNED_FOR_IPHONE_IPAD = YES;
				SWIFT_EMIT_LOC_STRINGS = YES;
				SWIFT_VERSION = 5.0;
				TARGETED_DEVICE_FAMILY = "1,2";
			};
			name = Debug;
		};
		1B28C3DF27BE100F003F8312 /* Release */ = {
			isa = XCBuildConfiguration;
			baseConfigurationReference = F9940D8FB396FA3693BE19D4 /* Pods-PixelArtMaker (iOS).release.xcconfig */;
			buildSettings = {
				ASSETCATALOG_COMPILER_APPICON_NAME = AppIcon;
				ASSETCATALOG_COMPILER_GLOBAL_ACCENT_COLOR_NAME = AccentColor;
				CODE_SIGN_ENTITLEMENTS = "PixelArtMaker (iOS).entitlements";
				CODE_SIGN_STYLE = Automatic;
				CURRENT_PROJECT_VERSION = 11;
				DEVELOPMENT_TEAM = QU9EPTU238;
				ENABLE_PREVIEWS = YES;
				GENERATE_INFOPLIST_FILE = YES;
				INFOPLIST_FILE = "PixelArtMaker--iOS--Info.plist";
				INFOPLIST_KEY_NSUserTrackingUsageDescription = "This identifier will be used to deliver personalized ads to you.";
				INFOPLIST_KEY_UIApplicationSceneManifest_Generation = YES;
				INFOPLIST_KEY_UIApplicationSupportsIndirectInputEvents = YES;
				INFOPLIST_KEY_UILaunchScreen_Generation = YES;
				INFOPLIST_KEY_UILaunchStoryboardName = "Launch Screen";
				INFOPLIST_KEY_UISupportedInterfaceOrientations = "UIInterfaceOrientationPortrait UIInterfaceOrientationPortraitUpsideDown";
				INFOPLIST_KEY_UISupportedInterfaceOrientations_iPad = "UIInterfaceOrientationPortrait UIInterfaceOrientationPortraitUpsideDown UIInterfaceOrientationLandscapeLeft UIInterfaceOrientationLandscapeRight";
				INFOPLIST_KEY_UISupportedInterfaceOrientations_iPhone = "UIInterfaceOrientationPortrait UIInterfaceOrientationLandscapeLeft UIInterfaceOrientationLandscapeRight";
				IPHONEOS_DEPLOYMENT_TARGET = 15.2;
				LD_RUNPATH_SEARCH_PATHS = (
					"$(inherited)",
					"@executable_path/Frameworks",
				);
				MARKETING_VERSION = 1.0.0;
				PRODUCT_BUNDLE_IDENTIFIER = net.kongbaguni.PixelArtMaker;
				PRODUCT_NAME = PixelArtMaker;
				SDKROOT = iphoneos;
				SUPPORTS_MACCATALYST = NO;
				SUPPORTS_MAC_DESIGNED_FOR_IPHONE_IPAD = YES;
				SWIFT_EMIT_LOC_STRINGS = YES;
				SWIFT_VERSION = 5.0;
				TARGETED_DEVICE_FAMILY = "1,2";
				VALIDATE_PRODUCT = YES;
			};
			name = Release;
		};
		1B28C3E427BE100F003F8312 /* Debug */ = {
			isa = XCBuildConfiguration;
			buildSettings = {
				ALWAYS_EMBED_SWIFT_STANDARD_LIBRARIES = YES;
				CODE_SIGN_STYLE = Automatic;
				CURRENT_PROJECT_VERSION = 1;
				DEVELOPMENT_TEAM = QU9EPTU238;
				GENERATE_INFOPLIST_FILE = YES;
				IPHONEOS_DEPLOYMENT_TARGET = 15.2;
				MARKETING_VERSION = 1.0;
				PRODUCT_BUNDLE_IDENTIFIER = "net.kongbaguni.Tests-iOS";
				PRODUCT_NAME = "$(TARGET_NAME)";
				SDKROOT = iphoneos;
				SWIFT_EMIT_LOC_STRINGS = NO;
				SWIFT_VERSION = 5.0;
				TARGETED_DEVICE_FAMILY = "1,2";
				TEST_TARGET_NAME = "PixelArtMaker (iOS)";
			};
			name = Debug;
		};
		1B28C3E527BE100F003F8312 /* Release */ = {
			isa = XCBuildConfiguration;
			buildSettings = {
				ALWAYS_EMBED_SWIFT_STANDARD_LIBRARIES = YES;
				CODE_SIGN_STYLE = Automatic;
				CURRENT_PROJECT_VERSION = 1;
				DEVELOPMENT_TEAM = QU9EPTU238;
				GENERATE_INFOPLIST_FILE = YES;
				IPHONEOS_DEPLOYMENT_TARGET = 15.2;
				MARKETING_VERSION = 1.0;
				PRODUCT_BUNDLE_IDENTIFIER = "net.kongbaguni.Tests-iOS";
				PRODUCT_NAME = "$(TARGET_NAME)";
				SDKROOT = iphoneos;
				SWIFT_EMIT_LOC_STRINGS = NO;
				SWIFT_VERSION = 5.0;
				TARGETED_DEVICE_FAMILY = "1,2";
				TEST_TARGET_NAME = "PixelArtMaker (iOS)";
				VALIDATE_PRODUCT = YES;
			};
			name = Release;
		};
/* End XCBuildConfiguration section */

/* Begin XCConfigurationList section */
		1B28C3AB27BE100D003F8312 /* Build configuration list for PBXProject "PixelArtMaker" */ = {
			isa = XCConfigurationList;
			buildConfigurations = (
				1B28C3DB27BE100F003F8312 /* Debug */,
				1B28C3DC27BE100F003F8312 /* Release */,
			);
			defaultConfigurationIsVisible = 0;
			defaultConfigurationName = Release;
		};
		1B28C3DD27BE100F003F8312 /* Build configuration list for PBXNativeTarget "PixelArtMaker (iOS)" */ = {
			isa = XCConfigurationList;
			buildConfigurations = (
				1B28C3DE27BE100F003F8312 /* Debug */,
				1B28C3DF27BE100F003F8312 /* Release */,
			);
			defaultConfigurationIsVisible = 0;
			defaultConfigurationName = Release;
		};
		1B28C3E327BE100F003F8312 /* Build configuration list for PBXNativeTarget "Tests iOS" */ = {
			isa = XCConfigurationList;
			buildConfigurations = (
				1B28C3E427BE100F003F8312 /* Debug */,
				1B28C3E527BE100F003F8312 /* Release */,
			);
			defaultConfigurationIsVisible = 0;
			defaultConfigurationName = Release;
		};
/* End XCConfigurationList section */

/* Begin XCRemoteSwiftPackageReference section */
		1BF1B24A27E2CC28007A73CB /* XCRemoteSwiftPackageReference "firebase-ios-sdk" */ = {
			isa = XCRemoteSwiftPackageReference;
			repositoryURL = "https://github.com/firebase/firebase-ios-sdk";
			requirement = {
				kind = upToNextMajorVersion;
				minimumVersion = 8.0.0;
			};
		};
		8DF55C4427FD49FF00D68EB1 /* XCRemoteSwiftPackageReference "firebase-ios-sdk" */ = {
			isa = XCRemoteSwiftPackageReference;
			repositoryURL = "https://github.com/firebase/firebase-ios-sdk";
			requirement = {
				kind = upToNextMajorVersion;
				minimumVersion = 8.0.0;
			};
		};
		8DF55C5427FE7E9B00D68EB1 /* XCRemoteSwiftPackageReference "Alamofire" */ = {
			isa = XCRemoteSwiftPackageReference;
			repositoryURL = "https://github.com/Alamofire/Alamofire.git";
			requirement = {
				kind = upToNextMajorVersion;
				minimumVersion = 5.0.0;
			};
		};
		8DF55C5927FE9C8100D68EB1 /* XCRemoteSwiftPackageReference "SwiftyJSON" */ = {
			isa = XCRemoteSwiftPackageReference;
			repositoryURL = "https://github.com/SwiftyJSON/SwiftyJSON.git";
			requirement = {
				kind = upToNextMajorVersion;
				minimumVersion = 5.0.0;
			};
		};
		C3011F4F27F039E1001B12AC /* XCRemoteSwiftPackageReference "realm-swift" */ = {
			isa = XCRemoteSwiftPackageReference;
			repositoryURL = "https://github.com/realm/realm-swift.git";
			requirement = {
				kind = exactVersion;
				version = 10.24.2;
			};
		};
		C356363227F9AE7300B2609A /* XCRemoteSwiftPackageReference "SideMenu" */ = {
			isa = XCRemoteSwiftPackageReference;
			repositoryURL = "https://github.com/Vidhyadharan-Mohanram/SideMenu";
			requirement = {
				kind = upToNextMajorVersion;
				minimumVersion = 0.1.0;
			};
		};
		C356363B27FAC2F500B2609A /* XCRemoteSwiftPackageReference "SwiftyStoreKit" */ = {
			isa = XCRemoteSwiftPackageReference;
			repositoryURL = "https://github.com/bizz84/SwiftyStoreKit.git";
			requirement = {
				kind = upToNextMajorVersion;
				minimumVersion = 0.9.3;
			};
		};
		C3D087F627DB3053003F886E /* XCRemoteSwiftPackageReference "firebase-ios-sdk" */ = {
			isa = XCRemoteSwiftPackageReference;
			repositoryURL = "https://github.com/firebase/firebase-ios-sdk";
			requirement = {
				kind = upToNextMajorVersion;
				minimumVersion = 8.0.0;
			};
		};
		C3DBA08427EC994400FE8392 /* XCRemoteSwiftPackageReference "firebase-ios-sdk" */ = {
			isa = XCRemoteSwiftPackageReference;
			repositoryURL = "https://github.com/firebase/firebase-ios-sdk";
			requirement = {
				branch = master;
				kind = branch;
			};
		};
		C3DBA08527EC99C100FE8392 /* XCRemoteSwiftPackageReference "firebase-ios-sdk" */ = {
			isa = XCRemoteSwiftPackageReference;
			repositoryURL = "https://github.com/firebase/firebase-ios-sdk";
			requirement = {
				branch = master;
				kind = branch;
			};
		};
		C3EDBF2627F88FE400BBEC01 /* XCRemoteSwiftPackageReference "SDWebImageSwiftUI" */ = {
			isa = XCRemoteSwiftPackageReference;
			repositoryURL = "https://github.com/SDWebImage/SDWebImageSwiftUI.git";
			requirement = {
				kind = upToNextMajorVersion;
				minimumVersion = 2.0.0;
			};
		};
/* End XCRemoteSwiftPackageReference section */

/* Begin XCSwiftPackageProductDependency section */
		1BF1B24B27E2CC28007A73CB /* FirebaseAuth */ = {
			isa = XCSwiftPackageProductDependency;
			package = C3D087F627DB3053003F886E /* XCRemoteSwiftPackageReference "firebase-ios-sdk" */;
			productName = FirebaseAuth;
		};
		1BF1B24D27E2CC28007A73CB /* FirebaseAuthCombine-Community */ = {
			isa = XCSwiftPackageProductDependency;
			package = C3D087F627DB3053003F886E /* XCRemoteSwiftPackageReference "firebase-ios-sdk" */;
			productName = "FirebaseAuthCombine-Community";
		};
		1BF1B24F27E2CC28007A73CB /* FirebaseCrashlytics */ = {
			isa = XCSwiftPackageProductDependency;
			package = C3D087F627DB3053003F886E /* XCRemoteSwiftPackageReference "firebase-ios-sdk" */;
			productName = FirebaseCrashlytics;
		};
		1BF1B25127E2CC28007A73CB /* FirebaseFirestore */ = {
			isa = XCSwiftPackageProductDependency;
			package = C3D087F627DB3053003F886E /* XCRemoteSwiftPackageReference "firebase-ios-sdk" */;
			productName = FirebaseFirestore;
		};
		1BF1B25327E2CC28007A73CB /* FirebaseFirestoreCombine-Community */ = {
			isa = XCSwiftPackageProductDependency;
			package = C3D087F627DB3053003F886E /* XCRemoteSwiftPackageReference "firebase-ios-sdk" */;
			productName = "FirebaseFirestoreCombine-Community";
		};
		1BF1B25527E2CC28007A73CB /* FirebaseFirestoreSwift-Beta */ = {
			isa = XCSwiftPackageProductDependency;
			package = C3D087F627DB3053003F886E /* XCRemoteSwiftPackageReference "firebase-ios-sdk" */;
			productName = "FirebaseFirestoreSwift-Beta";
		};
		1BF1B25727E2CC28007A73CB /* FirebasePerformance */ = {
			isa = XCSwiftPackageProductDependency;
			package = C3D087F627DB3053003F886E /* XCRemoteSwiftPackageReference "firebase-ios-sdk" */;
			productName = FirebasePerformance;
		};
		8DF55C4527FD49FF00D68EB1 /* FirebaseStorage */ = {
			isa = XCSwiftPackageProductDependency;
			package = C3D087F627DB3053003F886E /* XCRemoteSwiftPackageReference "firebase-ios-sdk" */;
			productName = FirebaseStorage;
		};
		8DF55C4727FD49FF00D68EB1 /* FirebaseStorageCombine-Community */ = {
			isa = XCSwiftPackageProductDependency;
			package = C3D087F627DB3053003F886E /* XCRemoteSwiftPackageReference "firebase-ios-sdk" */;
			productName = "FirebaseStorageCombine-Community";
		};
		8DF55C4927FD49FF00D68EB1 /* FirebaseStorageSwift-Beta */ = {
			isa = XCSwiftPackageProductDependency;
			package = C3D087F627DB3053003F886E /* XCRemoteSwiftPackageReference "firebase-ios-sdk" */;
			productName = "FirebaseStorageSwift-Beta";
		};
		8DF55C5527FE7E9C00D68EB1 /* Alamofire */ = {
			isa = XCSwiftPackageProductDependency;
			package = 8DF55C5427FE7E9B00D68EB1 /* XCRemoteSwiftPackageReference "Alamofire" */;
			productName = Alamofire;
		};
		8DF55C5A27FE9C8100D68EB1 /* SwiftyJSON */ = {
			isa = XCSwiftPackageProductDependency;
			package = 8DF55C5927FE9C8100D68EB1 /* XCRemoteSwiftPackageReference "SwiftyJSON" */;
			productName = SwiftyJSON;
		};
		C3011F5027F039E1001B12AC /* Realm */ = {
			isa = XCSwiftPackageProductDependency;
			package = C3011F4F27F039E1001B12AC /* XCRemoteSwiftPackageReference "realm-swift" */;
			productName = Realm;
		};
		C3011F5227F039E1001B12AC /* RealmSwift */ = {
			isa = XCSwiftPackageProductDependency;
			package = C3011F4F27F039E1001B12AC /* XCRemoteSwiftPackageReference "realm-swift" */;
			productName = RealmSwift;
		};
		C356363327F9AE7400B2609A /* SideMenu */ = {
			isa = XCSwiftPackageProductDependency;
			package = C356363227F9AE7300B2609A /* XCRemoteSwiftPackageReference "SideMenu" */;
			productName = SideMenu;
		};
		C356363C27FAC2F700B2609A /* SwiftyStoreKit */ = {
			isa = XCSwiftPackageProductDependency;
			package = C356363B27FAC2F500B2609A /* XCRemoteSwiftPackageReference "SwiftyStoreKit" */;
			productName = SwiftyStoreKit;
		};
		C3D087F727DB3053003F886E /* FirebaseAnalytics */ = {
			isa = XCSwiftPackageProductDependency;
			package = C3D087F627DB3053003F886E /* XCRemoteSwiftPackageReference "firebase-ios-sdk" */;
			productName = FirebaseAnalytics;
		};
		C3DBA08627EC99C200FE8392 /* FirebaseCrashlytics */ = {
			isa = XCSwiftPackageProductDependency;
			package = C3DBA08427EC994400FE8392 /* XCRemoteSwiftPackageReference "firebase-ios-sdk" */;
			productName = FirebaseCrashlytics;
		};
		C3DBA08827EC99C200FE8392 /* FirebasePerformance */ = {
			isa = XCSwiftPackageProductDependency;
			package = C3DBA08427EC994400FE8392 /* XCRemoteSwiftPackageReference "firebase-ios-sdk" */;
			productName = FirebasePerformance;
		};
		C3EDBF2727F88FE500BBEC01 /* SDWebImageSwiftUI */ = {
			isa = XCSwiftPackageProductDependency;
			package = C3EDBF2627F88FE400BBEC01 /* XCRemoteSwiftPackageReference "SDWebImageSwiftUI" */;
			productName = SDWebImageSwiftUI;
		};
/* End XCSwiftPackageProductDependency section */
	};
	rootObject = 1B28C3A827BE100D003F8312 /* Project object */;
}
