// !$*UTF8*$!
{
	archiveVersion = 1;
	classes = {
	};
	objectVersion = 55;
	objects = {

/* Begin PBXBuildFile section */
		1B28C3C627BE100F003F8312 /* Tests_iOS.swift in Sources */ = {isa = PBXBuildFile; fileRef = 1B28C3C527BE100F003F8312 /* Tests_iOS.swift */; };
		1B28C3C827BE100F003F8312 /* Tests_iOSLaunchTests.swift in Sources */ = {isa = PBXBuildFile; fileRef = 1B28C3C727BE100F003F8312 /* Tests_iOSLaunchTests.swift */; };
		1B28C3D227BE100F003F8312 /* Tests_macOS.swift in Sources */ = {isa = PBXBuildFile; fileRef = 1B28C3D127BE100F003F8312 /* Tests_macOS.swift */; };
		1B28C3D427BE100F003F8312 /* Tests_macOSLaunchTests.swift in Sources */ = {isa = PBXBuildFile; fileRef = 1B28C3D327BE100F003F8312 /* Tests_macOSLaunchTests.swift */; };
		1B28C3D527BE100F003F8312 /* PixelArtMakerApp.swift in Sources */ = {isa = PBXBuildFile; fileRef = 1B28C3AD27BE100E003F8312 /* PixelArtMakerApp.swift */; };
		1B28C3D627BE100F003F8312 /* PixelArtMakerApp.swift in Sources */ = {isa = PBXBuildFile; fileRef = 1B28C3AD27BE100E003F8312 /* PixelArtMakerApp.swift */; };
		1B28C3D727BE100F003F8312 /* ContentView.swift in Sources */ = {isa = PBXBuildFile; fileRef = 1B28C3AE27BE100E003F8312 /* ContentView.swift */; };
		1B28C3D827BE100F003F8312 /* ContentView.swift in Sources */ = {isa = PBXBuildFile; fileRef = 1B28C3AE27BE100E003F8312 /* ContentView.swift */; };
		1B28C3D927BE100F003F8312 /* Assets.xcassets in Resources */ = {isa = PBXBuildFile; fileRef = 1B28C3AF27BE100F003F8312 /* Assets.xcassets */; };
		1B28C3DA27BE100F003F8312 /* Assets.xcassets in Resources */ = {isa = PBXBuildFile; fileRef = 1B28C3AF27BE100F003F8312 /* Assets.xcassets */; };
		1B28C3EB27BE108F003F8312 /* LayerModel.swift in Sources */ = {isa = PBXBuildFile; fileRef = 1B28C3EA27BE108F003F8312 /* LayerModel.swift */; };
		1B28C3EE27BE123E003F8312 /* PixelDrawView.swift in Sources */ = {isa = PBXBuildFile; fileRef = 1B28C3ED27BE123E003F8312 /* PixelDrawView.swift */; };
		1B28C3EF27BE29F5003F8312 /* PixelDrawView.swift in Sources */ = {isa = PBXBuildFile; fileRef = 1B28C3ED27BE123E003F8312 /* PixelDrawView.swift */; };
		1B28C3F027BE2A02003F8312 /* LayerModel.swift in Sources */ = {isa = PBXBuildFile; fileRef = 1B28C3EA27BE108F003F8312 /* LayerModel.swift */; };
		1B28C3F227BF2F6A003F8312 /* StageManager.swift in Sources */ = {isa = PBXBuildFile; fileRef = 1B28C3F127BF2F6A003F8312 /* StageManager.swift */; };
		1B28C3F427BF302B003F8312 /* StageModel.swift in Sources */ = {isa = PBXBuildFile; fileRef = 1B28C3F327BF302B003F8312 /* StageModel.swift */; };
/* End PBXBuildFile section */

/* Begin PBXContainerItemProxy section */
		1B28C3C227BE100F003F8312 /* PBXContainerItemProxy */ = {
			isa = PBXContainerItemProxy;
			containerPortal = 1B28C3A827BE100D003F8312 /* Project object */;
			proxyType = 1;
			remoteGlobalIDString = 1B28C3B327BE100F003F8312;
			remoteInfo = "PixelArtMaker (iOS)";
		};
		1B28C3CE27BE100F003F8312 /* PBXContainerItemProxy */ = {
			isa = PBXContainerItemProxy;
			containerPortal = 1B28C3A827BE100D003F8312 /* Project object */;
			proxyType = 1;
			remoteGlobalIDString = 1B28C3B927BE100F003F8312;
			remoteInfo = "PixelArtMaker (macOS)";
		};
/* End PBXContainerItemProxy section */

/* Begin PBXFileReference section */
		1B28C3AD27BE100E003F8312 /* PixelArtMakerApp.swift */ = {isa = PBXFileReference; lastKnownFileType = sourcecode.swift; path = PixelArtMakerApp.swift; sourceTree = "<group>"; };
		1B28C3AE27BE100E003F8312 /* ContentView.swift */ = {isa = PBXFileReference; lastKnownFileType = sourcecode.swift; path = ContentView.swift; sourceTree = "<group>"; };
		1B28C3AF27BE100F003F8312 /* Assets.xcassets */ = {isa = PBXFileReference; lastKnownFileType = folder.assetcatalog; path = Assets.xcassets; sourceTree = "<group>"; };
		1B28C3B427BE100F003F8312 /* PixelArtMaker.app */ = {isa = PBXFileReference; explicitFileType = wrapper.application; includeInIndex = 0; path = PixelArtMaker.app; sourceTree = BUILT_PRODUCTS_DIR; };
		1B28C3BA27BE100F003F8312 /* PixelArtMaker.app */ = {isa = PBXFileReference; explicitFileType = wrapper.application; includeInIndex = 0; path = PixelArtMaker.app; sourceTree = BUILT_PRODUCTS_DIR; };
		1B28C3BC27BE100F003F8312 /* macOS.entitlements */ = {isa = PBXFileReference; lastKnownFileType = text.plist.entitlements; path = macOS.entitlements; sourceTree = "<group>"; };
		1B28C3C127BE100F003F8312 /* Tests iOS.xctest */ = {isa = PBXFileReference; explicitFileType = wrapper.cfbundle; includeInIndex = 0; path = "Tests iOS.xctest"; sourceTree = BUILT_PRODUCTS_DIR; };
		1B28C3C527BE100F003F8312 /* Tests_iOS.swift */ = {isa = PBXFileReference; lastKnownFileType = sourcecode.swift; path = Tests_iOS.swift; sourceTree = "<group>"; };
		1B28C3C727BE100F003F8312 /* Tests_iOSLaunchTests.swift */ = {isa = PBXFileReference; lastKnownFileType = sourcecode.swift; path = Tests_iOSLaunchTests.swift; sourceTree = "<group>"; };
		1B28C3CD27BE100F003F8312 /* Tests macOS.xctest */ = {isa = PBXFileReference; explicitFileType = wrapper.cfbundle; includeInIndex = 0; path = "Tests macOS.xctest"; sourceTree = BUILT_PRODUCTS_DIR; };
		1B28C3D127BE100F003F8312 /* Tests_macOS.swift */ = {isa = PBXFileReference; lastKnownFileType = sourcecode.swift; path = Tests_macOS.swift; sourceTree = "<group>"; };
		1B28C3D327BE100F003F8312 /* Tests_macOSLaunchTests.swift */ = {isa = PBXFileReference; lastKnownFileType = sourcecode.swift; path = Tests_macOSLaunchTests.swift; sourceTree = "<group>"; };
		1B28C3EA27BE108F003F8312 /* LayerModel.swift */ = {isa = PBXFileReference; lastKnownFileType = sourcecode.swift; path = LayerModel.swift; sourceTree = "<group>"; };
		1B28C3ED27BE123E003F8312 /* PixelDrawView.swift */ = {isa = PBXFileReference; lastKnownFileType = sourcecode.swift; path = PixelDrawView.swift; sourceTree = "<group>"; };
		1B28C3F127BF2F6A003F8312 /* StageManager.swift */ = {isa = PBXFileReference; lastKnownFileType = sourcecode.swift; path = StageManager.swift; sourceTree = "<group>"; };
		1B28C3F327BF302B003F8312 /* StageModel.swift */ = {isa = PBXFileReference; lastKnownFileType = sourcecode.swift; path = StageModel.swift; sourceTree = "<group>"; };
/* End PBXFileReference section */

/* Begin PBXFrameworksBuildPhase section */
		1B28C3B127BE100F003F8312 /* Frameworks */ = {
			isa = PBXFrameworksBuildPhase;
			buildActionMask = 2147483647;
			files = (
			);
			runOnlyForDeploymentPostprocessing = 0;
		};
		1B28C3B727BE100F003F8312 /* Frameworks */ = {
			isa = PBXFrameworksBuildPhase;
			buildActionMask = 2147483647;
			files = (
			);
			runOnlyForDeploymentPostprocessing = 0;
		};
		1B28C3BE27BE100F003F8312 /* Frameworks */ = {
			isa = PBXFrameworksBuildPhase;
			buildActionMask = 2147483647;
			files = (
			);
			runOnlyForDeploymentPostprocessing = 0;
		};
		1B28C3CA27BE100F003F8312 /* Frameworks */ = {
			isa = PBXFrameworksBuildPhase;
			buildActionMask = 2147483647;
			files = (
			);
			runOnlyForDeploymentPostprocessing = 0;
		};
/* End PBXFrameworksBuildPhase section */

/* Begin PBXGroup section */
		1B28C3A727BE100D003F8312 = {
			isa = PBXGroup;
			children = (
				1B28C3AC27BE100E003F8312 /* Shared */,
				1B28C3BB27BE100F003F8312 /* macOS */,
				1B28C3C427BE100F003F8312 /* Tests iOS */,
				1B28C3D027BE100F003F8312 /* Tests macOS */,
				1B28C3B527BE100F003F8312 /* Products */,
			);
			sourceTree = "<group>";
		};
		1B28C3AC27BE100E003F8312 /* Shared */ = {
			isa = PBXGroup;
			children = (
				1B28C3F127BF2F6A003F8312 /* StageManager.swift */,
				1B28C3EC27BE11C2003F8312 /* View */,
				1B28C3E927BE107D003F8312 /* Model */,
				1B28C3AD27BE100E003F8312 /* PixelArtMakerApp.swift */,
				1B28C3AF27BE100F003F8312 /* Assets.xcassets */,
			);
			path = Shared;
			sourceTree = "<group>";
		};
		1B28C3B527BE100F003F8312 /* Products */ = {
			isa = PBXGroup;
			children = (
				1B28C3B427BE100F003F8312 /* PixelArtMaker.app */,
				1B28C3BA27BE100F003F8312 /* PixelArtMaker.app */,
				1B28C3C127BE100F003F8312 /* Tests iOS.xctest */,
				1B28C3CD27BE100F003F8312 /* Tests macOS.xctest */,
			);
			name = Products;
			sourceTree = "<group>";
		};
		1B28C3BB27BE100F003F8312 /* macOS */ = {
			isa = PBXGroup;
			children = (
				1B28C3BC27BE100F003F8312 /* macOS.entitlements */,
			);
			path = macOS;
			sourceTree = "<group>";
		};
		1B28C3C427BE100F003F8312 /* Tests iOS */ = {
			isa = PBXGroup;
			children = (
				1B28C3C527BE100F003F8312 /* Tests_iOS.swift */,
				1B28C3C727BE100F003F8312 /* Tests_iOSLaunchTests.swift */,
			);
			path = "Tests iOS";
			sourceTree = "<group>";
		};
		1B28C3D027BE100F003F8312 /* Tests macOS */ = {
			isa = PBXGroup;
			children = (
				1B28C3D127BE100F003F8312 /* Tests_macOS.swift */,
				1B28C3D327BE100F003F8312 /* Tests_macOSLaunchTests.swift */,
			);
			path = "Tests macOS";
			sourceTree = "<group>";
		};
		1B28C3E927BE107D003F8312 /* Model */ = {
			isa = PBXGroup;
			children = (
				1B28C3EA27BE108F003F8312 /* LayerModel.swift */,
				1B28C3F327BF302B003F8312 /* StageModel.swift */,
			);
			path = Model;
			sourceTree = "<group>";
		};
		1B28C3EC27BE11C2003F8312 /* View */ = {
			isa = PBXGroup;
			children = (
				1B28C3AE27BE100E003F8312 /* ContentView.swift */,
				1B28C3ED27BE123E003F8312 /* PixelDrawView.swift */,
			);
			path = View;
			sourceTree = "<group>";
		};
/* End PBXGroup section */

/* Begin PBXNativeTarget section */
		1B28C3B327BE100F003F8312 /* PixelArtMaker (iOS) */ = {
			isa = PBXNativeTarget;
			buildConfigurationList = 1B28C3DD27BE100F003F8312 /* Build configuration list for PBXNativeTarget "PixelArtMaker (iOS)" */;
			buildPhases = (
				1B28C3B027BE100F003F8312 /* Sources */,
				1B28C3B127BE100F003F8312 /* Frameworks */,
				1B28C3B227BE100F003F8312 /* Resources */,
			);
			buildRules = (
			);
			dependencies = (
			);
			name = "PixelArtMaker (iOS)";
			productName = "PixelArtMaker (iOS)";
			productReference = 1B28C3B427BE100F003F8312 /* PixelArtMaker.app */;
			productType = "com.apple.product-type.application";
		};
		1B28C3B927BE100F003F8312 /* PixelArtMaker (macOS) */ = {
			isa = PBXNativeTarget;
			buildConfigurationList = 1B28C3E027BE100F003F8312 /* Build configuration list for PBXNativeTarget "PixelArtMaker (macOS)" */;
			buildPhases = (
				1B28C3B627BE100F003F8312 /* Sources */,
				1B28C3B727BE100F003F8312 /* Frameworks */,
				1B28C3B827BE100F003F8312 /* Resources */,
			);
			buildRules = (
			);
			dependencies = (
			);
			name = "PixelArtMaker (macOS)";
			productName = "PixelArtMaker (macOS)";
			productReference = 1B28C3BA27BE100F003F8312 /* PixelArtMaker.app */;
			productType = "com.apple.product-type.application";
		};
		1B28C3C027BE100F003F8312 /* Tests iOS */ = {
			isa = PBXNativeTarget;
			buildConfigurationList = 1B28C3E327BE100F003F8312 /* Build configuration list for PBXNativeTarget "Tests iOS" */;
			buildPhases = (
				1B28C3BD27BE100F003F8312 /* Sources */,
				1B28C3BE27BE100F003F8312 /* Frameworks */,
				1B28C3BF27BE100F003F8312 /* Resources */,
			);
			buildRules = (
			);
			dependencies = (
				1B28C3C327BE100F003F8312 /* PBXTargetDependency */,
			);
			name = "Tests iOS";
			productName = "Tests iOS";
			productReference = 1B28C3C127BE100F003F8312 /* Tests iOS.xctest */;
			productType = "com.apple.product-type.bundle.ui-testing";
		};
		1B28C3CC27BE100F003F8312 /* Tests macOS */ = {
			isa = PBXNativeTarget;
			buildConfigurationList = 1B28C3E627BE100F003F8312 /* Build configuration list for PBXNativeTarget "Tests macOS" */;
			buildPhases = (
				1B28C3C927BE100F003F8312 /* Sources */,
				1B28C3CA27BE100F003F8312 /* Frameworks */,
				1B28C3CB27BE100F003F8312 /* Resources */,
			);
			buildRules = (
			);
			dependencies = (
				1B28C3CF27BE100F003F8312 /* PBXTargetDependency */,
			);
			name = "Tests macOS";
			productName = "Tests macOS";
			productReference = 1B28C3CD27BE100F003F8312 /* Tests macOS.xctest */;
			productType = "com.apple.product-type.bundle.ui-testing";
		};
/* End PBXNativeTarget section */

/* Begin PBXProject section */
		1B28C3A827BE100D003F8312 /* Project object */ = {
			isa = PBXProject;
			attributes = {
				BuildIndependentTargetsInParallel = 1;
				LastSwiftUpdateCheck = 1320;
				LastUpgradeCheck = 1320;
				TargetAttributes = {
					1B28C3B327BE100F003F8312 = {
						CreatedOnToolsVersion = 13.2.1;
					};
					1B28C3B927BE100F003F8312 = {
						CreatedOnToolsVersion = 13.2.1;
					};
					1B28C3C027BE100F003F8312 = {
						CreatedOnToolsVersion = 13.2.1;
						TestTargetID = 1B28C3B327BE100F003F8312;
					};
					1B28C3CC27BE100F003F8312 = {
						CreatedOnToolsVersion = 13.2.1;
						TestTargetID = 1B28C3B927BE100F003F8312;
					};
				};
			};
			buildConfigurationList = 1B28C3AB27BE100D003F8312 /* Build configuration list for PBXProject "PixelArtMaker" */;
			compatibilityVersion = "Xcode 13.0";
			developmentRegion = en;
			hasScannedForEncodings = 0;
			knownRegions = (
				en,
				Base,
			);
			mainGroup = 1B28C3A727BE100D003F8312;
			productRefGroup = 1B28C3B527BE100F003F8312 /* Products */;
			projectDirPath = "";
			projectRoot = "";
			targets = (
				1B28C3B327BE100F003F8312 /* PixelArtMaker (iOS) */,
				1B28C3B927BE100F003F8312 /* PixelArtMaker (macOS) */,
				1B28C3C027BE100F003F8312 /* Tests iOS */,
				1B28C3CC27BE100F003F8312 /* Tests macOS */,
			);
		};
/* End PBXProject section */

/* Begin PBXResourcesBuildPhase section */
		1B28C3B227BE100F003F8312 /* Resources */ = {
			isa = PBXResourcesBuildPhase;
			buildActionMask = 2147483647;
			files = (
				1B28C3D927BE100F003F8312 /* Assets.xcassets in Resources */,
			);
			runOnlyForDeploymentPostprocessing = 0;
		};
		1B28C3B827BE100F003F8312 /* Resources */ = {
			isa = PBXResourcesBuildPhase;
			buildActionMask = 2147483647;
			files = (
				1B28C3DA27BE100F003F8312 /* Assets.xcassets in Resources */,
			);
			runOnlyForDeploymentPostprocessing = 0;
		};
		1B28C3BF27BE100F003F8312 /* Resources */ = {
			isa = PBXResourcesBuildPhase;
			buildActionMask = 2147483647;
			files = (
			);
			runOnlyForDeploymentPostprocessing = 0;
		};
		1B28C3CB27BE100F003F8312 /* Resources */ = {
			isa = PBXResourcesBuildPhase;
			buildActionMask = 2147483647;
			files = (
			);
			runOnlyForDeploymentPostprocessing = 0;
		};
/* End PBXResourcesBuildPhase section */

/* Begin PBXSourcesBuildPhase section */
		1B28C3B027BE100F003F8312 /* Sources */ = {
			isa = PBXSourcesBuildPhase;
			buildActionMask = 2147483647;
			files = (
				1B28C3EB27BE108F003F8312 /* LayerModel.swift in Sources */,
				1B28C3F227BF2F6A003F8312 /* StageManager.swift in Sources */,
				1B28C3F427BF302B003F8312 /* StageModel.swift in Sources */,
				1B28C3EE27BE123E003F8312 /* PixelDrawView.swift in Sources */,
				1B28C3D727BE100F003F8312 /* ContentView.swift in Sources */,
				1B28C3D527BE100F003F8312 /* PixelArtMakerApp.swift in Sources */,
			);
			runOnlyForDeploymentPostprocessing = 0;
		};
		1B28C3B627BE100F003F8312 /* Sources */ = {
			isa = PBXSourcesBuildPhase;
			buildActionMask = 2147483647;
			files = (
				1B28C3EF27BE29F5003F8312 /* PixelDrawView.swift in Sources */,
				1B28C3D827BE100F003F8312 /* ContentView.swift in Sources */,
				1B28C3F027BE2A02003F8312 /* LayerModel.swift in Sources */,
				1B28C3D627BE100F003F8312 /* PixelArtMakerApp.swift in Sources */,
			);
			runOnlyForDeploymentPostprocessing = 0;
		};
		1B28C3BD27BE100F003F8312 /* Sources */ = {
			isa = PBXSourcesBuildPhase;
			buildActionMask = 2147483647;
			files = (
				1B28C3C827BE100F003F8312 /* Tests_iOSLaunchTests.swift in Sources */,
				1B28C3C627BE100F003F8312 /* Tests_iOS.swift in Sources */,
			);
			runOnlyForDeploymentPostprocessing = 0;
		};
		1B28C3C927BE100F003F8312 /* Sources */ = {
			isa = PBXSourcesBuildPhase;
			buildActionMask = 2147483647;
			files = (
				1B28C3D427BE100F003F8312 /* Tests_macOSLaunchTests.swift in Sources */,
				1B28C3D227BE100F003F8312 /* Tests_macOS.swift in Sources */,
			);
			runOnlyForDeploymentPostprocessing = 0;
		};
/* End PBXSourcesBuildPhase section */

/* Begin PBXTargetDependency section */
		1B28C3C327BE100F003F8312 /* PBXTargetDependency */ = {
			isa = PBXTargetDependency;
			target = 1B28C3B327BE100F003F8312 /* PixelArtMaker (iOS) */;
			targetProxy = 1B28C3C227BE100F003F8312 /* PBXContainerItemProxy */;
		};
		1B28C3CF27BE100F003F8312 /* PBXTargetDependency */ = {
			isa = PBXTargetDependency;
			target = 1B28C3B927BE100F003F8312 /* PixelArtMaker (macOS) */;
			targetProxy = 1B28C3CE27BE100F003F8312 /* PBXContainerItemProxy */;
		};
/* End PBXTargetDependency section */

/* Begin XCBuildConfiguration section */
		1B28C3DB27BE100F003F8312 /* Debug */ = {
			isa = XCBuildConfiguration;
			buildSettings = {
				ALWAYS_SEARCH_USER_PATHS = NO;
				CLANG_ANALYZER_NONNULL = YES;
				CLANG_ANALYZER_NUMBER_OBJECT_CONVERSION = YES_AGGRESSIVE;
				CLANG_CXX_LANGUAGE_STANDARD = "gnu++17";
				CLANG_CXX_LIBRARY = "libc++";
				CLANG_ENABLE_MODULES = YES;
				CLANG_ENABLE_OBJC_ARC = YES;
				CLANG_ENABLE_OBJC_WEAK = YES;
				CLANG_WARN_BLOCK_CAPTURE_AUTORELEASING = YES;
				CLANG_WARN_BOOL_CONVERSION = YES;
				CLANG_WARN_COMMA = YES;
				CLANG_WARN_CONSTANT_CONVERSION = YES;
				CLANG_WARN_DEPRECATED_OBJC_IMPLEMENTATIONS = YES;
				CLANG_WARN_DIRECT_OBJC_ISA_USAGE = YES_ERROR;
				CLANG_WARN_DOCUMENTATION_COMMENTS = YES;
				CLANG_WARN_EMPTY_BODY = YES;
				CLANG_WARN_ENUM_CONVERSION = YES;
				CLANG_WARN_INFINITE_RECURSION = YES;
				CLANG_WARN_INT_CONVERSION = YES;
				CLANG_WARN_NON_LITERAL_NULL_CONVERSION = YES;
				CLANG_WARN_OBJC_IMPLICIT_RETAIN_SELF = YES;
				CLANG_WARN_OBJC_LITERAL_CONVERSION = YES;
				CLANG_WARN_OBJC_ROOT_CLASS = YES_ERROR;
				CLANG_WARN_QUOTED_INCLUDE_IN_FRAMEWORK_HEADER = YES;
				CLANG_WARN_RANGE_LOOP_ANALYSIS = YES;
				CLANG_WARN_STRICT_PROTOTYPES = YES;
				CLANG_WARN_SUSPICIOUS_MOVE = YES;
				CLANG_WARN_UNGUARDED_AVAILABILITY = YES_AGGRESSIVE;
				CLANG_WARN_UNREACHABLE_CODE = YES;
				CLANG_WARN__DUPLICATE_METHOD_MATCH = YES;
				COPY_PHASE_STRIP = NO;
				DEBUG_INFORMATION_FORMAT = dwarf;
				ENABLE_STRICT_OBJC_MSGSEND = YES;
				ENABLE_TESTABILITY = YES;
				GCC_C_LANGUAGE_STANDARD = gnu11;
				GCC_DYNAMIC_NO_PIC = NO;
				GCC_NO_COMMON_BLOCKS = YES;
				GCC_OPTIMIZATION_LEVEL = 0;
				GCC_PREPROCESSOR_DEFINITIONS = (
					"DEBUG=1",
					"$(inherited)",
				);
				GCC_WARN_64_TO_32_BIT_CONVERSION = YES;
				GCC_WARN_ABOUT_RETURN_TYPE = YES_ERROR;
				GCC_WARN_UNDECLARED_SELECTOR = YES;
				GCC_WARN_UNINITIALIZED_AUTOS = YES_AGGRESSIVE;
				GCC_WARN_UNUSED_FUNCTION = YES;
				GCC_WARN_UNUSED_VARIABLE = YES;
				MTL_ENABLE_DEBUG_INFO = INCLUDE_SOURCE;
				MTL_FAST_MATH = YES;
				ONLY_ACTIVE_ARCH = YES;
				SWIFT_ACTIVE_COMPILATION_CONDITIONS = DEBUG;
				SWIFT_OPTIMIZATION_LEVEL = "-Onone";
			};
			name = Debug;
		};
		1B28C3DC27BE100F003F8312 /* Release */ = {
			isa = XCBuildConfiguration;
			buildSettings = {
				ALWAYS_SEARCH_USER_PATHS = NO;
				CLANG_ANALYZER_NONNULL = YES;
				CLANG_ANALYZER_NUMBER_OBJECT_CONVERSION = YES_AGGRESSIVE;
				CLANG_CXX_LANGUAGE_STANDARD = "gnu++17";
				CLANG_CXX_LIBRARY = "libc++";
				CLANG_ENABLE_MODULES = YES;
				CLANG_ENABLE_OBJC_ARC = YES;
				CLANG_ENABLE_OBJC_WEAK = YES;
				CLANG_WARN_BLOCK_CAPTURE_AUTORELEASING = YES;
				CLANG_WARN_BOOL_CONVERSION = YES;
				CLANG_WARN_COMMA = YES;
				CLANG_WARN_CONSTANT_CONVERSION = YES;
				CLANG_WARN_DEPRECATED_OBJC_IMPLEMENTATIONS = YES;
				CLANG_WARN_DIRECT_OBJC_ISA_USAGE = YES_ERROR;
				CLANG_WARN_DOCUMENTATION_COMMENTS = YES;
				CLANG_WARN_EMPTY_BODY = YES;
				CLANG_WARN_ENUM_CONVERSION = YES;
				CLANG_WARN_INFINITE_RECURSION = YES;
				CLANG_WARN_INT_CONVERSION = YES;
				CLANG_WARN_NON_LITERAL_NULL_CONVERSION = YES;
				CLANG_WARN_OBJC_IMPLICIT_RETAIN_SELF = YES;
				CLANG_WARN_OBJC_LITERAL_CONVERSION = YES;
				CLANG_WARN_OBJC_ROOT_CLASS = YES_ERROR;
				CLANG_WARN_QUOTED_INCLUDE_IN_FRAMEWORK_HEADER = YES;
				CLANG_WARN_RANGE_LOOP_ANALYSIS = YES;
				CLANG_WARN_STRICT_PROTOTYPES = YES;
				CLANG_WARN_SUSPICIOUS_MOVE = YES;
				CLANG_WARN_UNGUARDED_AVAILABILITY = YES_AGGRESSIVE;
				CLANG_WARN_UNREACHABLE_CODE = YES;
				CLANG_WARN__DUPLICATE_METHOD_MATCH = YES;
				COPY_PHASE_STRIP = NO;
				DEBUG_INFORMATION_FORMAT = "dwarf-with-dsym";
				ENABLE_NS_ASSERTIONS = NO;
				ENABLE_STRICT_OBJC_MSGSEND = YES;
				GCC_C_LANGUAGE_STANDARD = gnu11;
				GCC_NO_COMMON_BLOCKS = YES;
				GCC_WARN_64_TO_32_BIT_CONVERSION = YES;
				GCC_WARN_ABOUT_RETURN_TYPE = YES_ERROR;
				GCC_WARN_UNDECLARED_SELECTOR = YES;
				GCC_WARN_UNINITIALIZED_AUTOS = YES_AGGRESSIVE;
				GCC_WARN_UNUSED_FUNCTION = YES;
				GCC_WARN_UNUSED_VARIABLE = YES;
				MTL_ENABLE_DEBUG_INFO = NO;
				MTL_FAST_MATH = YES;
				SWIFT_COMPILATION_MODE = wholemodule;
				SWIFT_OPTIMIZATION_LEVEL = "-O";
			};
			name = Release;
		};
		1B28C3DE27BE100F003F8312 /* Debug */ = {
			isa = XCBuildConfiguration;
			buildSettings = {
				ASSETCATALOG_COMPILER_APPICON_NAME = AppIcon;
				ASSETCATALOG_COMPILER_GLOBAL_ACCENT_COLOR_NAME = AccentColor;
				CODE_SIGN_STYLE = Automatic;
				CURRENT_PROJECT_VERSION = 1;
				DEVELOPMENT_TEAM = QU9EPTU238;
				ENABLE_PREVIEWS = YES;
				GENERATE_INFOPLIST_FILE = YES;
				INFOPLIST_KEY_UIApplicationSceneManifest_Generation = YES;
				INFOPLIST_KEY_UIApplicationSupportsIndirectInputEvents = YES;
				INFOPLIST_KEY_UILaunchScreen_Generation = YES;
				INFOPLIST_KEY_UISupportedInterfaceOrientations_iPad = "UIInterfaceOrientationPortrait UIInterfaceOrientationPortraitUpsideDown UIInterfaceOrientationLandscapeLeft UIInterfaceOrientationLandscapeRight";
				INFOPLIST_KEY_UISupportedInterfaceOrientations_iPhone = "UIInterfaceOrientationPortrait UIInterfaceOrientationLandscapeLeft UIInterfaceOrientationLandscapeRight";
				IPHONEOS_DEPLOYMENT_TARGET = 15.2;
				LD_RUNPATH_SEARCH_PATHS = (
					"$(inherited)",
					"@executable_path/Frameworks",
				);
				MARKETING_VERSION = 1.0;
				PRODUCT_BUNDLE_IDENTIFIER = net.kongbaguni.PixelArtMaker;
				PRODUCT_NAME = PixelArtMaker;
				SDKROOT = iphoneos;
				SWIFT_EMIT_LOC_STRINGS = YES;
				SWIFT_VERSION = 5.0;
				TARGETED_DEVICE_FAMILY = "1,2";
			};
			name = Debug;
		};
		1B28C3DF27BE100F003F8312 /* Release */ = {
			isa = XCBuildConfiguration;
			buildSettings = {
				ASSETCATALOG_COMPILER_APPICON_NAME = AppIcon;
				ASSETCATALOG_COMPILER_GLOBAL_ACCENT_COLOR_NAME = AccentColor;
				CODE_SIGN_STYLE = Automatic;
				CURRENT_PROJECT_VERSION = 1;
				DEVELOPMENT_TEAM = QU9EPTU238;
				ENABLE_PREVIEWS = YES;
				GENERATE_INFOPLIST_FILE = YES;
				INFOPLIST_KEY_UIApplicationSceneManifest_Generation = YES;
				INFOPLIST_KEY_UIApplicationSupportsIndirectInputEvents = YES;
				INFOPLIST_KEY_UILaunchScreen_Generation = YES;
				INFOPLIST_KEY_UISupportedInterfaceOrientations_iPad = "UIInterfaceOrientationPortrait UIInterfaceOrientationPortraitUpsideDown UIInterfaceOrientationLandscapeLeft UIInterfaceOrientationLandscapeRight";
				INFOPLIST_KEY_UISupportedInterfaceOrientations_iPhone = "UIInterfaceOrientationPortrait UIInterfaceOrientationLandscapeLeft UIInterfaceOrientationLandscapeRight";
				IPHONEOS_DEPLOYMENT_TARGET = 15.2;
				LD_RUNPATH_SEARCH_PATHS = (
					"$(inherited)",
					"@executable_path/Frameworks",
				);
				MARKETING_VERSION = 1.0;
				PRODUCT_BUNDLE_IDENTIFIER = net.kongbaguni.PixelArtMaker;
				PRODUCT_NAME = PixelArtMaker;
				SDKROOT = iphoneos;
				SWIFT_EMIT_LOC_STRINGS = YES;
				SWIFT_VERSION = 5.0;
				TARGETED_DEVICE_FAMILY = "1,2";
				VALIDATE_PRODUCT = YES;
			};
			name = Release;
		};
		1B28C3E127BE100F003F8312 /* Debug */ = {
			isa = XCBuildConfiguration;
			buildSettings = {
				ASSETCATALOG_COMPILER_APPICON_NAME = AppIcon;
				ASSETCATALOG_COMPILER_GLOBAL_ACCENT_COLOR_NAME = AccentColor;
				CODE_SIGN_ENTITLEMENTS = macOS/macOS.entitlements;
				CODE_SIGN_STYLE = Automatic;
				COMBINE_HIDPI_IMAGES = YES;
				CURRENT_PROJECT_VERSION = 1;
				DEVELOPMENT_TEAM = QU9EPTU238;
				ENABLE_HARDENED_RUNTIME = YES;
				ENABLE_PREVIEWS = YES;
				GENERATE_INFOPLIST_FILE = YES;
				INFOPLIST_KEY_NSHumanReadableCopyright = "";
				LD_RUNPATH_SEARCH_PATHS = (
					"$(inherited)",
					"@executable_path/../Frameworks",
				);
				MACOSX_DEPLOYMENT_TARGET = 12.1;
				MARKETING_VERSION = 1.0;
				PRODUCT_BUNDLE_IDENTIFIER = net.kongbaguni.PixelArtMaker;
				PRODUCT_NAME = PixelArtMaker;
				SDKROOT = macosx;
				SWIFT_EMIT_LOC_STRINGS = YES;
				SWIFT_VERSION = 5.0;
			};
			name = Debug;
		};
		1B28C3E227BE100F003F8312 /* Release */ = {
			isa = XCBuildConfiguration;
			buildSettings = {
				ASSETCATALOG_COMPILER_APPICON_NAME = AppIcon;
				ASSETCATALOG_COMPILER_GLOBAL_ACCENT_COLOR_NAME = AccentColor;
				CODE_SIGN_ENTITLEMENTS = macOS/macOS.entitlements;
				CODE_SIGN_STYLE = Automatic;
				COMBINE_HIDPI_IMAGES = YES;
				CURRENT_PROJECT_VERSION = 1;
				DEVELOPMENT_TEAM = QU9EPTU238;
				ENABLE_HARDENED_RUNTIME = YES;
				ENABLE_PREVIEWS = YES;
				GENERATE_INFOPLIST_FILE = YES;
				INFOPLIST_KEY_NSHumanReadableCopyright = "";
				LD_RUNPATH_SEARCH_PATHS = (
					"$(inherited)",
					"@executable_path/../Frameworks",
				);
				MACOSX_DEPLOYMENT_TARGET = 12.1;
				MARKETING_VERSION = 1.0;
				PRODUCT_BUNDLE_IDENTIFIER = net.kongbaguni.PixelArtMaker;
				PRODUCT_NAME = PixelArtMaker;
				SDKROOT = macosx;
				SWIFT_EMIT_LOC_STRINGS = YES;
				SWIFT_VERSION = 5.0;
			};
			name = Release;
		};
		1B28C3E427BE100F003F8312 /* Debug */ = {
			isa = XCBuildConfiguration;
			buildSettings = {
				ALWAYS_EMBED_SWIFT_STANDARD_LIBRARIES = YES;
				CODE_SIGN_STYLE = Automatic;
				CURRENT_PROJECT_VERSION = 1;
				DEVELOPMENT_TEAM = QU9EPTU238;
				GENERATE_INFOPLIST_FILE = YES;
				IPHONEOS_DEPLOYMENT_TARGET = 15.2;
				MARKETING_VERSION = 1.0;
				PRODUCT_BUNDLE_IDENTIFIER = "net.kongbaguni.Tests-iOS";
				PRODUCT_NAME = "$(TARGET_NAME)";
				SDKROOT = iphoneos;
				SWIFT_EMIT_LOC_STRINGS = NO;
				SWIFT_VERSION = 5.0;
				TARGETED_DEVICE_FAMILY = "1,2";
				TEST_TARGET_NAME = "PixelArtMaker (iOS)";
			};
			name = Debug;
		};
		1B28C3E527BE100F003F8312 /* Release */ = {
			isa = XCBuildConfiguration;
			buildSettings = {
				ALWAYS_EMBED_SWIFT_STANDARD_LIBRARIES = YES;
				CODE_SIGN_STYLE = Automatic;
				CURRENT_PROJECT_VERSION = 1;
				DEVELOPMENT_TEAM = QU9EPTU238;
				GENERATE_INFOPLIST_FILE = YES;
				IPHONEOS_DEPLOYMENT_TARGET = 15.2;
				MARKETING_VERSION = 1.0;
				PRODUCT_BUNDLE_IDENTIFIER = "net.kongbaguni.Tests-iOS";
				PRODUCT_NAME = "$(TARGET_NAME)";
				SDKROOT = iphoneos;
				SWIFT_EMIT_LOC_STRINGS = NO;
				SWIFT_VERSION = 5.0;
				TARGETED_DEVICE_FAMILY = "1,2";
				TEST_TARGET_NAME = "PixelArtMaker (iOS)";
				VALIDATE_PRODUCT = YES;
			};
			name = Release;
		};
		1B28C3E727BE100F003F8312 /* Debug */ = {
			isa = XCBuildConfiguration;
			buildSettings = {
				ALWAYS_EMBED_SWIFT_STANDARD_LIBRARIES = YES;
				CODE_SIGN_STYLE = Automatic;
				CURRENT_PROJECT_VERSION = 1;
				DEVELOPMENT_TEAM = QU9EPTU238;
				GENERATE_INFOPLIST_FILE = YES;
				MACOSX_DEPLOYMENT_TARGET = 12.1;
				MARKETING_VERSION = 1.0;
				PRODUCT_BUNDLE_IDENTIFIER = "net.kongbaguni.Tests-macOS";
				PRODUCT_NAME = "$(TARGET_NAME)";
				SDKROOT = macosx;
				SWIFT_EMIT_LOC_STRINGS = NO;
				SWIFT_VERSION = 5.0;
				TEST_TARGET_NAME = "PixelArtMaker (macOS)";
			};
			name = Debug;
		};
		1B28C3E827BE100F003F8312 /* Release */ = {
			isa = XCBuildConfiguration;
			buildSettings = {
				ALWAYS_EMBED_SWIFT_STANDARD_LIBRARIES = YES;
				CODE_SIGN_STYLE = Automatic;
				CURRENT_PROJECT_VERSION = 1;
				DEVELOPMENT_TEAM = QU9EPTU238;
				GENERATE_INFOPLIST_FILE = YES;
				MACOSX_DEPLOYMENT_TARGET = 12.1;
				MARKETING_VERSION = 1.0;
				PRODUCT_BUNDLE_IDENTIFIER = "net.kongbaguni.Tests-macOS";
				PRODUCT_NAME = "$(TARGET_NAME)";
				SDKROOT = macosx;
				SWIFT_EMIT_LOC_STRINGS = NO;
				SWIFT_VERSION = 5.0;
				TEST_TARGET_NAME = "PixelArtMaker (macOS)";
			};
			name = Release;
		};
/* End XCBuildConfiguration section */

/* Begin XCConfigurationList section */
		1B28C3AB27BE100D003F8312 /* Build configuration list for PBXProject "PixelArtMaker" */ = {
			isa = XCConfigurationList;
			buildConfigurations = (
				1B28C3DB27BE100F003F8312 /* Debug */,
				1B28C3DC27BE100F003F8312 /* Release */,
			);
			defaultConfigurationIsVisible = 0;
			defaultConfigurationName = Release;
		};
		1B28C3DD27BE100F003F8312 /* Build configuration list for PBXNativeTarget "PixelArtMaker (iOS)" */ = {
			isa = XCConfigurationList;
			buildConfigurations = (
				1B28C3DE27BE100F003F8312 /* Debug */,
				1B28C3DF27BE100F003F8312 /* Release */,
			);
			defaultConfigurationIsVisible = 0;
			defaultConfigurationName = Release;
		};
		1B28C3E027BE100F003F8312 /* Build configuration list for PBXNativeTarget "PixelArtMaker (macOS)" */ = {
			isa = XCConfigurationList;
			buildConfigurations = (
				1B28C3E127BE100F003F8312 /* Debug */,
				1B28C3E227BE100F003F8312 /* Release */,
			);
			defaultConfigurationIsVisible = 0;
			defaultConfigurationName = Release;
		};
		1B28C3E327BE100F003F8312 /* Build configuration list for PBXNativeTarget "Tests iOS" */ = {
			isa = XCConfigurationList;
			buildConfigurations = (
				1B28C3E427BE100F003F8312 /* Debug */,
				1B28C3E527BE100F003F8312 /* Release */,
			);
			defaultConfigurationIsVisible = 0;
			defaultConfigurationName = Release;
		};
		1B28C3E627BE100F003F8312 /* Build configuration list for PBXNativeTarget "Tests macOS" */ = {
			isa = XCConfigurationList;
			buildConfigurations = (
				1B28C3E727BE100F003F8312 /* Debug */,
				1B28C3E827BE100F003F8312 /* Release */,
			);
			defaultConfigurationIsVisible = 0;
			defaultConfigurationName = Release;
		};
/* End XCConfigurationList section */
	};
	rootObject = 1B28C3A827BE100D003F8312 /* Project object */;
}
